{
  "version": 4,
  "terraform_version": "1.15.7",
  "serial": 3,
  "lineage": "d11992b8-261a-8247-6563-d2518b07619c",
  "outputs": {},
  "resources": [
    {
      "module": "module.aci",
      "mode": "data",
      "type": "utils_yaml_merge",
      "name": "defaults",
      "provider": "provider[\"registry.terraform.io/netascode/utils\"]",
      "instances": [
        {
          "schema_version": 0,
          "attributes": {
            "id": "8464139886955b36f2dbf216d3b84b7b65525fad",
            "input": [
              "---\r\ndefaults:\r\n  apic:\r\n    version: \"5.2.1g\"\r\n    auto_generate_switch_pod_profiles: false\r\n    auto_generate_pod_profiles: false\r\n    auto_generate_fabric_leaf_switch_interface_profiles: false\r\n    auto_generate_fabric_spine_switch_interface_profiles: false\r\n    auto_generate_access_leaf_switch_interface_profiles: false\r\n    auto_generate_access_spine_switch_interface_profiles: false\r\n    new_interface_configuration: false\r\n    interface_selector_description: false\r\n    bulk_static_ports: false\r\n    fabric_policies:\r\n      leaf_switch_profile_name: \"LEAF\\\\g\u003cid\u003e\"\r\n      leaf_interface_profile_name: \"LEAF\\\\g\u003cid\u003e\"\r\n      leaf_switch_selector_name: \"LEAF\\\\g\u003cid\u003e\"\r\n      leaf_interface_selector_name: \"ETH\\\\g\u003cmod\u003e-\\\\g\u003cport\u003e\"\r\n      spine_switch_profile_name: \"SPINE\\\\g\u003cid\u003e\"\r\n      spine_interface_profile_name: \"SPINE\\\\g\u003cid\u003e\"\r\n      spine_switch_selector_name: \"SPINE\\\\g\u003cid\u003e\"\r\n      spine_interface_selector_name: \"ETH\\\\g\u003cmod\u003e-\\\\g\u003cport\u003e\"\r\n      pod_profile_name: \"POD\\\\g\u003cid\u003e\"\r\n      pod_profile_pod_selector_name: \"POD\\\\g\u003cid\u003e\"\r\n      apic_conn_pref: inband\r\n      banners:\r\n        apic_gui_alias: \"\"\r\n        apic_gui_banner_url: \"\"\r\n        apic_cli_banner: \"\"\r\n        switch_cli_banner: \"\"\r\n        escape_html: true\r\n      ep_loop_protection:\r\n        admin_state: false\r\n        detection_interval: 60\r\n        detection_multiplier: 4\r\n        bd_learn_disable: true\r\n        port_disable: false\r\n      rogue_ep_control:\r\n        admin_state: true\r\n        detection_interval: 30\r\n        detection_multiplier: 10\r\n        hold_interval: 1800\r\n      global_settings:\r\n        domain_validation: true\r\n        enforce_subnet_check: true\r\n        opflex_authentication: false\r\n        disable_remote_endpoint_learn: false\r\n        overlapping_vlan_validation: true\r\n        remote_leaf_direct: true\r\n        reallocate_gipo: false\r\n      port_tracking:\r\n        admin_state: true\r\n        delay: 120\r\n        min_links: 0\r\n        include_apic: false\r\n      ptp:\r\n        admin_state: false\r\n        global_domain: 0\r\n        profile: aes67\r\n        announce_interval: 1\r\n        announce_timeout: 3\r\n        sync_interval: -3\r\n        delay_interval: -2\r\n      ip_aging: true\r\n      ignore_acked_faults: false\r\n      use_infra_gipo: false\r\n      fabric_isis_redistribute_metric: 60\r\n      fabric_isis_bfd: true\r\n      fabric_bgp_rr:\r\n        pod_id: 1\r\n      fabric_bgp_ext_rr:\r\n        pod_id: 1\r\n      date_time_format:\r\n        display_format: local\r\n        timezone: p0_UTC\r\n        show_offset: true\r\n      dns_policies:\r\n        name_suffix: \"\"\r\n        mgmt_epg: inb\r\n        mgmt_epg_oob: default\r\n        providers:\r\n          preferred: false\r\n        domains:\r\n          default: true\r\n      err_disabled_recovery:\r\n        interval: 300\r\n        mcp_loop: false\r\n        ep_move: false\r\n        bpdu_guard: false\r\n      coop_group_policy: strict\r\n      l2_port_mtu: 9000\r\n      pod_policy_groups:\r\n        name_suffix: \"\"\r\n      pod_profiles:\r\n        name_suffix: \"\"\r\n        selectors:\r\n          type: range\r\n          name_suffix: \"\"\r\n          pod_blocks:\r\n            name_suffix: \"\"\r\n      pod_policies:\r\n        date_time_policies:\r\n          name_suffix: \"\"\r\n          ntp_admin_state: true\r\n          ntp_auth_state: false\r\n          apic_ntp_server_state: false\r\n          apic_ntp_server_master_mode: false\r\n          apic_ntp_server_master_stratum: 8\r\n          ntp_servers:\r\n            preferred: true\r\n            mgmt_epg: inb\r\n        snmp_policies:\r\n          name_suffix: \"\"\r\n          admin_state: true\r\n          location: \"\"\r\n          contact: \"\"\r\n          users:\r\n            authorization_type: hmac-sha1-96\r\n            privacy_type: aes-128\r\n          trap_forwarders:\r\n            port: 162\r\n          clients:\r\n            name_suffix: \"\"\r\n        management_access_policies:\r\n          name_suffix: \"\"\r\n          telnet:\r\n            admin_state: false\r\n            port: 23\r\n          ssh:\r\n            admin_state: true\r\n            port: 22\r\n            password_auth: true\r\n            aes128_ctr: true\r\n            aes128_gcm: true\r\n            aes192_ctr: true\r\n            aes256_ctr: true\r\n            aes256_gcm: false\r\n            chacha: true\r\n            hmac_sha1: true\r\n            hmac_sha2_256: true\r\n            hmac_sha2_512: true\r\n            curve25519_sha256: false\r\n            curve25519_sha256_libssh: false\r\n            dh1_sha1: false\r\n            dh14_sha1: false\r\n            dh14_sha256: false\r\n            dh16_sha512: false\r\n            ecdh_sha2_nistp256: false\r\n            ecdh_sha2_nistp384: false\r\n            ecdh_sha2_nistp521: false\r\n          https:\r\n            admin_state: true\r\n            client_cert_auth_state: false\r\n            dh: \"none\"\r\n            port: 443\r\n            key_ring: default\r\n            tlsv1: false\r\n            tlsv1_1: true\r\n            tlsv1_2: true\r\n            tlsv1_3: false\r\n          http:\r\n            admin_state: false\r\n            port: 80\r\n      switch_policies:\r\n        node_control_policies:\r\n          name_suffix: \"\"\r\n          telemetry: telemetry\r\n          dom: true\r\n        psu_policies:\r\n          name_suffix: \"\"\r\n      leaf_switch_policy_groups:\r\n        name_suffix: \"\"\r\n      spine_switch_policy_groups:\r\n        name_suffix: \"\"\r\n      leaf_switch_profiles:\r\n        name_suffix: \"\"\r\n        selectors:\r\n          name_suffix: \"\"\r\n          node_blocks:\r\n            name_suffix: \"\"\r\n      spine_switch_profiles:\r\n        name_suffix: \"\"\r\n        selectors:\r\n          name_suffix: \"\"\r\n          node_blocks:\r\n            name_suffix: \"\"\r\n      leaf_interface_policy_groups:\r\n        name_suffix: \"\"\r\n      spine_interface_policy_groups:\r\n        name_suffix: \"\"\r\n      leaf_interface_profiles:\r\n        name_suffix: \"\"\r\n      spine_interface_profiles:\r\n        name_suffix: \"\"\r\n      external_connectivity_policy:\r\n        name_suffix: \"\"\r\n        fabric_id: 1\r\n        site_id: 1\r\n        peering_type: full_mesh\r\n        route_target: extended:as2-nn4:5:16\r\n        routing_profiles:\r\n          name_suffix: \"\"\r\n      infra_dscp_translation_policy:\r\n        admin_state: false\r\n        control_plane: CS7\r\n        level_1: EF\r\n        level_2: CS3\r\n        level_3: CS0\r\n        level_4: AF11\r\n        level_5: AF21\r\n        level_6: AF31\r\n        policy_plane: CS4\r\n        span: CS1\r\n        traceroute: CS2\r\n      vmware_vmm_domains:\r\n        name_suffix: \"\"\r\n        access_mode: read-write\r\n        delimiter: \"\"\r\n        tag_collection: false\r\n        allocation: dynamic\r\n        vswitch:\r\n          enhanced_lags:\r\n            name_suffix: \"\"\r\n            mode: active\r\n            lb_mode: src-dst-ip\r\n            num_links: 2\r\n        credential_policies:\r\n          name_suffix: \"\"\r\n        vcenters:\r\n          name_suffix: \"\"\r\n          mgmt_epg: inb\r\n          dvs_version: unmanaged\r\n          statistics: false\r\n      aaa:\r\n        remote_user_login_policy: no-login\r\n        default_fallback_check: false\r\n        default_realm: local\r\n        console_realm: local\r\n        security_domains:\r\n          restricted_rbac_domain: false\r\n        management_settings:\r\n          password_strength_check: false\r\n          password_strength_profile:\r\n            password_mininum_length: 8\r\n            password_maximum_length: 64\r\n            password_strength_test_type: default\r\n            password_class_flags:\r\n              - digits\r\n              - lowercase\r\n              - uppercase\r\n          password_change_during_interval: true\r\n          password_change_count: 2\r\n          password_change_interval: 48\r\n          password_no_change_interval: 24\r\n          password_history_count: 5\r\n          web_token_timeout: 600\r\n          web_token_max_validity: 24\r\n          web_session_idle_timeout: 1200\r\n          include_refresh_session_records: true\r\n          enable_login_block: false\r\n          login_block_duration: 60\r\n          login_max_failed_attempts: 5\r\n          login_max_failed_attempts_window: 5\r\n        tacacs_providers:\r\n          protocol: pap\r\n          monitoring: false\r\n          port: 49\r\n          retries: 1\r\n          timeout: 5\r\n          mgmt_epg: inb\r\n        radius_providers:\r\n          protocol: pap\r\n          monitoring: false\r\n          port: 1812\r\n          retries: 1\r\n          timeout: 5\r\n          mgmt_epg: inb\r\n        login_domains:\r\n          auth_choice: CiscoAVPair\r\n          tacacs_providers:\r\n            priority: 0\r\n          ldap_providers:\r\n            priority: 0\r\n          radius_providers:\r\n            priority: 0\r\n        users:\r\n          status: active\r\n          expires: false\r\n          domains:\r\n            roles:\r\n              privilege_type: write\r\n        ca_certificates:\r\n          name_suffix: \"\"\r\n        key_rings:\r\n          name_suffix: \"\"\r\n          modulus: \"mod2048\"\r\n        ldap:\r\n          providers:\r\n            enable_ssl: false\r\n            monitoring_username: default\r\n            server_monitoring: false\r\n            port: 389\r\n            retries: 1\r\n            ssl_validation_level: strict\r\n            timeout: 30\r\n            mgmt_epg: inb\r\n          group_map_rules:\r\n            security_domains:\r\n              roles:\r\n                privilege_type: write\r\n      remote_locations:\r\n        name_suffix: \"\"\r\n        auth_type: password\r\n        path: \"/\"\r\n        mgmt_epg: inb\r\n      geolocation:\r\n        sites:\r\n          name_suffix: \"\"\r\n          buildings:\r\n            name_suffix: \"\"\r\n            floors:\r\n              name_suffix: \"\"\r\n              rooms:\r\n                name_suffix: \"\"\r\n                rows:\r\n                  name_suffix: \"\"\r\n                  racks:\r\n                    name_suffix: \"\"\r\n      schedulers:\r\n        name_suffix: \"\"\r\n        recurring_windows:\r\n          name_suffix: \"\"\r\n          day: \"every-day\"\r\n          hour: 0\r\n          minute: 0\r\n      config_exports:\r\n        name_suffix: \"\"\r\n        format: \"json\"\r\n        snapshot: false\r\n      monitoring:\r\n        snmp_traps:\r\n          name_suffix: \"\"\r\n          destinations:\r\n            port: 162\r\n            version: v2c\r\n            security: priv\r\n            mgmt_epg: inb\r\n        syslogs:\r\n          name_suffix: \"\"\r\n          audit: true\r\n          events: true\r\n          faults: true\r\n          session: false\r\n          minimum_severity: warnings\r\n          format: aci\r\n          show_millisecond: false\r\n          show_timezone: false\r\n          admin_state: true\r\n          local_admin_state: true\r\n          local_severity: information\r\n          console_admin_state: true\r\n          console_severity: alerts\r\n          destinations:\r\n            port: 514\r\n            facility: local7\r\n            severity: warnings\r\n            admin_state: true\r\n            mgmt_epg: inb\r\n      span:\r\n        destination_groups:\r\n          name_suffix: \"\"\r\n          mtu: 1518\r\n          dscp: unspecified\r\n          flow_id: 1\r\n          ttl: 64\r\n          version: 2\r\n          enforce_version: false\r\n        source_groups:\r\n          name_suffix: \"\"\r\n          admin_state: true\r\n          sources:\r\n            name_suffix: \"\"\r\n            direction: both\r\n            span_drop: false\r\n            access_paths:\r\n              module: 1\r\n      smart_licensing:\r\n        mode: \"smart-licensing\"\r\n        url: \"https://tools.cisco.com/its/service/oddce/services/DDCEService\"\r\n        proxy:\r\n          port: \"443\"\r\n      l2_mtu_policies:\r\n        name_suffix: \"\"\r\n        port_mtu_size: 9000\r\n      system_performance:\r\n        admin_state: false\r\n        response_threshold: 85000\r\n        top_slowest_requests: 5\r\n        calculation_window: 300\r\n      interface_policies:\r\n        link_level_policies:\r\n          name_suffix: \"\"\r\n          link_debounce_interval: 0\r\n      sr_mpls_global_configuration:\r\n        sr_global_block_minimum: 16000\r\n        sr_global_block_maximum: 23999\r\n\r\n    access_policies:\r\n      leaf_switch_profile_name: \"LEAF\\\\g\u003cid\u003e\"\r\n      leaf_interface_profile_name: \"LEAF\\\\g\u003cid\u003e\"\r\n      leaf_switch_selector_name: \"LEAF\\\\g\u003cid\u003e\"\r\n      leaf_interface_selector_name: \"ETH\\\\g\u003cmod\u003e-\\\\g\u003cport\u003e\"\r\n      leaf_interface_selector_sub_port_name: \"ETH\\\\g\u003cmod\u003e-\\\\g\u003cport\u003e-\\\\g\u003csport\u003e\"\r\n      fex_profile_name: \"LEAF\\\\g\u003cid\u003e-FEX\\\\g\u003cfex\u003e\"\r\n      fex_interface_selector_name: \"ETH\\\\g\u003cmod\u003e-\\\\g\u003cport\u003e\"\r\n      spine_switch_profile_name: \"SPINE\\\\g\u003cid\u003e\"\r\n      spine_interface_profile_name: \"SPINE\\\\g\u003cid\u003e\"\r\n      spine_switch_selector_name: \"SPINE\\\\g\u003cid\u003e\"\r\n      spine_interface_selector_name: \"ETH\\\\g\u003cmod\u003e-\\\\g\u003cport\u003e\"\r\n      vpc_group_name: \"VPC\\\\g\u003cswitch1_id\u003e-\\\\g\u003cswitch2_id\u003e\"\r\n      vlan_pools:\r\n        name_suffix: \"\"\r\n        allocation: static\r\n        ranges:\r\n          allocation: inherit\r\n          role: external\r\n      physical_domains:\r\n        name_suffix: \"\"\r\n        allocation: static\r\n      routed_domains:\r\n        name_suffix: \"\"\r\n        allocation: static\r\n      aaeps:\r\n        name_suffix: \"\"\r\n        infra_vlan: false\r\n        endpoint_groups:\r\n          mode: regular\r\n          deployment_immediacy: lazy\r\n      ptp_profiles:\r\n        announce_interval: 1\r\n        announce_timeout: 3\r\n        delay_interval: -3\r\n        sync_interval: -3\r\n        priority: 128\r\n        template: aes67\r\n        forwardable: true\r\n        mismatch_handling: configured\r\n      dhcp_relay_policies:\r\n        name_suffix: \"\"\r\n      switch_policies:\r\n        vpc_policies:\r\n          name_suffix: \"\"\r\n          peer_dead_interval: 200\r\n        forwarding_scale_policies:\r\n          name_suffix: \"\"\r\n          profile: dual-stack\r\n        mst_policies:\r\n          name_suffix: \"\"\r\n        bfd_ipv4_policies:\r\n          name_suffix: \"\"\r\n          detection_multiplier: 3\r\n          min_transmit_interval: 50\r\n          min_receive_interval: 50\r\n          slow_timer_interval: 2000\r\n          echo_receive_interval: 50\r\n          echo_frame_source_address: 0.0.0.0\r\n        bfd_ipv6_policies:\r\n          name_suffix: \"\"\r\n          detection_multiplier: 3\r\n          min_transmit_interval: 50\r\n          min_receive_interval: 50\r\n          slow_timer_interval: 2000\r\n          echo_receive_interval: 50\r\n          echo_frame_source_address: 0.0.0.0\r\n      spine_switch_policy_groups:\r\n        name_suffix: \"\"\r\n      leaf_switch_policy_groups:\r\n        name_suffix: \"\"\r\n      leaf_switch_profiles:\r\n        name_suffix: \"\"\r\n        selectors:\r\n          name_suffix: \"\"\r\n          node_blocks:\r\n            name_suffix: \"\"\r\n      spine_switch_profiles:\r\n        name_suffix: \"\"\r\n        selectors:\r\n          name_suffix: \"\"\r\n          node_blocks:\r\n            name_suffix: \"\"\r\n      interface_policies:\r\n        cdp_policies:\r\n          name_suffix: \"\"\r\n        lldp_policies:\r\n          name_suffix: \"\"\r\n        link_level_policies:\r\n          name_suffix: \"\"\r\n          speed: inherit\r\n          auto: true\r\n          fec_mode: inherit\r\n        port_channel_policies:\r\n          name_suffix: \"\"\r\n          min_links: 1\r\n          max_links: 16\r\n          suspend_individual: true\r\n          graceful_convergence: true\r\n          fast_select_standby: true\r\n          load_defer: false\r\n          symmetric_hash: false\r\n        port_channel_member_policies:\r\n          name_suffix: \"\"\r\n          priority: 32768\r\n          rate: normal\r\n        l2_policies:\r\n          name_suffix: \"\"\r\n          vlan_scope: global\r\n          qinq: disabled\r\n          reflective_relay: false\r\n        mcp_policies:\r\n          name_suffix: \"\"\r\n        storm_control_policies:\r\n          name_suffix: \"\"\r\n          broadcast_burst_pps: unspecified\r\n          broadcast_pps: unspecified\r\n          broadcast_burst_rate: \"100.000000\"\r\n          broadcast_rate: \"100.000000\"\r\n          multicast_burst_pps: unspecified\r\n          multicast_pps: unspecified\r\n          multicast_burst_rate: \"100.000000\"\r\n          multicast_rate: \"100.000000\"\r\n          unknown_unicast_burst_pps: unspecified\r\n          unknown_unicast_pps: unspecified\r\n          unknown_unicast_burst_rate: \"100.000000\"\r\n          unknown_unicast_rate: \"100.000000\"\r\n          action: drop\r\n          rate: \"100.000000\"\r\n          rate_pps: unspecified\r\n          burst_rate: \"100.000000\"\r\n          burst_pps: unspecified\r\n        spanning_tree_policies:\r\n          name_suffix: \"\"\r\n          bpdu_guard: false\r\n          bpdu_filter: false\r\n        netflow_exporters:\r\n          name_suffix: \"\"\r\n          source_type: custom-src-ip\r\n          source_ip: 0.0.0.0\r\n          dscp: CS2\r\n        netflow_vmm_exporters:\r\n          name_suffix: \"\"\r\n          source_ip: 0.0.0.0\r\n        netflow_monitors:\r\n          name_suffix: \"\"\r\n        netflow_records:\r\n          name_suffix: \"\"\r\n        macsec_parameters_policies:\r\n          name_suffix: \"\"\r\n          cipher_suite: gcm-aes-xpn-256\r\n          confidentiality_offset: offset-0\r\n          key_server_priority: 16\r\n          window_size: 64\r\n          key_expiry_time: disabled\r\n          security_policy: should-secure\r\n        macsec_keychain_policies:\r\n          name_suffix: \"\"\r\n          key_policies:\r\n            start_time: now\r\n            end_time: infinite\r\n        macsec_interfaces_policies:\r\n          name_suffix: \"\"\r\n          admin_state: true\r\n      leaf_interface_policy_groups:\r\n        name_suffix: \"\"\r\n        map: none\r\n        netflow_monitor_policies:\r\n          ip_filter_type: ipv4\r\n      spine_interface_policy_groups:\r\n        name_suffix: \"\"\r\n      spine_interface_profiles:\r\n        name_suffix: \"\"\r\n        selectors:\r\n          name_suffix: \"\"\r\n          port_blocks:\r\n            name_suffix: \"\"\r\n            from_module: 1\r\n      leaf_interface_profiles:\r\n        name_suffix: \"\"\r\n        selectors:\r\n          name_suffix: \"\"\r\n          port_blocks:\r\n            name_suffix: \"\"\r\n            from_module: 1\r\n          sub_port_blocks:\r\n            name_suffix: \"\"\r\n            from_module: 1\r\n      fex_interface_profiles:\r\n        name_suffix: \"\"\r\n        selectors:\r\n          name_suffix: \"\"\r\n          port_blocks:\r\n            name_suffix: \"\"\r\n            from_module: 1\r\n      mcp:\r\n        admin_state: true\r\n        per_vlan: true\r\n        action: true\r\n        key: cisco\r\n        loop_detection: 3\r\n        initial_delay: 180\r\n        frequency_sec: 2\r\n        frequency_msec: 0\r\n      qos:\r\n        preserve_cos: false\r\n        qos_classes:\r\n          - level: 1\r\n            admin_state: true\r\n            mtu: 9216\r\n            scheduling: wrr\r\n            bandwidth_percent: 20\r\n            congestion_algorithm: tail-drop\r\n            minimum_buffer: 0\r\n            pfc_state: false\r\n            no_drop_cos: \"\"\r\n            pfc_scope: tor\r\n            ecn: false\r\n            forward_non_ecn: false\r\n            wred_max_threshold: 100\r\n            wred_min_threshold: 0\r\n            wred_probability: 0\r\n            weight: 0\r\n          - level: 2\r\n            admin_state: true\r\n            mtu: 9216\r\n            scheduling: wrr\r\n            bandwidth_percent: 20\r\n            congestion_algorithm: tail-drop\r\n            minimum_buffer: 0\r\n            pfc_state: false\r\n            no_drop_cos: \"\"\r\n            pfc_scope: tor\r\n            ecn: false\r\n            forward_non_ecn: false\r\n            wred_max_threshold: 100\r\n            wred_min_threshold: 0\r\n            wred_probability: 0\r\n            weight: 0\r\n          - level: 3\r\n            admin_state: true\r\n            mtu: 9216\r\n            scheduling: wrr\r\n            bandwidth_percent: 20\r\n            congestion_algorithm: tail-drop\r\n            minimum_buffer: 0\r\n            pfc_state: false\r\n            no_drop_cos: \"\"\r\n            pfc_scope: tor\r\n            ecn: false\r\n            forward_non_ecn: false\r\n            wred_max_threshold: 100\r\n            wred_min_threshold: 0\r\n            wred_probability: 0\r\n            weight: 0\r\n          - level: 4\r\n            admin_state: true\r\n            mtu: 9216\r\n            scheduling: wrr\r\n            bandwidth_percent: 0\r\n            congestion_algorithm: tail-drop\r\n            minimum_buffer: 0\r\n            pfc_state: false\r\n            no_drop_cos: \"\"\r\n            pfc_scope: tor\r\n            ecn: false\r\n            forward_non_ecn: false\r\n            wred_max_threshold: 100\r\n            wred_min_threshold: 0\r\n            wred_probability: 0\r\n            weight: 0\r\n          - level: 5\r\n            admin_state: true\r\n            mtu: 9216\r\n            scheduling: wrr\r\n            bandwidth_percent: 0\r\n            congestion_algorithm: tail-drop\r\n            minimum_buffer: 0\r\n            pfc_state: false\r\n            no_drop_cos: \"\"\r\n            pfc_scope: tor\r\n            ecn: false\r\n            forward_non_ecn: false\r\n            wred_max_threshold: 100\r\n            wred_min_threshold: 0\r\n            wred_probability: 0\r\n            weight: 0\r\n          - level: 6\r\n            admin_state: true\r\n            mtu: 9216\r\n            scheduling: wrr\r\n            bandwidth_percent: 0\r\n            congestion_algorithm: tail-drop\r\n            minimum_buffer: 0\r\n            pfc_state: false\r\n            no_drop_cos: \"\"\r\n            pfc_scope: tor\r\n            ecn: false\r\n            forward_non_ecn: false\r\n            wred_max_threshold: 100\r\n            wred_min_threshold: 0\r\n            wred_probability: 0\r\n            weight: 0\r\n      span:\r\n        destination_groups:\r\n          name_suffix: \"\"\r\n          mtu: 1518\r\n          module: 1\r\n          dscp: unspecified\r\n          flow_id: 1\r\n          ttl: 64\r\n          version: 2\r\n          enforce_version: false\r\n        source_groups:\r\n          name_suffix: \"\"\r\n          admin_state: true\r\n          sources:\r\n            name_suffix: \"\"\r\n            direction: \"both\"\r\n            span_drop: false\r\n            access_paths:\r\n              module: 1\r\n              pod_id: 1\r\n        filter_groups:\r\n          name_suffix: \"\"\r\n          entries:\r\n            name_suffix: \"\"\r\n            destination_from_port: unspecified\r\n            source_from_port: unspecified\r\n            ip_protocol: unspecified\r\n      vspan:\r\n        destination_groups:\r\n          name_suffix: \"\"\r\n          destinations:\r\n            name_suffix: \"\"\r\n            mtu: 1518\r\n            flow_id: 1\r\n            ttl: 64\r\n            dscp: unspecified\r\n        sessions:\r\n          name_suffix: \"\"\r\n          admin_state: true\r\n          sources:\r\n            name_suffix: \"\"\r\n            direction: both\r\n            access_paths:\r\n              module: 1\r\n    node_policies:\r\n      oob_endpoint_group: default\r\n      inb_endpoint_group: default\r\n      update_groups:\r\n        name_suffix: \"\"\r\n        scheduler: default\r\n      vpc_groups:\r\n        mode: explicit\r\n      nodes:\r\n        pod: 1\r\n        set_role: false\r\n\r\n    interface_policies:\r\n      nodes:\r\n        interfaces:\r\n          module: 1\r\n          fabric: false\r\n          shutdown: false\r\n          sub_ports:\r\n            shutdown: false\r\n        fexes:\r\n          interfaces:\r\n            module: 1\r\n            shutdown: false\r\n\r\n    tenants:\r\n      managed: true\r\n      ndo_managed: false\r\n      vrfs:\r\n        name_suffix: \"\"\r\n        ndo_managed: false\r\n        data_plane_learning: true\r\n        enforcement_direction: ingress\r\n        enforcement_preference: enforced\r\n        leaked_internal_prefixes:\r\n          public: false\r\n        pim:\r\n          mtu: 1500\r\n          bsr_forward_updates: false\r\n          bsr_listen_updates: false\r\n          auto_rp_forward_updates: false\r\n          auto_rp_listen_updates: false\r\n          fast_convergence: false\r\n          strict_rfc: false\r\n          max_multicast_entries: unlimited\r\n          reserved_multicast_entries: undefined\r\n          asm_sg_expiry: default-timeout\r\n          asm_traffic_registry_max_rate: 65535\r\n          asm_traffic_registry_source_ip: \"0.0.0.0\"\r\n        preferred_group: false\r\n        route_summarization_policies:\r\n          name_suffix: \"\"\r\n          nodes:\r\n            pod: 1\r\n      bridge_domains:\r\n        name_suffix: \"\"\r\n        ndo_managed: false\r\n        mac: 00:22:BD:F8:19:FF\r\n        ep_move_detection: false\r\n        arp_flooding: true\r\n        ip_dataplane_learning: true\r\n        clear_remote_mac_entries: false\r\n        limit_ip_learn_to_subnets: true\r\n        multi_destination_flooding: bd-flood\r\n        unknown_unicast: flood\r\n        unknown_ipv4_multicast: flood\r\n        unknown_ipv6_multicast: flood\r\n        unicast_routing: true\r\n        advertise_host_routes: false\r\n        l3_multicast: false\r\n        multicast_arp_drop: false\r\n        dhcp_labels:\r\n          scope: tenant\r\n        subnets:\r\n          primary_ip: false\r\n          public: false\r\n          shared: false\r\n          virtual: false\r\n          igmp_querier: false\r\n          nd_ra_prefix: true\r\n          no_default_gateway: false\r\n      l3outs:\r\n        name_suffix: \"\"\r\n        ndo_managed: false\r\n        target_dscp: unspecified\r\n        qos_class: unspecified\r\n        import_route_control_enforcement: false\r\n        export_route_control_enforcement: true\r\n        ospf:\r\n          auth_key_id: 1\r\n          auth_type: none\r\n          area_cost: 1\r\n          area_type: regular\r\n          area_control_redistribute: true\r\n          area_control_summary: true\r\n          area_control_suppress_fa: false\r\n        bgp_peers:\r\n          allow_self_as: false\r\n          as_override: false\r\n          disable_peer_as_check: false\r\n          next_hop_self: false\r\n          send_community: false\r\n          send_ext_community: false\r\n          allowed_self_as_count: 3\r\n          ttl: 1\r\n          weight: 0\r\n          bfd: false\r\n          disable_connected_check: false\r\n          remove_all_private_as: false\r\n          remove_private_as: false\r\n          replace_private_as_with_local_as: false\r\n          unicast_address_family: true\r\n          multicast_address_family: true\r\n          admin_state: true\r\n          as_propagate: none\r\n        redistribution_route_maps:\r\n          source: static\r\n        dhcp_labels:\r\n          scope: infra\r\n        nodes:\r\n          pod: 1\r\n          router_id_as_loopback: true\r\n          static_routes:\r\n            preference: 1\r\n            bfd: false\r\n            next_hops:\r\n              preference: 1\r\n              type: prefix\r\n          interfaces:\r\n            pod: 1\r\n            module: 1\r\n            svi: false\r\n            multipod_direct: false\r\n            autostate: false\r\n            floating_svi: false\r\n            ip: 0.0.0.0\r\n            mac: 00:22:BD:F8:19:FF\r\n            mtu: inherit\r\n            mode: regular\r\n            scope: local\r\n            bgp_peers:\r\n              allow_self_as: false\r\n              as_override: false\r\n              disable_peer_as_check: false\r\n              next_hop_self: false\r\n              send_community: false\r\n              send_ext_community: false\r\n              allowed_self_as_count: 3\r\n              ttl: 1\r\n              weight: 0\r\n              bfd: false\r\n              disable_connected_check: false\r\n              remove_all_private_as: false\r\n              remove_private_as: false\r\n              replace_private_as_with_local_as: false\r\n              unicast_address_family: true\r\n              multicast_address_family: true\r\n              admin_state: true\r\n              as_propagate: none\r\n            micro_bfd:\r\n              start_timer: 0\r\n        node_profiles:\r\n          name_suffix: \"\"\r\n          bgp_peers:\r\n            allow_self_as: false\r\n            as_override: false\r\n            disable_peer_as_check: false\r\n            next_hop_self: false\r\n            send_community: false\r\n            send_ext_community: false\r\n            allowed_self_as_count: 3\r\n            ttl: 1\r\n            weight: 0\r\n            bfd: false\r\n            disable_connected_check: false\r\n            remove_all_private_as: false\r\n            remove_private_as: false\r\n            replace_private_as_with_local_as: false\r\n            unicast_address_family: true\r\n            multicast_address_family: true\r\n            admin_state: true\r\n            as_propagate: none\r\n          nodes:\r\n            pod: 1\r\n            router_id_as_loopback: true\r\n            static_routes:\r\n              preference: 1\r\n              bfd: false\r\n              next_hops:\r\n                preference: 1\r\n                type: prefix\r\n          interface_profiles:\r\n            name_suffix: \"\"\r\n            target_dscp: unspecified\r\n            qos_class: unspecified\r\n            ospf:\r\n              auth_key_id: 1\r\n              auth_type: none\r\n            dhcp_labels:\r\n              scope: infra\r\n            interfaces:\r\n              pod: 1\r\n              module: 1\r\n              svi: false\r\n              autostate: false\r\n              floating_svi: false\r\n              multipod_direct: false\r\n              ip: 0.0.0.0\r\n              mac: 00:22:BD:F8:19:FF\r\n              mtu: inherit\r\n              mode: regular\r\n              scope: local\r\n              bgp_peers:\r\n                allow_self_as: false\r\n                as_override: false\r\n                disable_peer_as_check: false\r\n                next_hop_self: false\r\n                send_community: false\r\n                send_ext_community: false\r\n                allowed_self_as_count: 3\r\n                ttl: 1\r\n                weight: 0\r\n                bfd: false\r\n                disable_connected_check: false\r\n                remove_all_private_as: false\r\n                remove_private_as: false\r\n                replace_private_as_with_local_as: false\r\n                unicast_address_family: true\r\n                multicast_address_family: true\r\n                admin_state: true\r\n                as_propagate: none\r\n              micro_bfd:\r\n                start_timer: 0\r\n        external_endpoint_groups:\r\n          name_suffix: \"\"\r\n          ndo_managed: false\r\n          preferred_group: false\r\n          qos_class: unspecified\r\n          target_dscp: unspecified\r\n          route_control_profiles:\r\n            name_suffix: \"\"\r\n            direction: import\r\n          subnets:\r\n            ndo_managed: false\r\n            import_route_control: false\r\n            export_route_control: false\r\n            shared_route_control: false\r\n            import_security: true\r\n            shared_security: false\r\n            aggregate_import_route_control: false\r\n            aggregate_export_route_control: false\r\n            aggregate_shared_route_control: false\r\n            bgp_route_summarization: false\r\n            ospf_route_summarization: false\r\n            eigrp_route_summarization: false\r\n            route_control_profiles:\r\n              name_suffix: \"\"\r\n              direction: import\r\n        import_route_map:\r\n          type: global\r\n          contexts:\r\n            name_suffix: \"\"\r\n            action: permit\r\n            order: 0\r\n        export_route_map:\r\n          type: global\r\n          contexts:\r\n            name_suffix: \"\"\r\n            action: permit\r\n            order: 0\r\n        default_route_leak_policy:\r\n          always: false\r\n          criteria: \"only\"\r\n          context_scope: false\r\n          outside_scope: true\r\n        l3_multicast_ipv4: false\r\n        multipod: true\r\n        remote_leaf: false\r\n      application_profiles:\r\n        name_suffix: \"\"\r\n        ndo_managed: false\r\n        managed: true\r\n        endpoint_groups:\r\n          name_suffix: \"\"\r\n          ndo_managed: false\r\n          flood_in_encap: false\r\n          intra_epg_isolation: false\r\n          proxy_arp: false\r\n          preferred_group: false\r\n          qos_class: unspecified\r\n          vmware_vmm_domains:\r\n            name_suffix: \"\"\r\n            u_segmentation: false\r\n            delimiter: \"\"\r\n            netflow: false\r\n            deployment_immediacy: lazy\r\n            resolution_immediacy: pre-provision\r\n            allow_promiscuous: reject\r\n            forged_transmits: reject\r\n            mac_changes: reject\r\n          static_ports:\r\n            module: 1\r\n            mode: regular\r\n            deployment_immediacy: lazy\r\n            ptp:\r\n              mode: multicast\r\n              source_ip: 0.0.0.0\r\n          static_leafs:\r\n            mode: regular\r\n            deployment_immediacy: lazy\r\n          static_endpoints:\r\n            name_suffix: \"\"\r\n            ip: \"0.0.0.0\"\r\n            module: 1\r\n          subnets:\r\n            primary_ip: false\r\n            public: false\r\n            shared: false\r\n            igmp_querier: false\r\n            nd_ra_prefix: true\r\n            no_default_gateway: false\r\n            virtual: false\r\n            nlb_group: 0.0.0.0\r\n            nlb_mac: 00:00:00:00:00:00\r\n            ip_pools:\r\n              name_suffix: \"\"\r\n              start_ip: 0.0.0.0\r\n              end_ip: 0.0.0.0\r\n        useg_endpoint_groups:\r\n          name_suffix: \"\"\r\n          flood_in_encap: false\r\n          intra_epg_isolation: false\r\n          preferred_group: false\r\n          qos_class: level3\r\n          vmware_vmm_domains:\r\n            name_suffix: \"\"\r\n            deployment_immediacy: immediate\r\n            netflow: false\r\n          useg_attributes:\r\n            match_type: any\r\n            ip_statements:\r\n              use_epg_subnet: true\r\n          subnets:\r\n            primary_ip: false\r\n            public: false\r\n            shared: false\r\n            igmp_querier: false\r\n            nd_ra_prefix: true\r\n            no_default_gateway: false\r\n            virtual: false\r\n            nlb_group: 0.0.0.0\r\n            nlb_mac: 00:00:00:00:00:00\r\n            ip_pools:\r\n              name_suffix: \"\"\r\n              start_ip: 0.0.0.0\r\n              end_ip: 0.0.0.0\r\n        endpoint_security_groups:\r\n          name_suffix: \"\"\r\n          shutdown: false\r\n          intra_esg_isolation: false\r\n          preferred_group: false\r\n          tag_selectors:\r\n            operator: equals\r\n      inb_endpoint_groups:\r\n        name_suffix: \"\"\r\n      oob_endpoint_groups:\r\n        name_suffix: \"\"\r\n        name: default\r\n      ext_mgmt_instances:\r\n        name_suffix: \"\"\r\n      sr_mpls_l3outs:\r\n        name_suffix: \"\"\r\n        transport_data_plane: sr_mpls\r\n        node_profiles:\r\n          name_suffix: \"\"\r\n          evpn_connectivity:\r\n            allow_self_as: false\r\n            disable_peer_as_check: false\r\n            ttl: 2\r\n            bfd: false\r\n            admin_state: true\r\n            as_propagate: none\r\n          nodes:\r\n            pod_id: 1\r\n          interface_profiles:\r\n            name_suffix: \"\"\r\n            interfaces:\r\n              pod_id: 1\r\n              module: 1\r\n              mac: 00:22:BD:F8:19:FF\r\n              mtu: inherit\r\n              bgp_peers:\r\n                allow_self_as: false\r\n                send_community: false\r\n                send_ext_community: false\r\n                bfd: false\r\n                unicast_address_family: true\r\n                admin_state: true\r\n                as_propagate: none\r\n        external_endpoint_groups:\r\n          name_suffix: \"\"\r\n          preferred_group: false\r\n          subnets:\r\n            route_leaking: false\r\n            security: false\r\n            aggregate_shared_route_control: false\r\n      contracts:\r\n        name_suffix: \"\"\r\n        scope: context\r\n        qos_class: unspecified\r\n        target_dscp: unspecified\r\n        subjects:\r\n          name_suffix: \"\"\r\n          qos_class: unspecified\r\n          target_dscp: unspecified\r\n          filters:\r\n            action: permit\r\n            priority: default\r\n            log: false\r\n            no_stats: false\r\n      imported_contracts:\r\n        name_suffix: \"\"\r\n      oob_contracts:\r\n        name_suffix: \"\"\r\n        scope: context\r\n        subjects:\r\n          name_suffix: \"\"\r\n      filters:\r\n        name_suffix: \"\"\r\n        entries:\r\n          name_suffix: \"\"\r\n          ethertype: ip\r\n          protocol: tcp\r\n          source_from_port: unspecified\r\n          destination_from_port: unspecified\r\n          stateful: false\r\n      policies:\r\n        custom_qos:\r\n          name_suffix: \"\"\r\n        ospf_interface_policies:\r\n          name_suffix: \"\"\r\n          cost: unspecified\r\n          passive_interface: false\r\n          mtu_ignore: false\r\n          advertise_subnet: false\r\n          bfd: false\r\n          hello_interval: 10\r\n          dead_interval: 40\r\n          network_type: p2p\r\n          priority: 1\r\n          lsa_retransmit_interval: 5\r\n          lsa_transmit_delay: 1\r\n        eigrp_interface_policies:\r\n          name_suffix: \"\"\r\n          bfd: false\r\n          self_nexthop: true\r\n          passive_interface: false\r\n          split_horizon: true\r\n          hello_interval: 5\r\n          hold_interval: 15\r\n          bandwidth: 0\r\n          delay: 0\r\n          delay_unit: tens-of-micro\r\n        ospf_timer_policies:\r\n          name_suffix: \"\"\r\n          reference_bandwidth: 40000\r\n          distance: 110\r\n          max_ecmp: 8\r\n          graceful_restart: false\r\n          router_id_lookup: false\r\n          prefix_suppression: false\r\n          spf_init_interval: 200\r\n          spf_hold_interval: 1000\r\n          spf_max_interval: 5000\r\n          lsa_group_pacing_interval: 10\r\n          lsa_start_interval: 0\r\n          lsa_hold_interval: 5000\r\n          lsa_max_interval: 5000\r\n          lsa_arrival_interval: 1000\r\n          max_lsa_num: 20000\r\n          max_lsa_threshold: 75\r\n          max_lsa_action: \"reject\"\r\n          max_lsa_reset_interval: 10\r\n          max_lsa_sleep_count: 5\r\n          max_lsa_sleep_interval: 5\r\n        bgp_best_path_policies:\r\n          name_suffix: \"\"\r\n          control_type: \"\"\r\n        bgp_route_summarization_policies:\r\n          name_suffix: \"\"\r\n          as_set: false\r\n          summary_only: false\r\n          af_mcast: false\r\n          af_ucast: true\r\n        bgp_timer_policies:\r\n          name_suffix: \"\"\r\n          keepalive_interval: 60\r\n          hold_interval: 180\r\n          stale_interval: default\r\n          graceful_restart_helper: true\r\n          maximum_as_limit: 0\r\n        bgp_peer_prefix_policies:\r\n          name_suffix: \"\"\r\n          action: \"reject\"\r\n          max_prefixes: 20000\r\n          threshold: 75\r\n          restart_time: 65534\r\n        bgp_address_family_context_policies:\r\n          name_suffix: \"\"\r\n          ebgp_distance: 20\r\n          ibgp_distance: 200\r\n          local_distance: 220\r\n          ebgp_max_ecmp: 16\r\n          ibgp_max_ecmp: 16\r\n          enable_host_route_leak: false\r\n        dhcp_relay_policies:\r\n          name_suffix: \"\"\r\n        dhcp_option_policies:\r\n          name_suffix: \"\"\r\n          options:\r\n            name_suffix: \"\"\r\n        route_tag_policies:\r\n          name_suffix: \"\"\r\n          tag: 4294967295\r\n        route_control_route_maps:\r\n          name_suffix: \"\"\r\n          type: combinable\r\n          contexts:\r\n            name_suffix: \"\"\r\n            action: \"permit\"\r\n            order: 0\r\n        match_rules:\r\n          name_suffix: \"\"\r\n          regex_community_terms:\r\n            name_suffix: \"\"\r\n            type: \"regular\"\r\n          community_terms:\r\n            name_suffix: \"\"\r\n            factors:\r\n              scope: \"transitive\"\r\n          prefixes:\r\n            aggregate: false\r\n            from_length: 0\r\n            to_length: 0\r\n        set_rules:\r\n          name_suffix: \"\"\r\n          community_mode: \"append\"\r\n          dampening:\r\n            half_life: 15\r\n            max_suppress_time: 60\r\n            reuse_limit: 750\r\n            suppress_limit: 2000\r\n          set_as_paths:\r\n            criteria: \"prepend\"\r\n            count: 0\r\n            asns:\r\n              order: 0\r\n          next_hop_propagation: false\r\n          multipath: false\r\n        bfd_interface_policies:\r\n          name_suffix: \"\"\r\n          subinterface_optimization: false\r\n          detection_multiplier: 3\r\n          echo_admin_state: true\r\n          echo_rx_interval: 50\r\n          min_rx_interval: 50\r\n          min_tx_interval: 50\r\n        igmp_snooping_policies:\r\n          name_suffix: \"\"\r\n          admin_state: true\r\n          last_member_query_interval: 1\r\n          query_interval: 125\r\n          query_response_interval: 10\r\n          start_query_count: 2\r\n          start_query_interval: 31\r\n          fast_leave: false\r\n          querier: false\r\n        multicast_route_maps:\r\n          name_suffix: \"\"\r\n          entries:\r\n            source_ip: \"0.0.0.0\"\r\n            group_ip: \"0.0.0.0\"\r\n            rp_ip: \"0.0.0.0\"\r\n            action: \"permit\"\r\n        pim_policies:\r\n          name_suffix: \"\"\r\n          auth_type: \"none\"\r\n          designated_router_delay: 3\r\n          designated_router_priority: 1\r\n          hello_interval: 30000\r\n          join_prune_interval: 60\r\n          mcast_dom_boundary: false\r\n          passive: false\r\n          strict_rfc: false\r\n        igmp_interface_policies:\r\n          name_suffix: \"\"\r\n          grp_timeout: 260\r\n          allow_v3_asm: false\r\n          fast_leave: false\r\n          report_link_local_groups: false\r\n          last_member_count: 2\r\n          last_member_response_time: 1\r\n          querier_timeout: 255\r\n          query_interval: 125\r\n          robustness_variable: 2\r\n          query_response_interval: 25\r\n          startup_query_count: 2\r\n          startup_query_interval: 31\r\n          version: \"v2\"\r\n          max_mcast_entries: unlimited\r\n          reserved_mcast_entries: undefined\r\n        qos:\r\n          name_suffix: \"\"\r\n          dscp_priority_maps:\r\n            priority: level3\r\n            dscp_target: unspecified\r\n            cos_target: unspecified\r\n          dot1p_classifiers:\r\n            priority: level3\r\n            dscp_target: unspecified\r\n            cos_target: unspecified\r\n        ip_sla_policies:\r\n          name_suffix: \"\"\r\n          multiplier: 3\r\n          frequency: 60\r\n          sla_type: icmp\r\n          port: 0\r\n        trust_control_policies:\r\n          name_suffix: \"\"\r\n          dhcp_v4_server: false\r\n          dhcp_v6_server: false\r\n          ipv6_router: false\r\n          arp: false\r\n          nd: false\r\n          ra: false\r\n        span:\r\n          source_groups:\r\n            name_suffix: \"\"\r\n            admin_state: false\r\n            sources:\r\n              direction: both\r\n          destination_groups:\r\n            name_suffix: \"\"\r\n            dscp: unspecified\r\n            flow_id: 1\r\n            mtu: 1518\r\n            ttl: 64\r\n            version: 2\r\n            enforce_version: false\r\n        mpls_custom_qos_policies:\r\n          name_suffix: \"\"\r\n          ingress_rules:\r\n            priority: unspecified\r\n            dscp_target: unspecified\r\n            cos_target: unspecified\r\n          egress_rules:\r\n            cos_target: unspecified\r\n            exp_target: unspecified\r\n        bfd_multihop_node_policies:\r\n          name_suffix: \"\"\r\n          detection_multiplier: 3\r\n          min_rx_interval: 250\r\n          min_tx_interval: 250\r\n        nd_interface_policies:\r\n          name_suffix: \"\"\r\n          hop_limit: 64\r\n          ns_tx_interval: 1000\r\n          mtu: 9000\r\n          retransmit_retry_count: 3\r\n          nud_retransmit_base: 1\r\n          nud_retransmit_interval: 1000\r\n          nud_retransmit_count: 3\r\n          route_advertise_interval: 600\r\n          router_lifetime: 1800\r\n          reachable_time: 0\r\n          retransmit_timer: 0\r\n        nd_ra_prefix_policies:\r\n          name_suffix: \"\"\r\n          valid_lifetime: 2592000\r\n          preferred_lifetime: 604800\r\n          auto_configuration: true\r\n          on_link: true\r\n          router_address: false\r\n        track_lists:\r\n          name_suffix: \"\"\r\n          type: percentage\r\n          percentage_up: 0\r\n          percentage_down: 1\r\n          weight_up: 0\r\n          weight_down: 1\r\n      services:\r\n        l4l7_devices:\r\n          name_suffix: \"\"\r\n          context_aware: single-Context\r\n          type: PHYSICAL\r\n          function: GoTo\r\n          copy_device: false\r\n          managed: false\r\n          promiscuous_mode: false\r\n          service_type: FW\r\n          trunking: false\r\n          active_active: false\r\n          concrete_devices:\r\n            name_suffix: \"\"\r\n            interfaces:\r\n              name_suffix: \"\"\r\n              module: 1\r\n          logical_interfaces:\r\n            name_suffix: \"\"\r\n            concrete_interfaces:\r\n              name_suffix: \"\"\r\n        redirect_policies:\r\n          name_suffix: \"\"\r\n          type: L3\r\n          anycast: false\r\n          hashing: sip-dip-prototype\r\n          threshold: false\r\n          max_threshold: 0\r\n          min_threshold: 0\r\n          threshold_down_action: permit\r\n          resilient_hashing: false\r\n          pod_aware: false\r\n          l3_destinations:\r\n            pod: 1\r\n        redirect_backup_policies:\r\n          name_suffix: \"\"\r\n          l3_destinations:\r\n            ip_2: \"0.0.0.0\"\r\n        service_epg_policies:\r\n          name_suffix: \"\"\r\n          preferred_group: false\r\n        redirect_health_groups:\r\n          name_suffix: \"\"\r\n        service_graph_templates:\r\n          name_suffix: \"\"\r\n          ndo_managed: false\r\n          template_type: FW_ROUTED\r\n          redirect: false\r\n          share_encapsulation: false\r\n          consumer:\r\n            direct_connect: false\r\n          provider:\r\n            direct_connect: false\r\n        device_selection_policies:\r\n          consumer:\r\n            l3_destination: true\r\n            permit_logging: false\r\n            external_endpoint_group:\r\n              redistribute:\r\n                bgp: false\r\n                ospf: false\r\n                connected: false\r\n                static: false\r\n          provider:\r\n            l3_destination: true\r\n            permit_logging: false\r\n            external_endpoint_group:\r\n              redistribute:\r\n                bgp: false\r\n                ospf: false\r\n                connected: false\r\n                static: false\r\n          copy_service:\r\n            l3_destination: true\r\n            permit_logging: false\r\n",
              "\"defaults\": {}\n"
            ],
            "merge_list_items": true,
            "output": "defaults:\n  apic:\n    version: 5.2.1g\n    auto_generate_switch_pod_profiles: false\n    auto_generate_pod_profiles: false\n    auto_generate_fabric_leaf_switch_interface_profiles: false\n    auto_generate_fabric_spine_switch_interface_profiles: false\n    auto_generate_access_leaf_switch_interface_profiles: false\n    auto_generate_access_spine_switch_interface_profiles: false\n    new_interface_configuration: false\n    interface_selector_description: false\n    bulk_static_ports: false\n    fabric_policies:\n      leaf_switch_profile_name: \"LEAF\\\\g\u003cid\u003e\"\n      leaf_interface_profile_name: \"LEAF\\\\g\u003cid\u003e\"\n      leaf_switch_selector_name: \"LEAF\\\\g\u003cid\u003e\"\n      leaf_interface_selector_name: \"ETH\\\\g\u003cmod\u003e-\\\\g\u003cport\u003e\"\n      spine_switch_profile_name: \"SPINE\\\\g\u003cid\u003e\"\n      spine_interface_profile_name: \"SPINE\\\\g\u003cid\u003e\"\n      spine_switch_selector_name: \"SPINE\\\\g\u003cid\u003e\"\n      spine_interface_selector_name: \"ETH\\\\g\u003cmod\u003e-\\\\g\u003cport\u003e\"\n      pod_profile_name: \"POD\\\\g\u003cid\u003e\"\n      pod_profile_pod_selector_name: \"POD\\\\g\u003cid\u003e\"\n      apic_conn_pref: inband\n      banners:\n        apic_gui_alias: \"\"\n        apic_gui_banner_url: \"\"\n        apic_cli_banner: \"\"\n        switch_cli_banner: \"\"\n        escape_html: true\n      ep_loop_protection:\n        admin_state: false\n        detection_interval: 60\n        detection_multiplier: 4\n        bd_learn_disable: true\n        port_disable: false\n      rogue_ep_control:\n        admin_state: true\n        detection_interval: 30\n        detection_multiplier: 10\n        hold_interval: 1800\n      global_settings:\n        domain_validation: true\n        enforce_subnet_check: true\n        opflex_authentication: false\n        disable_remote_endpoint_learn: false\n        overlapping_vlan_validation: true\n        remote_leaf_direct: true\n        reallocate_gipo: false\n      port_tracking:\n        admin_state: true\n        delay: 120\n        min_links: 0\n        include_apic: false\n      ptp:\n        admin_state: false\n        global_domain: 0\n        profile: aes67\n        announce_interval: 1\n        announce_timeout: 3\n        sync_interval: -3\n        delay_interval: -2\n      ip_aging: true\n      ignore_acked_faults: false\n      use_infra_gipo: false\n      fabric_isis_redistribute_metric: 60\n      fabric_isis_bfd: true\n      fabric_bgp_rr:\n        pod_id: 1\n      fabric_bgp_ext_rr:\n        pod_id: 1\n      date_time_format:\n        display_format: local\n        timezone: p0_UTC\n        show_offset: true\n      dns_policies:\n        name_suffix: \"\"\n        mgmt_epg: inb\n        mgmt_epg_oob: default\n        providers:\n          preferred: false\n        domains:\n          default: true\n      err_disabled_recovery:\n        interval: 300\n        mcp_loop: false\n        ep_move: false\n        bpdu_guard: false\n      coop_group_policy: strict\n      l2_port_mtu: 9000\n      pod_policy_groups:\n        name_suffix: \"\"\n      pod_profiles:\n        name_suffix: \"\"\n        selectors:\n          type: range\n          name_suffix: \"\"\n          pod_blocks:\n            name_suffix: \"\"\n      pod_policies:\n        date_time_policies:\n          name_suffix: \"\"\n          ntp_admin_state: true\n          ntp_auth_state: false\n          apic_ntp_server_state: false\n          apic_ntp_server_master_mode: false\n          apic_ntp_server_master_stratum: 8\n          ntp_servers:\n            preferred: true\n            mgmt_epg: inb\n        snmp_policies:\n          name_suffix: \"\"\n          admin_state: true\n          location: \"\"\n          contact: \"\"\n          users:\n            authorization_type: hmac-sha1-96\n            privacy_type: aes-128\n          trap_forwarders:\n            port: 162\n          clients:\n            name_suffix: \"\"\n        management_access_policies:\n          name_suffix: \"\"\n          telnet:\n            admin_state: false\n            port: 23\n          ssh:\n            admin_state: true\n            port: 22\n            password_auth: true\n            aes128_ctr: true\n            aes128_gcm: true\n            aes192_ctr: true\n            aes256_ctr: true\n            aes256_gcm: false\n            chacha: true\n            hmac_sha1: true\n            hmac_sha2_256: true\n            hmac_sha2_512: true\n            curve25519_sha256: false\n            curve25519_sha256_libssh: false\n            dh1_sha1: false\n            dh14_sha1: false\n            dh14_sha256: false\n            dh16_sha512: false\n            ecdh_sha2_nistp256: false\n            ecdh_sha2_nistp384: false\n            ecdh_sha2_nistp521: false\n          https:\n            admin_state: true\n            client_cert_auth_state: false\n            dh: none\n            port: 443\n            key_ring: default\n            tlsv1: false\n            tlsv1_1: true\n            tlsv1_2: true\n            tlsv1_3: false\n          http:\n            admin_state: false\n            port: 80\n      switch_policies:\n        node_control_policies:\n          name_suffix: \"\"\n          telemetry: telemetry\n          dom: true\n        psu_policies:\n          name_suffix: \"\"\n      leaf_switch_policy_groups:\n        name_suffix: \"\"\n      spine_switch_policy_groups:\n        name_suffix: \"\"\n      leaf_switch_profiles:\n        name_suffix: \"\"\n        selectors:\n          name_suffix: \"\"\n          node_blocks:\n            name_suffix: \"\"\n      spine_switch_profiles:\n        name_suffix: \"\"\n        selectors:\n          name_suffix: \"\"\n          node_blocks:\n            name_suffix: \"\"\n      leaf_interface_policy_groups:\n        name_suffix: \"\"\n      spine_interface_policy_groups:\n        name_suffix: \"\"\n      leaf_interface_profiles:\n        name_suffix: \"\"\n      spine_interface_profiles:\n        name_suffix: \"\"\n      external_connectivity_policy:\n        name_suffix: \"\"\n        fabric_id: 1\n        site_id: 1\n        peering_type: full_mesh\n        route_target: extended:as2-nn4:5:16\n        routing_profiles:\n          name_suffix: \"\"\n      infra_dscp_translation_policy:\n        admin_state: false\n        control_plane: CS7\n        level_1: EF\n        level_2: CS3\n        level_3: CS0\n        level_4: AF11\n        level_5: AF21\n        level_6: AF31\n        policy_plane: CS4\n        span: CS1\n        traceroute: CS2\n      vmware_vmm_domains:\n        name_suffix: \"\"\n        access_mode: read-write\n        delimiter: \"\"\n        tag_collection: false\n        allocation: dynamic\n        vswitch:\n          enhanced_lags:\n            name_suffix: \"\"\n            mode: active\n            lb_mode: src-dst-ip\n            num_links: 2\n        credential_policies:\n          name_suffix: \"\"\n        vcenters:\n          name_suffix: \"\"\n          mgmt_epg: inb\n          dvs_version: unmanaged\n          statistics: false\n      aaa:\n        remote_user_login_policy: no-login\n        default_fallback_check: false\n        default_realm: local\n        console_realm: local\n        security_domains:\n          restricted_rbac_domain: false\n        management_settings:\n          password_strength_check: false\n          password_strength_profile:\n            password_mininum_length: 8\n            password_maximum_length: 64\n            password_strength_test_type: default\n            password_class_flags:\n              - digits\n              - lowercase\n              - uppercase\n          password_change_during_interval: true\n          password_change_count: 2\n          password_change_interval: 48\n          password_no_change_interval: 24\n          password_history_count: 5\n          web_token_timeout: 600\n          web_token_max_validity: 24\n          web_session_idle_timeout: 1200\n          include_refresh_session_records: true\n          enable_login_block: false\n          login_block_duration: 60\n          login_max_failed_attempts: 5\n          login_max_failed_attempts_window: 5\n        tacacs_providers:\n          protocol: pap\n          monitoring: false\n          port: 49\n          retries: 1\n          timeout: 5\n          mgmt_epg: inb\n        radius_providers:\n          protocol: pap\n          monitoring: false\n          port: 1812\n          retries: 1\n          timeout: 5\n          mgmt_epg: inb\n        login_domains:\n          auth_choice: CiscoAVPair\n          tacacs_providers:\n            priority: 0\n          ldap_providers:\n            priority: 0\n          radius_providers:\n            priority: 0\n        users:\n          status: active\n          expires: false\n          domains:\n            roles:\n              privilege_type: write\n        ca_certificates:\n          name_suffix: \"\"\n        key_rings:\n          name_suffix: \"\"\n          modulus: mod2048\n        ldap:\n          providers:\n            enable_ssl: false\n            monitoring_username: default\n            server_monitoring: false\n            port: 389\n            retries: 1\n            ssl_validation_level: strict\n            timeout: 30\n            mgmt_epg: inb\n          group_map_rules:\n            security_domains:\n              roles:\n                privilege_type: write\n      remote_locations:\n        name_suffix: \"\"\n        auth_type: password\n        path: /\n        mgmt_epg: inb\n      geolocation:\n        sites:\n          name_suffix: \"\"\n          buildings:\n            name_suffix: \"\"\n            floors:\n              name_suffix: \"\"\n              rooms:\n                name_suffix: \"\"\n                rows:\n                  name_suffix: \"\"\n                  racks:\n                    name_suffix: \"\"\n      schedulers:\n        name_suffix: \"\"\n        recurring_windows:\n          name_suffix: \"\"\n          day: every-day\n          hour: 0\n          minute: 0\n      config_exports:\n        name_suffix: \"\"\n        format: json\n        snapshot: false\n      monitoring:\n        snmp_traps:\n          name_suffix: \"\"\n          destinations:\n            port: 162\n            version: v2c\n            security: priv\n            mgmt_epg: inb\n        syslogs:\n          name_suffix: \"\"\n          audit: true\n          events: true\n          faults: true\n          session: false\n          minimum_severity: warnings\n          format: aci\n          show_millisecond: false\n          show_timezone: false\n          admin_state: true\n          local_admin_state: true\n          local_severity: information\n          console_admin_state: true\n          console_severity: alerts\n          destinations:\n            port: 514\n            facility: local7\n            severity: warnings\n            admin_state: true\n            mgmt_epg: inb\n      span:\n        destination_groups:\n          name_suffix: \"\"\n          mtu: 1518\n          dscp: unspecified\n          flow_id: 1\n          ttl: 64\n          version: 2\n          enforce_version: false\n        source_groups:\n          name_suffix: \"\"\n          admin_state: true\n          sources:\n            name_suffix: \"\"\n            direction: both\n            span_drop: false\n            access_paths:\n              module: 1\n      smart_licensing:\n        mode: smart-licensing\n        url: https://tools.cisco.com/its/service/oddce/services/DDCEService\n        proxy:\n          port: \"443\"\n      l2_mtu_policies:\n        name_suffix: \"\"\n        port_mtu_size: 9000\n      system_performance:\n        admin_state: false\n        response_threshold: 85000\n        top_slowest_requests: 5\n        calculation_window: 300\n      interface_policies:\n        link_level_policies:\n          name_suffix: \"\"\n          link_debounce_interval: 0\n      sr_mpls_global_configuration:\n        sr_global_block_minimum: 16000\n        sr_global_block_maximum: 23999\n    access_policies:\n      leaf_switch_profile_name: \"LEAF\\\\g\u003cid\u003e\"\n      leaf_interface_profile_name: \"LEAF\\\\g\u003cid\u003e\"\n      leaf_switch_selector_name: \"LEAF\\\\g\u003cid\u003e\"\n      leaf_interface_selector_name: \"ETH\\\\g\u003cmod\u003e-\\\\g\u003cport\u003e\"\n      leaf_interface_selector_sub_port_name: \"ETH\\\\g\u003cmod\u003e-\\\\g\u003cport\u003e-\\\\g\u003csport\u003e\"\n      fex_profile_name: \"LEAF\\\\g\u003cid\u003e-FEX\\\\g\u003cfex\u003e\"\n      fex_interface_selector_name: \"ETH\\\\g\u003cmod\u003e-\\\\g\u003cport\u003e\"\n      spine_switch_profile_name: \"SPINE\\\\g\u003cid\u003e\"\n      spine_interface_profile_name: \"SPINE\\\\g\u003cid\u003e\"\n      spine_switch_selector_name: \"SPINE\\\\g\u003cid\u003e\"\n      spine_interface_selector_name: \"ETH\\\\g\u003cmod\u003e-\\\\g\u003cport\u003e\"\n      vpc_group_name: \"VPC\\\\g\u003cswitch1_id\u003e-\\\\g\u003cswitch2_id\u003e\"\n      vlan_pools:\n        name_suffix: \"\"\n        allocation: static\n        ranges:\n          allocation: inherit\n          role: external\n      physical_domains:\n        name_suffix: \"\"\n        allocation: static\n      routed_domains:\n        name_suffix: \"\"\n        allocation: static\n      aaeps:\n        name_suffix: \"\"\n        infra_vlan: false\n        endpoint_groups:\n          mode: regular\n          deployment_immediacy: lazy\n      ptp_profiles:\n        announce_interval: 1\n        announce_timeout: 3\n        delay_interval: -3\n        sync_interval: -3\n        priority: 128\n        template: aes67\n        forwardable: true\n        mismatch_handling: configured\n      dhcp_relay_policies:\n        name_suffix: \"\"\n      switch_policies:\n        vpc_policies:\n          name_suffix: \"\"\n          peer_dead_interval: 200\n        forwarding_scale_policies:\n          name_suffix: \"\"\n          profile: dual-stack\n        mst_policies:\n          name_suffix: \"\"\n        bfd_ipv4_policies:\n          name_suffix: \"\"\n          detection_multiplier: 3\n          min_transmit_interval: 50\n          min_receive_interval: 50\n          slow_timer_interval: 2000\n          echo_receive_interval: 50\n          echo_frame_source_address: 0.0.0.0\n        bfd_ipv6_policies:\n          name_suffix: \"\"\n          detection_multiplier: 3\n          min_transmit_interval: 50\n          min_receive_interval: 50\n          slow_timer_interval: 2000\n          echo_receive_interval: 50\n          echo_frame_source_address: 0.0.0.0\n      spine_switch_policy_groups:\n        name_suffix: \"\"\n      leaf_switch_policy_groups:\n        name_suffix: \"\"\n      leaf_switch_profiles:\n        name_suffix: \"\"\n        selectors:\n          name_suffix: \"\"\n          node_blocks:\n            name_suffix: \"\"\n      spine_switch_profiles:\n        name_suffix: \"\"\n        selectors:\n          name_suffix: \"\"\n          node_blocks:\n            name_suffix: \"\"\n      interface_policies:\n        cdp_policies:\n          name_suffix: \"\"\n        lldp_policies:\n          name_suffix: \"\"\n        link_level_policies:\n          name_suffix: \"\"\n          speed: inherit\n          auto: true\n          fec_mode: inherit\n        port_channel_policies:\n          name_suffix: \"\"\n          min_links: 1\n          max_links: 16\n          suspend_individual: true\n          graceful_convergence: true\n          fast_select_standby: true\n          load_defer: false\n          symmetric_hash: false\n        port_channel_member_policies:\n          name_suffix: \"\"\n          priority: 32768\n          rate: normal\n        l2_policies:\n          name_suffix: \"\"\n          vlan_scope: global\n          qinq: disabled\n          reflective_relay: false\n        mcp_policies:\n          name_suffix: \"\"\n        storm_control_policies:\n          name_suffix: \"\"\n          broadcast_burst_pps: unspecified\n          broadcast_pps: unspecified\n          broadcast_burst_rate: \"100.000000\"\n          broadcast_rate: \"100.000000\"\n          multicast_burst_pps: unspecified\n          multicast_pps: unspecified\n          multicast_burst_rate: \"100.000000\"\n          multicast_rate: \"100.000000\"\n          unknown_unicast_burst_pps: unspecified\n          unknown_unicast_pps: unspecified\n          unknown_unicast_burst_rate: \"100.000000\"\n          unknown_unicast_rate: \"100.000000\"\n          action: drop\n          rate: \"100.000000\"\n          rate_pps: unspecified\n          burst_rate: \"100.000000\"\n          burst_pps: unspecified\n        spanning_tree_policies:\n          name_suffix: \"\"\n          bpdu_guard: false\n          bpdu_filter: false\n        netflow_exporters:\n          name_suffix: \"\"\n          source_type: custom-src-ip\n          source_ip: 0.0.0.0\n          dscp: CS2\n        netflow_vmm_exporters:\n          name_suffix: \"\"\n          source_ip: 0.0.0.0\n        netflow_monitors:\n          name_suffix: \"\"\n        netflow_records:\n          name_suffix: \"\"\n        macsec_parameters_policies:\n          name_suffix: \"\"\n          cipher_suite: gcm-aes-xpn-256\n          confidentiality_offset: offset-0\n          key_server_priority: 16\n          window_size: 64\n          key_expiry_time: disabled\n          security_policy: should-secure\n        macsec_keychain_policies:\n          name_suffix: \"\"\n          key_policies:\n            start_time: now\n            end_time: infinite\n        macsec_interfaces_policies:\n          name_suffix: \"\"\n          admin_state: true\n      leaf_interface_policy_groups:\n        name_suffix: \"\"\n        map: none\n        netflow_monitor_policies:\n          ip_filter_type: ipv4\n      spine_interface_policy_groups:\n        name_suffix: \"\"\n      spine_interface_profiles:\n        name_suffix: \"\"\n        selectors:\n          name_suffix: \"\"\n          port_blocks:\n            name_suffix: \"\"\n            from_module: 1\n      leaf_interface_profiles:\n        name_suffix: \"\"\n        selectors:\n          name_suffix: \"\"\n          port_blocks:\n            name_suffix: \"\"\n            from_module: 1\n          sub_port_blocks:\n            name_suffix: \"\"\n            from_module: 1\n      fex_interface_profiles:\n        name_suffix: \"\"\n        selectors:\n          name_suffix: \"\"\n          port_blocks:\n            name_suffix: \"\"\n            from_module: 1\n      mcp:\n        admin_state: true\n        per_vlan: true\n        action: true\n        key: cisco\n        loop_detection: 3\n        initial_delay: 180\n        frequency_sec: 2\n        frequency_msec: 0\n      qos:\n        preserve_cos: false\n        qos_classes:\n          - level: 1\n            admin_state: true\n            mtu: 9216\n            scheduling: wrr\n            bandwidth_percent: 20\n            congestion_algorithm: tail-drop\n            minimum_buffer: 0\n            pfc_state: false\n            no_drop_cos: \"\"\n            pfc_scope: tor\n            ecn: false\n            forward_non_ecn: false\n            wred_max_threshold: 100\n            wred_min_threshold: 0\n            wred_probability: 0\n            weight: 0\n          - level: 2\n            admin_state: true\n            mtu: 9216\n            scheduling: wrr\n            bandwidth_percent: 20\n            congestion_algorithm: tail-drop\n            minimum_buffer: 0\n            pfc_state: false\n            no_drop_cos: \"\"\n            pfc_scope: tor\n            ecn: false\n            forward_non_ecn: false\n            wred_max_threshold: 100\n            wred_min_threshold: 0\n            wred_probability: 0\n            weight: 0\n          - level: 3\n            admin_state: true\n            mtu: 9216\n            scheduling: wrr\n            bandwidth_percent: 20\n            congestion_algorithm: tail-drop\n            minimum_buffer: 0\n            pfc_state: false\n            no_drop_cos: \"\"\n            pfc_scope: tor\n            ecn: false\n            forward_non_ecn: false\n            wred_max_threshold: 100\n            wred_min_threshold: 0\n            wred_probability: 0\n            weight: 0\n          - level: 4\n            admin_state: true\n            mtu: 9216\n            scheduling: wrr\n            bandwidth_percent: 0\n            congestion_algorithm: tail-drop\n            minimum_buffer: 0\n            pfc_state: false\n            no_drop_cos: \"\"\n            pfc_scope: tor\n            ecn: false\n            forward_non_ecn: false\n            wred_max_threshold: 100\n            wred_min_threshold: 0\n            wred_probability: 0\n            weight: 0\n          - level: 5\n            admin_state: true\n            mtu: 9216\n            scheduling: wrr\n            bandwidth_percent: 0\n            congestion_algorithm: tail-drop\n            minimum_buffer: 0\n            pfc_state: false\n            no_drop_cos: \"\"\n            pfc_scope: tor\n            ecn: false\n            forward_non_ecn: false\n            wred_max_threshold: 100\n            wred_min_threshold: 0\n            wred_probability: 0\n            weight: 0\n          - level: 6\n            admin_state: true\n            mtu: 9216\n            scheduling: wrr\n            bandwidth_percent: 0\n            congestion_algorithm: tail-drop\n            minimum_buffer: 0\n            pfc_state: false\n            no_drop_cos: \"\"\n            pfc_scope: tor\n            ecn: false\n            forward_non_ecn: false\n            wred_max_threshold: 100\n            wred_min_threshold: 0\n            wred_probability: 0\n            weight: 0\n      span:\n        destination_groups:\n          name_suffix: \"\"\n          mtu: 1518\n          module: 1\n          dscp: unspecified\n          flow_id: 1\n          ttl: 64\n          version: 2\n          enforce_version: false\n        source_groups:\n          name_suffix: \"\"\n          admin_state: true\n          sources:\n            name_suffix: \"\"\n            direction: both\n            span_drop: false\n            access_paths:\n              module: 1\n              pod_id: 1\n        filter_groups:\n          name_suffix: \"\"\n          entries:\n            name_suffix: \"\"\n            destination_from_port: unspecified\n            source_from_port: unspecified\n            ip_protocol: unspecified\n      vspan:\n        destination_groups:\n          name_suffix: \"\"\n          destinations:\n            name_suffix: \"\"\n            mtu: 1518\n            flow_id: 1\n            ttl: 64\n            dscp: unspecified\n        sessions:\n          name_suffix: \"\"\n          admin_state: true\n          sources:\n            name_suffix: \"\"\n            direction: both\n            access_paths:\n              module: 1\n    node_policies:\n      oob_endpoint_group: default\n      inb_endpoint_group: default\n      update_groups:\n        name_suffix: \"\"\n        scheduler: default\n      vpc_groups:\n        mode: explicit\n      nodes:\n        pod: 1\n        set_role: false\n    interface_policies:\n      nodes:\n        interfaces:\n          module: 1\n          fabric: false\n          shutdown: false\n          sub_ports:\n            shutdown: false\n        fexes:\n          interfaces:\n            module: 1\n            shutdown: false\n    tenants:\n      managed: true\n      ndo_managed: false\n      vrfs:\n        name_suffix: \"\"\n        ndo_managed: false\n        data_plane_learning: true\n        enforcement_direction: ingress\n        enforcement_preference: enforced\n        leaked_internal_prefixes:\n          public: false\n        pim:\n          mtu: 1500\n          bsr_forward_updates: false\n          bsr_listen_updates: false\n          auto_rp_forward_updates: false\n          auto_rp_listen_updates: false\n          fast_convergence: false\n          strict_rfc: false\n          max_multicast_entries: unlimited\n          reserved_multicast_entries: undefined\n          asm_sg_expiry: default-timeout\n          asm_traffic_registry_max_rate: 65535\n          asm_traffic_registry_source_ip: 0.0.0.0\n        preferred_group: false\n        route_summarization_policies:\n          name_suffix: \"\"\n          nodes:\n            pod: 1\n      bridge_domains:\n        name_suffix: \"\"\n        ndo_managed: false\n        mac: 00:22:BD:F8:19:FF\n        ep_move_detection: false\n        arp_flooding: true\n        ip_dataplane_learning: true\n        clear_remote_mac_entries: false\n        limit_ip_learn_to_subnets: true\n        multi_destination_flooding: bd-flood\n        unknown_unicast: flood\n        unknown_ipv4_multicast: flood\n        unknown_ipv6_multicast: flood\n        unicast_routing: true\n        advertise_host_routes: false\n        l3_multicast: false\n        multicast_arp_drop: false\n        dhcp_labels:\n          scope: tenant\n        subnets:\n          primary_ip: false\n          public: false\n          shared: false\n          virtual: false\n          igmp_querier: false\n          nd_ra_prefix: true\n          no_default_gateway: false\n      l3outs:\n        name_suffix: \"\"\n        ndo_managed: false\n        target_dscp: unspecified\n        qos_class: unspecified\n        import_route_control_enforcement: false\n        export_route_control_enforcement: true\n        ospf:\n          auth_key_id: 1\n          auth_type: none\n          area_cost: 1\n          area_type: regular\n          area_control_redistribute: true\n          area_control_summary: true\n          area_control_suppress_fa: false\n        bgp_peers:\n          allow_self_as: false\n          as_override: false\n          disable_peer_as_check: false\n          next_hop_self: false\n          send_community: false\n          send_ext_community: false\n          allowed_self_as_count: 3\n          ttl: 1\n          weight: 0\n          bfd: false\n          disable_connected_check: false\n          remove_all_private_as: false\n          remove_private_as: false\n          replace_private_as_with_local_as: false\n          unicast_address_family: true\n          multicast_address_family: true\n          admin_state: true\n          as_propagate: none\n        redistribution_route_maps:\n          source: static\n        dhcp_labels:\n          scope: infra\n        nodes:\n          pod: 1\n          router_id_as_loopback: true\n          static_routes:\n            preference: 1\n            bfd: false\n            next_hops:\n              preference: 1\n              type: prefix\n          interfaces:\n            pod: 1\n            module: 1\n            svi: false\n            multipod_direct: false\n            autostate: false\n            floating_svi: false\n            ip: 0.0.0.0\n            mac: 00:22:BD:F8:19:FF\n            mtu: inherit\n            mode: regular\n            scope: local\n            bgp_peers:\n              allow_self_as: false\n              as_override: false\n              disable_peer_as_check: false\n              next_hop_self: false\n              send_community: false\n              send_ext_community: false\n              allowed_self_as_count: 3\n              ttl: 1\n              weight: 0\n              bfd: false\n              disable_connected_check: false\n              remove_all_private_as: false\n              remove_private_as: false\n              replace_private_as_with_local_as: false\n              unicast_address_family: true\n              multicast_address_family: true\n              admin_state: true\n              as_propagate: none\n            micro_bfd:\n              start_timer: 0\n        node_profiles:\n          name_suffix: \"\"\n          bgp_peers:\n            allow_self_as: false\n            as_override: false\n            disable_peer_as_check: false\n            next_hop_self: false\n            send_community: false\n            send_ext_community: false\n            allowed_self_as_count: 3\n            ttl: 1\n            weight: 0\n            bfd: false\n            disable_connected_check: false\n            remove_all_private_as: false\n            remove_private_as: false\n            replace_private_as_with_local_as: false\n            unicast_address_family: true\n            multicast_address_family: true\n            admin_state: true\n            as_propagate: none\n          nodes:\n            pod: 1\n            router_id_as_loopback: true\n            static_routes:\n              preference: 1\n              bfd: false\n              next_hops:\n                preference: 1\n                type: prefix\n          interface_profiles:\n            name_suffix: \"\"\n            target_dscp: unspecified\n            qos_class: unspecified\n            ospf:\n              auth_key_id: 1\n              auth_type: none\n            dhcp_labels:\n              scope: infra\n            interfaces:\n              pod: 1\n              module: 1\n              svi: false\n              autostate: false\n              floating_svi: false\n              multipod_direct: false\n              ip: 0.0.0.0\n              mac: 00:22:BD:F8:19:FF\n              mtu: inherit\n              mode: regular\n              scope: local\n              bgp_peers:\n                allow_self_as: false\n                as_override: false\n                disable_peer_as_check: false\n                next_hop_self: false\n                send_community: false\n                send_ext_community: false\n                allowed_self_as_count: 3\n                ttl: 1\n                weight: 0\n                bfd: false\n                disable_connected_check: false\n                remove_all_private_as: false\n                remove_private_as: false\n                replace_private_as_with_local_as: false\n                unicast_address_family: true\n                multicast_address_family: true\n                admin_state: true\n                as_propagate: none\n              micro_bfd:\n                start_timer: 0\n        external_endpoint_groups:\n          name_suffix: \"\"\n          ndo_managed: false\n          preferred_group: false\n          qos_class: unspecified\n          target_dscp: unspecified\n          route_control_profiles:\n            name_suffix: \"\"\n            direction: import\n          subnets:\n            ndo_managed: false\n            import_route_control: false\n            export_route_control: false\n            shared_route_control: false\n            import_security: true\n            shared_security: false\n            aggregate_import_route_control: false\n            aggregate_export_route_control: false\n            aggregate_shared_route_control: false\n            bgp_route_summarization: false\n            ospf_route_summarization: false\n            eigrp_route_summarization: false\n            route_control_profiles:\n              name_suffix: \"\"\n              direction: import\n        import_route_map:\n          type: global\n          contexts:\n            name_suffix: \"\"\n            action: permit\n            order: 0\n        export_route_map:\n          type: global\n          contexts:\n            name_suffix: \"\"\n            action: permit\n            order: 0\n        default_route_leak_policy:\n          always: false\n          criteria: only\n          context_scope: false\n          outside_scope: true\n        l3_multicast_ipv4: false\n        multipod: true\n        remote_leaf: false\n      application_profiles:\n        name_suffix: \"\"\n        ndo_managed: false\n        managed: true\n        endpoint_groups:\n          name_suffix: \"\"\n          ndo_managed: false\n          flood_in_encap: false\n          intra_epg_isolation: false\n          proxy_arp: false\n          preferred_group: false\n          qos_class: unspecified\n          vmware_vmm_domains:\n            name_suffix: \"\"\n            u_segmentation: false\n            delimiter: \"\"\n            netflow: false\n            deployment_immediacy: lazy\n            resolution_immediacy: pre-provision\n            allow_promiscuous: reject\n            forged_transmits: reject\n            mac_changes: reject\n          static_ports:\n            module: 1\n            mode: regular\n            deployment_immediacy: lazy\n            ptp:\n              mode: multicast\n              source_ip: 0.0.0.0\n          static_leafs:\n            mode: regular\n            deployment_immediacy: lazy\n          static_endpoints:\n            name_suffix: \"\"\n            ip: 0.0.0.0\n            module: 1\n          subnets:\n            primary_ip: false\n            public: false\n            shared: false\n            igmp_querier: false\n            nd_ra_prefix: true\n            no_default_gateway: false\n            virtual: false\n            nlb_group: 0.0.0.0\n            nlb_mac: 00:00:00:00:00:00\n            ip_pools:\n              name_suffix: \"\"\n              start_ip: 0.0.0.0\n              end_ip: 0.0.0.0\n        useg_endpoint_groups:\n          name_suffix: \"\"\n          flood_in_encap: false\n          intra_epg_isolation: false\n          preferred_group: false\n          qos_class: level3\n          vmware_vmm_domains:\n            name_suffix: \"\"\n            deployment_immediacy: immediate\n            netflow: false\n          useg_attributes:\n            match_type: any\n            ip_statements:\n              use_epg_subnet: true\n          subnets:\n            primary_ip: false\n            public: false\n            shared: false\n            igmp_querier: false\n            nd_ra_prefix: true\n            no_default_gateway: false\n            virtual: false\n            nlb_group: 0.0.0.0\n            nlb_mac: 00:00:00:00:00:00\n            ip_pools:\n              name_suffix: \"\"\n              start_ip: 0.0.0.0\n              end_ip: 0.0.0.0\n        endpoint_security_groups:\n          name_suffix: \"\"\n          shutdown: false\n          intra_esg_isolation: false\n          preferred_group: false\n          tag_selectors:\n            operator: equals\n      inb_endpoint_groups:\n        name_suffix: \"\"\n      oob_endpoint_groups:\n        name_suffix: \"\"\n        name: default\n      ext_mgmt_instances:\n        name_suffix: \"\"\n      sr_mpls_l3outs:\n        name_suffix: \"\"\n        transport_data_plane: sr_mpls\n        node_profiles:\n          name_suffix: \"\"\n          evpn_connectivity:\n            allow_self_as: false\n            disable_peer_as_check: false\n            ttl: 2\n            bfd: false\n            admin_state: true\n            as_propagate: none\n          nodes:\n            pod_id: 1\n          interface_profiles:\n            name_suffix: \"\"\n            interfaces:\n              pod_id: 1\n              module: 1\n              mac: 00:22:BD:F8:19:FF\n              mtu: inherit\n              bgp_peers:\n                allow_self_as: false\n                send_community: false\n                send_ext_community: false\n                bfd: false\n                unicast_address_family: true\n                admin_state: true\n                as_propagate: none\n        external_endpoint_groups:\n          name_suffix: \"\"\n          preferred_group: false\n          subnets:\n            route_leaking: false\n            security: false\n            aggregate_shared_route_control: false\n      contracts:\n        name_suffix: \"\"\n        scope: context\n        qos_class: unspecified\n        target_dscp: unspecified\n        subjects:\n          name_suffix: \"\"\n          qos_class: unspecified\n          target_dscp: unspecified\n          filters:\n            action: permit\n            priority: default\n            log: false\n            no_stats: false\n      imported_contracts:\n        name_suffix: \"\"\n      oob_contracts:\n        name_suffix: \"\"\n        scope: context\n        subjects:\n          name_suffix: \"\"\n      filters:\n        name_suffix: \"\"\n        entries:\n          name_suffix: \"\"\n          ethertype: ip\n          protocol: tcp\n          source_from_port: unspecified\n          destination_from_port: unspecified\n          stateful: false\n      policies:\n        custom_qos:\n          name_suffix: \"\"\n        ospf_interface_policies:\n          name_suffix: \"\"\n          cost: unspecified\n          passive_interface: false\n          mtu_ignore: false\n          advertise_subnet: false\n          bfd: false\n          hello_interval: 10\n          dead_interval: 40\n          network_type: p2p\n          priority: 1\n          lsa_retransmit_interval: 5\n          lsa_transmit_delay: 1\n        eigrp_interface_policies:\n          name_suffix: \"\"\n          bfd: false\n          self_nexthop: true\n          passive_interface: false\n          split_horizon: true\n          hello_interval: 5\n          hold_interval: 15\n          bandwidth: 0\n          delay: 0\n          delay_unit: tens-of-micro\n        ospf_timer_policies:\n          name_suffix: \"\"\n          reference_bandwidth: 40000\n          distance: 110\n          max_ecmp: 8\n          graceful_restart: false\n          router_id_lookup: false\n          prefix_suppression: false\n          spf_init_interval: 200\n          spf_hold_interval: 1000\n          spf_max_interval: 5000\n          lsa_group_pacing_interval: 10\n          lsa_start_interval: 0\n          lsa_hold_interval: 5000\n          lsa_max_interval: 5000\n          lsa_arrival_interval: 1000\n          max_lsa_num: 20000\n          max_lsa_threshold: 75\n          max_lsa_action: reject\n          max_lsa_reset_interval: 10\n          max_lsa_sleep_count: 5\n          max_lsa_sleep_interval: 5\n        bgp_best_path_policies:\n          name_suffix: \"\"\n          control_type: \"\"\n        bgp_route_summarization_policies:\n          name_suffix: \"\"\n          as_set: false\n          summary_only: false\n          af_mcast: false\n          af_ucast: true\n        bgp_timer_policies:\n          name_suffix: \"\"\n          keepalive_interval: 60\n          hold_interval: 180\n          stale_interval: default\n          graceful_restart_helper: true\n          maximum_as_limit: 0\n        bgp_peer_prefix_policies:\n          name_suffix: \"\"\n          action: reject\n          max_prefixes: 20000\n          threshold: 75\n          restart_time: 65534\n        bgp_address_family_context_policies:\n          name_suffix: \"\"\n          ebgp_distance: 20\n          ibgp_distance: 200\n          local_distance: 220\n          ebgp_max_ecmp: 16\n          ibgp_max_ecmp: 16\n          enable_host_route_leak: false\n        dhcp_relay_policies:\n          name_suffix: \"\"\n        dhcp_option_policies:\n          name_suffix: \"\"\n          options:\n            name_suffix: \"\"\n        route_tag_policies:\n          name_suffix: \"\"\n          tag: 4294967295\n        route_control_route_maps:\n          name_suffix: \"\"\n          type: combinable\n          contexts:\n            name_suffix: \"\"\n            action: permit\n            order: 0\n        match_rules:\n          name_suffix: \"\"\n          regex_community_terms:\n            name_suffix: \"\"\n            type: regular\n          community_terms:\n            name_suffix: \"\"\n            factors:\n              scope: transitive\n          prefixes:\n            aggregate: false\n            from_length: 0\n            to_length: 0\n        set_rules:\n          name_suffix: \"\"\n          community_mode: append\n          dampening:\n            half_life: 15\n            max_suppress_time: 60\n            reuse_limit: 750\n            suppress_limit: 2000\n          set_as_paths:\n            criteria: prepend\n            count: 0\n            asns:\n              order: 0\n          next_hop_propagation: false\n          multipath: false\n        bfd_interface_policies:\n          name_suffix: \"\"\n          subinterface_optimization: false\n          detection_multiplier: 3\n          echo_admin_state: true\n          echo_rx_interval: 50\n          min_rx_interval: 50\n          min_tx_interval: 50\n        igmp_snooping_policies:\n          name_suffix: \"\"\n          admin_state: true\n          last_member_query_interval: 1\n          query_interval: 125\n          query_response_interval: 10\n          start_query_count: 2\n          start_query_interval: 31\n          fast_leave: false\n          querier: false\n        multicast_route_maps:\n          name_suffix: \"\"\n          entries:\n            source_ip: 0.0.0.0\n            group_ip: 0.0.0.0\n            rp_ip: 0.0.0.0\n            action: permit\n        pim_policies:\n          name_suffix: \"\"\n          auth_type: none\n          designated_router_delay: 3\n          designated_router_priority: 1\n          hello_interval: 30000\n          join_prune_interval: 60\n          mcast_dom_boundary: false\n          passive: false\n          strict_rfc: false\n        igmp_interface_policies:\n          name_suffix: \"\"\n          grp_timeout: 260\n          allow_v3_asm: false\n          fast_leave: false\n          report_link_local_groups: false\n          last_member_count: 2\n          last_member_response_time: 1\n          querier_timeout: 255\n          query_interval: 125\n          robustness_variable: 2\n          query_response_interval: 25\n          startup_query_count: 2\n          startup_query_interval: 31\n          version: v2\n          max_mcast_entries: unlimited\n          reserved_mcast_entries: undefined\n        qos:\n          name_suffix: \"\"\n          dscp_priority_maps:\n            priority: level3\n            dscp_target: unspecified\n            cos_target: unspecified\n          dot1p_classifiers:\n            priority: level3\n            dscp_target: unspecified\n            cos_target: unspecified\n        ip_sla_policies:\n          name_suffix: \"\"\n          multiplier: 3\n          frequency: 60\n          sla_type: icmp\n          port: 0\n        trust_control_policies:\n          name_suffix: \"\"\n          dhcp_v4_server: false\n          dhcp_v6_server: false\n          ipv6_router: false\n          arp: false\n          nd: false\n          ra: false\n        span:\n          source_groups:\n            name_suffix: \"\"\n            admin_state: false\n            sources:\n              direction: both\n          destination_groups:\n            name_suffix: \"\"\n            dscp: unspecified\n            flow_id: 1\n            mtu: 1518\n            ttl: 64\n            version: 2\n            enforce_version: false\n        mpls_custom_qos_policies:\n          name_suffix: \"\"\n          ingress_rules:\n            priority: unspecified\n            dscp_target: unspecified\n            cos_target: unspecified\n          egress_rules:\n            cos_target: unspecified\n            exp_target: unspecified\n        bfd_multihop_node_policies:\n          name_suffix: \"\"\n          detection_multiplier: 3\n          min_rx_interval: 250\n          min_tx_interval: 250\n        nd_interface_policies:\n          name_suffix: \"\"\n          hop_limit: 64\n          ns_tx_interval: 1000\n          mtu: 9000\n          retransmit_retry_count: 3\n          nud_retransmit_base: 1\n          nud_retransmit_interval: 1000\n          nud_retransmit_count: 3\n          route_advertise_interval: 600\n          router_lifetime: 1800\n          reachable_time: 0\n          retransmit_timer: 0\n        nd_ra_prefix_policies:\n          name_suffix: \"\"\n          valid_lifetime: 2592000\n          preferred_lifetime: 604800\n          auto_configuration: true\n          on_link: true\n          router_address: false\n        track_lists:\n          name_suffix: \"\"\n          type: percentage\n          percentage_up: 0\n          percentage_down: 1\n          weight_up: 0\n          weight_down: 1\n      services:\n        l4l7_devices:\n          name_suffix: \"\"\n          context_aware: single-Context\n          type: PHYSICAL\n          function: GoTo\n          copy_device: false\n          managed: false\n          promiscuous_mode: false\n          service_type: FW\n          trunking: false\n          active_active: false\n          concrete_devices:\n            name_suffix: \"\"\n            interfaces:\n              name_suffix: \"\"\n              module: 1\n          logical_interfaces:\n            name_suffix: \"\"\n            concrete_interfaces:\n              name_suffix: \"\"\n        redirect_policies:\n          name_suffix: \"\"\n          type: L3\n          anycast: false\n          hashing: sip-dip-prototype\n          threshold: false\n          max_threshold: 0\n          min_threshold: 0\n          threshold_down_action: permit\n          resilient_hashing: false\n          pod_aware: false\n          l3_destinations:\n            pod: 1\n        redirect_backup_policies:\n          name_suffix: \"\"\n          l3_destinations:\n            ip_2: 0.0.0.0\n        service_epg_policies:\n          name_suffix: \"\"\n          preferred_group: false\n        redirect_health_groups:\n          name_suffix: \"\"\n        service_graph_templates:\n          name_suffix: \"\"\n          ndo_managed: false\n          template_type: FW_ROUTED\n          redirect: false\n          share_encapsulation: false\n          consumer:\n            direct_connect: false\n          provider:\n            direct_connect: false\n        device_selection_policies:\n          consumer:\n            l3_destination: true\n            permit_logging: false\n            external_endpoint_group:\n              redistribute:\n                bgp: false\n                ospf: false\n                connected: false\n                static: false\n          provider:\n            l3_destination: true\n            permit_logging: false\n            external_endpoint_group:\n              redistribute:\n                bgp: false\n                ospf: false\n                connected: false\n                static: false\n          copy_service:\n            l3_destination: true\n            permit_logging: false\n"
          },
          "sensitive_attributes": [],
          "identity_schema_version": 0
        }
      ]
    },
    {
      "module": "module.aci",
      "mode": "data",
      "type": "utils_yaml_merge",
      "name": "model",
      "provider": "provider[\"registry.terraform.io/netascode/utils\"]",
      "instances": [
        {
          "schema_version": 0,
          "attributes": {
            "id": "5f36b2ea290645ee34d943220a14b54ee5ea5be5",
            "input": [],
            "merge_list_items": true,
            "output": "{}\n"
          },
          "sensitive_attributes": [],
          "identity_schema_version": 0
        }
      ]
    },
    {
      "module": "module.aci",
      "mode": "data",
      "type": "utils_yaml_merge",
      "name": "modules",
      "provider": "provider[\"registry.terraform.io/netascode/utils\"]",
      "instances": [
        {
          "schema_version": 0,
          "attributes": {
            "id": "ed1005304a68d50924d0a773963d9d57dfaef2a9",
            "input": [
              "---\r\nmodules:\r\n  aci_aaa: true\r\n  aci_aaep: true\r\n  aci_access_fex_interface_profile: true\r\n  aci_access_fex_interface_selector: true\r\n  aci_access_leaf_interface_policy_group: true\r\n  aci_access_leaf_interface_profile: true\r\n  aci_access_leaf_interface_selector: true\r\n  aci_access_leaf_switch_policy_group: true\r\n  aci_access_leaf_switch_profile: true\r\n  aci_access_span_destination_group: true\r\n  aci_access_span_filter_group: true\r\n  aci_access_span_source_group: true\r\n  aci_access_spine_interface_policy_group: true\r\n  aci_access_spine_interface_profile: true\r\n  aci_access_spine_interface_selector: true\r\n  aci_access_spine_switch_policy_group: true\r\n  aci_access_spine_switch_profile: true\r\n  aci_apic_connectivity_preference: true\r\n  aci_application_profile: true\r\n  aci_banner: true\r\n  aci_bfd_interface_policy: true\r\n  aci_bfd_multihop_node_policy: true\r\n  aci_bfd_policy: true\r\n  aci_bgp_address_family_context_policy: true\r\n  aci_bgp_best_path_policy: true\r\n  aci_bgp_peer_prefix_policy: true\r\n  aci_bgp_policy: true\r\n  aci_bgp_route_summarization_policy: true\r\n  aci_bgp_timer_policy: true\r\n  aci_bridge_domain: true\r\n  aci_ca_certificate: true\r\n  aci_cdp_policy: true\r\n  aci_config_export: true\r\n  aci_config_passphrase: true\r\n  aci_contract: true\r\n  aci_coop_policy: true\r\n  aci_date_time_format: true\r\n  aci_date_time_policy: true\r\n  aci_device_selection_policy: true\r\n  aci_dhcp_option_policy: true\r\n  aci_dhcp_relay_policy: true\r\n  aci_dns_policy: true\r\n  aci_endpoint_group: true\r\n  aci_useg_endpoint_group: true\r\n  aci_endpoint_loop_protection: true\r\n  aci_endpoint_security_group: true\r\n  aci_eigrp_interface_policy: true\r\n  aci_error_disabled_recovery: true\r\n  aci_external_connectivity_policy: true\r\n  aci_external_endpoint_group: true\r\n  aci_fabric_interface_configuration: true\r\n  aci_fabric_isis_bfd: true\r\n  aci_fabric_isis_policy: true\r\n  aci_fabric_l2_mtu: true\r\n  aci_fabric_leaf_interface_profile: true\r\n  aci_fabric_leaf_switch_policy_group: true\r\n  aci_fabric_leaf_switch_profile: true\r\n  aci_fabric_pod_policy_group: true\r\n  aci_fabric_pod_profile: true\r\n  aci_fabric_scheduler: true\r\n  aci_fabric_span_destination_group: true\r\n  aci_fabric_span_source_group: true\r\n  aci_fabric_spine_interface_profile: true\r\n  aci_fabric_spine_switch_policy_group: true\r\n  aci_fabric_spine_switch_profile: true\r\n  aci_fabric_wide_settings: true\r\n  aci_fabric_link_level_policy: true\r\n  aci_filter: true\r\n  aci_firmware_group: true\r\n  aci_forwarding_scale_policy: true\r\n  aci_geolocation: true\r\n  aci_health_score_evaluation_policy: true\r\n  aci_igmp_interface_policy: true\r\n  aci_igmp_snooping_policy: true\r\n  aci_imported_contract: true\r\n  aci_imported_l4l7_device: true\r\n  aci_inband_endpoint_group: true\r\n  aci_inband_node_address: true\r\n  aci_infra_dhcp_relay_policy: true\r\n  aci_infra_dscp_translation_policy: true\r\n  aci_interface_configuration: true\r\n  aci_interface_type: true\r\n  aci_ip_aging: true\r\n  aci_ip_sla_policy: true\r\n  aci_keyring: true\r\n  aci_l2_mtu_policy: true\r\n  aci_l2_policy: true\r\n  aci_l3out: true\r\n  aci_l3out_interface_profile: true\r\n  aci_l3out_node_profile: true\r\n  aci_l4l7_device: true\r\n  aci_link_level_policy: true\r\n  aci_lldp_policy: true\r\n  aci_login_domain: true\r\n  aci_macsec_interfaces_policy: true\r\n  aci_macsec_parameters_policy: true\r\n  aci_macsec_keychain_policies: true\r\n  aci_maintenance_group: true\r\n  aci_management_access_policy: true\r\n  aci_match_rule: true\r\n  aci_mcp: true\r\n  aci_mcp_policy: true\r\n  aci_monitoring_policy: true\r\n  aci_mpls_custom_qos_policy: true\r\n  aci_mst_policy: true\r\n  aci_multicast_route_map: true\r\n  aci_nd_interface_policy: true\r\n  aci_nd_ra_prefix_policy: true\r\n  aci_netflow_exporter: true\r\n  aci_netflow_vmm_exporter: true\r\n  aci_netflow_record: true\r\n  aci_netflow_monitor: true\r\n  aci_node_control_policy: true\r\n  aci_node_registration: true\r\n  aci_oob_contract: true\r\n  aci_oob_endpoint_group: true\r\n  aci_oob_external_management_instance: true\r\n  aci_oob_node_address: true\r\n  aci_ospf_interface_policy: true\r\n  aci_ospf_timer_policy: true\r\n  aci_physical_domain: true\r\n  aci_pim_policy: true\r\n  aci_pod_setup: true\r\n  aci_port_channel_member_policy: true\r\n  aci_port_channel_policy: true\r\n  aci_port_tracking: true\r\n  aci_psu_policy: true\r\n  aci_ptp: true\r\n  aci_ptp_profile: true\r\n  aci_qos: true\r\n  aci_qos_policy: true\r\n  aci_radius: true\r\n  aci_rbac_node_rule: true\r\n  aci_redirect_backup_policy: true\r\n  aci_redirect_health_group: true\r\n  aci_redirect_policy: true\r\n  aci_remote_location: true\r\n  aci_rogue_endpoint_control: true\r\n  aci_route_control_route_map: true\r\n  aci_route_tag_policy: true\r\n  aci_routed_domain: true\r\n  aci_service_epg_policy: true\r\n  aci_service_graph_template: true\r\n  aci_set_rule: true\r\n  aci_smart_licensing: true\r\n  aci_snmp_policy: true\r\n  aci_snmp_trap_policy: true\r\n  aci_spanning_tree_policy: true\r\n  aci_sr_mpls_global_configuration: true\r\n  aci_storm_control_policy: true\r\n  aci_switch_configuration: true\r\n  aci_syslog_policy: true\r\n  aci_system_global_gipo: true\r\n  aci_system_performance: true\r\n  aci_tacacs: true\r\n  aci_tenant: true\r\n  aci_tenant_span_destination_group: true\r\n  aci_tenant_span_source_group: true\r\n  aci_track_list: true\r\n  aci_track_member: true\r\n  aci_trust_control_policy: true\r\n  aci_user: true\r\n  aci_vlan_pool: true\r\n  aci_vmware_vmm_domain: true\r\n  aci_vpc_group: true\r\n  aci_vpc_policy: true\r\n  aci_vrf: true\r\n  aci_vspan_destination_group: true\r\n  aci_vspan_session: true\r\n",
              "\"modules\": {}\n"
            ],
            "merge_list_items": true,
            "output": "modules:\n  aci_aaa: true\n  aci_aaep: true\n  aci_access_fex_interface_profile: true\n  aci_access_fex_interface_selector: true\n  aci_access_leaf_interface_policy_group: true\n  aci_access_leaf_interface_profile: true\n  aci_access_leaf_interface_selector: true\n  aci_access_leaf_switch_policy_group: true\n  aci_access_leaf_switch_profile: true\n  aci_access_span_destination_group: true\n  aci_access_span_filter_group: true\n  aci_access_span_source_group: true\n  aci_access_spine_interface_policy_group: true\n  aci_access_spine_interface_profile: true\n  aci_access_spine_interface_selector: true\n  aci_access_spine_switch_policy_group: true\n  aci_access_spine_switch_profile: true\n  aci_apic_connectivity_preference: true\n  aci_application_profile: true\n  aci_banner: true\n  aci_bfd_interface_policy: true\n  aci_bfd_multihop_node_policy: true\n  aci_bfd_policy: true\n  aci_bgp_address_family_context_policy: true\n  aci_bgp_best_path_policy: true\n  aci_bgp_peer_prefix_policy: true\n  aci_bgp_policy: true\n  aci_bgp_route_summarization_policy: true\n  aci_bgp_timer_policy: true\n  aci_bridge_domain: true\n  aci_ca_certificate: true\n  aci_cdp_policy: true\n  aci_config_export: true\n  aci_config_passphrase: true\n  aci_contract: true\n  aci_coop_policy: true\n  aci_date_time_format: true\n  aci_date_time_policy: true\n  aci_device_selection_policy: true\n  aci_dhcp_option_policy: true\n  aci_dhcp_relay_policy: true\n  aci_dns_policy: true\n  aci_endpoint_group: true\n  aci_useg_endpoint_group: true\n  aci_endpoint_loop_protection: true\n  aci_endpoint_security_group: true\n  aci_eigrp_interface_policy: true\n  aci_error_disabled_recovery: true\n  aci_external_connectivity_policy: true\n  aci_external_endpoint_group: true\n  aci_fabric_interface_configuration: true\n  aci_fabric_isis_bfd: true\n  aci_fabric_isis_policy: true\n  aci_fabric_l2_mtu: true\n  aci_fabric_leaf_interface_profile: true\n  aci_fabric_leaf_switch_policy_group: true\n  aci_fabric_leaf_switch_profile: true\n  aci_fabric_pod_policy_group: true\n  aci_fabric_pod_profile: true\n  aci_fabric_scheduler: true\n  aci_fabric_span_destination_group: true\n  aci_fabric_span_source_group: true\n  aci_fabric_spine_interface_profile: true\n  aci_fabric_spine_switch_policy_group: true\n  aci_fabric_spine_switch_profile: true\n  aci_fabric_wide_settings: true\n  aci_fabric_link_level_policy: true\n  aci_filter: true\n  aci_firmware_group: true\n  aci_forwarding_scale_policy: true\n  aci_geolocation: true\n  aci_health_score_evaluation_policy: true\n  aci_igmp_interface_policy: true\n  aci_igmp_snooping_policy: true\n  aci_imported_contract: true\n  aci_imported_l4l7_device: true\n  aci_inband_endpoint_group: true\n  aci_inband_node_address: true\n  aci_infra_dhcp_relay_policy: true\n  aci_infra_dscp_translation_policy: true\n  aci_interface_configuration: true\n  aci_interface_type: true\n  aci_ip_aging: true\n  aci_ip_sla_policy: true\n  aci_keyring: true\n  aci_l2_mtu_policy: true\n  aci_l2_policy: true\n  aci_l3out: true\n  aci_l3out_interface_profile: true\n  aci_l3out_node_profile: true\n  aci_l4l7_device: true\n  aci_link_level_policy: true\n  aci_lldp_policy: true\n  aci_login_domain: true\n  aci_macsec_interfaces_policy: true\n  aci_macsec_parameters_policy: true\n  aci_macsec_keychain_policies: true\n  aci_maintenance_group: true\n  aci_management_access_policy: true\n  aci_match_rule: true\n  aci_mcp: true\n  aci_mcp_policy: true\n  aci_monitoring_policy: true\n  aci_mpls_custom_qos_policy: true\n  aci_mst_policy: true\n  aci_multicast_route_map: true\n  aci_nd_interface_policy: true\n  aci_nd_ra_prefix_policy: true\n  aci_netflow_exporter: true\n  aci_netflow_vmm_exporter: true\n  aci_netflow_record: true\n  aci_netflow_monitor: true\n  aci_node_control_policy: true\n  aci_node_registration: true\n  aci_oob_contract: true\n  aci_oob_endpoint_group: true\n  aci_oob_external_management_instance: true\n  aci_oob_node_address: true\n  aci_ospf_interface_policy: true\n  aci_ospf_timer_policy: true\n  aci_physical_domain: true\n  aci_pim_policy: true\n  aci_pod_setup: true\n  aci_port_channel_member_policy: true\n  aci_port_channel_policy: true\n  aci_port_tracking: true\n  aci_psu_policy: true\n  aci_ptp: true\n  aci_ptp_profile: true\n  aci_qos: true\n  aci_qos_policy: true\n  aci_radius: true\n  aci_rbac_node_rule: true\n  aci_redirect_backup_policy: true\n  aci_redirect_health_group: true\n  aci_redirect_policy: true\n  aci_remote_location: true\n  aci_rogue_endpoint_control: true\n  aci_route_control_route_map: true\n  aci_route_tag_policy: true\n  aci_routed_domain: true\n  aci_service_epg_policy: true\n  aci_service_graph_template: true\n  aci_set_rule: true\n  aci_smart_licensing: true\n  aci_snmp_policy: true\n  aci_snmp_trap_policy: true\n  aci_spanning_tree_policy: true\n  aci_sr_mpls_global_configuration: true\n  aci_storm_control_policy: true\n  aci_switch_configuration: true\n  aci_syslog_policy: true\n  aci_system_global_gipo: true\n  aci_system_performance: true\n  aci_tacacs: true\n  aci_tenant: true\n  aci_tenant_span_destination_group: true\n  aci_tenant_span_source_group: true\n  aci_track_list: true\n  aci_track_member: true\n  aci_trust_control_policy: true\n  aci_user: true\n  aci_vlan_pool: true\n  aci_vmware_vmm_domain: true\n  aci_vpc_group: true\n  aci_vpc_policy: true\n  aci_vrf: true\n  aci_vspan_destination_group: true\n  aci_vspan_session: true\n"
          },
          "sensitive_attributes": [],
          "identity_schema_version": 0
        }
      ]
    },
    {
      "module": "module.aci.module.aci_vpc_group[0]",
      "mode": "managed",
      "type": "aci_rest_managed",
      "name": "fabricProtPol",
      "provider": "provider[\"registry.terraform.io/ciscodevnet/aci\"]",
      "instances": [
        {
          "schema_version": 0,
          "attributes": {
            "annotation": "orchestrator:terraform",
            "child": [],
            "class_name": "fabricProtPol",
            "content": {
              "name": "default",
              "pairT": "explicit"
            },
            "content_on_destroy": null,
            "dn": "uni/fabric/protpol",
            "escape_html": true,
            "id": "uni/fabric/protpol"
          },
          "sensitive_attributes": [],
          "identity_schema_version": 0,
          "dependencies": [
            "module.aci.data.utils_yaml_merge.defaults",
            "module.aci.data.utils_yaml_merge.model",
            "module.aci.data.utils_yaml_merge.modules",
            "module.aci.module.aci_access_leaf_interface_profile_auto.aci_rest_managed.infraAccPortP",
            "module.aci.module.aci_access_leaf_interface_profile_manual.aci_rest_managed.infraAccPortP",
            "module.aci.module.aci_access_leaf_switch_policy_group.aci_rest_managed.infraAccNodePGrp",
            "module.aci.module.aci_access_leaf_switch_policy_group.aci_rest_managed.infraRsBfdIpv4InstPol",
            "module.aci.module.aci_access_leaf_switch_policy_group.aci_rest_managed.infraRsBfdIpv6InstPol",
            "module.aci.module.aci_access_leaf_switch_policy_group.aci_rest_managed.infraRsTopoctrlFwdScaleProfPol",
            "module.aci.module.aci_access_leaf_switch_profile_auto.aci_rest_managed.infraLeafS",
            "module.aci.module.aci_access_leaf_switch_profile_auto.aci_rest_managed.infraNodeBlk",
            "module.aci.module.aci_access_leaf_switch_profile_auto.aci_rest_managed.infraNodeP",
            "module.aci.module.aci_access_leaf_switch_profile_auto.aci_rest_managed.infraRsAccNodePGrp",
            "module.aci.module.aci_access_leaf_switch_profile_auto.aci_rest_managed.infraRsAccPortP",
            "module.aci.module.aci_access_leaf_switch_profile_manual.aci_rest_managed.infraLeafS",
            "module.aci.module.aci_access_leaf_switch_profile_manual.aci_rest_managed.infraNodeBlk",
            "module.aci.module.aci_access_leaf_switch_profile_manual.aci_rest_managed.infraNodeP",
            "module.aci.module.aci_access_leaf_switch_profile_manual.aci_rest_managed.infraRsAccNodePGrp",
            "module.aci.module.aci_access_leaf_switch_profile_manual.aci_rest_managed.infraRsAccPortP",
            "module.aci.module.aci_bfd_ipv4_policy.aci_rest_managed.bfdInstPol",
            "module.aci.module.aci_bfd_ipv6_policy.aci_rest_managed.bfdInstPol",
            "module.aci.module.aci_forwarding_scale_policy.aci_rest_managed.topoctrlFwdScaleProfilePol"
          ]
        }
      ]
    }
  ],
  "check_results": [
    {
      "object_kind": "var",
      "config_addr": "module.aci.module.aci_bgp_peer_prefix_policy.var.description",
      "status": "pass",
      "objects": null
    },
    {
      "object_kind": "var",
      "config_addr": "module.aci.module.aci_endpoint_group.var.l4l7_virtual_ips",
      "status": "pass",
      "objects": null
    },
    {
      "object_kind": "var",
      "config_addr": "module.aci.module.aci_track_list.var.track_members",
      "status": "pass",
      "objects": null
    },
    {
      "object_kind": "var",
      "config_addr": "module.aci.module.aci_access_span_destination_group.var.port",
      "status": "pass",
      "objects": null
    },
    {
      "object_kind": "var",
      "config_addr": "module.aci.module.aci_fabric_leaf_switch_policy_group.var.name",
      "status": "pass",
      "objects": null
    },
    {
      "object_kind": "var",
      "config_addr": "module.aci.module.aci_monitoring_policy.var.snmp_trap_policies",
      "status": "pass",
      "objects": null
    },
    {
      "object_kind": "var",
      "config_addr": "module.aci.module.aci_vpc_policy.var.delay_restore_timer",
      "status": "pass",
      "objects": null
    },
    {
      "object_kind": "var",
      "config_addr": "module.aci.module.aci_l3out_interface_profile_manual.var.igmp_interface_policy",
      "status": "pass",
      "objects": null
    },
    {
      "object_kind": "var",
      "config_addr": "module.aci.module.aci_rogue_endpoint_control.var.hold_interval",
      "status": "pass",
      "objects": null
    },
    {
      "object_kind": "var",
      "config_addr": "module.aci.module.aci_remote_location.var.path",
      "status": "pass",
      "objects": null
    },
    {
      "object_kind": "var",
      "config_addr": "module.aci.module.aci_netflow_vmm_exporter.var.name",
      "status": "pass",
      "objects": null
    },
    {
      "object_kind": "var",
      "config_addr": "module.aci.module.aci_tacacs.var.retries",
      "status": "pass",
      "objects": null
    },
    {
      "object_kind": "var",
      "config_addr": "module.aci.module.aci_l3out_node_profile_manual.var.bgp_peers",
      "status": "pass",
      "objects": null
    },
    {
      "object_kind": "var",
      "config_addr": "module.aci.module.aci_access_span_destination_group.var.module",
      "status": "pass",
      "objects": null
    },
    {
      "object_kind": "var",
      "config_addr": "module.aci.module.aci_l4l7_device.var.service_type",
      "status": "pass",
      "objects": null
    },
    {
      "object_kind": "var",
      "config_addr": "module.aci.module.aci_sr_mpls_l3out.var.target_dscp",
      "status": "pass",
      "objects": null
    },
    {
      "object_kind": "var",
      "config_addr": "module.aci.module.aci_l3out.var.annotation",
      "status": "pass",
      "objects": null
    },
    {
      "object_kind": "var",
      "config_addr": "module.aci.module.aci_nd_interface_policy.var.retransmit_timer",
      "status": "pass",
      "objects": null
    },
    {
      "object_kind": "var",
      "config_addr": "module.aci.module.aci_access_fex_interface_profile_manual.var.name",
      "status": "pass",
      "objects": null
    },
    {
      "object_kind": "var",
      "config_addr": "module.aci.module.aci_l3out_interface_profile_manual.var.bfd_policy",
      "status": "pass",
      "objects": null
    },
    {
      "object_kind": "var",
      "config_addr": "module.aci.module.aci_set_rule.var.metric",
      "status": "pass",
      "objects": null
    },
    {
      "object_kind": "var",
      "config_addr": "module.aci.module.aci_vrf.var.bgp_ipv6_export_route_target",
      "status": "pass",
      "objects": null
    },
    {
      "object_kind": "var",
      "config_addr": "module.aci.module.aci_access_leaf_interface_selector_auto.var.policy_group",
      "status": "pass",
      "objects": null
    },
    {
      "object_kind": "var",
      "config_addr": "module.aci.module.aci_imported_l4l7_device.var.source_device",
      "status": "pass",
      "objects": null
    },
    {
      "object_kind": "var",
      "config_addr": "module.aci.module.aci_trust_control_policy.var.name",
      "status": "pass",
      "objects": null
    },
    {
      "object_kind": "var",
      "config_addr": "module.aci.module.aci_bgp_address_family_context_policy.var.ibgp_distance",
      "status": "pass",
      "objects": null
    },
    {
      "object_kind": "var",
      "config_addr": "module.aci.module.aci_fabric_scheduler.var.name",
      "status": "pass",
      "objects": null
    },
    {
      "object_kind": "var",
      "config_addr": "module.aci.module.aci_sr_mpls_l3out_interface_profile_manual.var.eigrp_interface_profile_name",
      "status": "pass",
      "objects": null
    },
    {
      "object_kind": "var",
      "config_addr": "module.aci.module.aci_ospf_timer_policy.var.lsa_hold_interval",
      "status": "pass",
      "objects": null
    },
    {
      "object_kind": "var",
      "config_addr": "module.aci.module.aci_maintenance_group.var.name",
      "status": "pass",
      "objects": null
    },
    {
      "object_kind": "var",
      "config_addr": "module.aci.module.aci_physical_domain.var.vlan_pool_allocation",
      "status": "pass",
      "objects": null
    },
    {
      "object_kind": "var",
      "config_addr": "module.aci.module.aci_nd_interface_policy.var.hop_limit",
      "status": "pass",
      "objects": null
    },
    {
      "object_kind": "var",
      "config_addr": "module.aci.module.aci_dns_policy.var.mgmt_epg_name",
      "status": "pass",
      "objects": null
    },
    {
      "object_kind": "var",
      "config_addr": "module.aci.module.aci_access_fex_interface_selector_manual.var.policy_group",
      "status": "pass",
      "objects": null
    },
    {
      "object_kind": "var",
      "config_addr": "module.aci.module.aci_set_rule.var.set_as_paths",
      "status": "pass",
      "objects": null
    },
    {
      "object_kind": "var",
      "config_addr": "module.aci.module.aci_interface_configuration_fex.var.module",
      "status": "pass",
      "objects": null
    },
    {
      "object_kind": "var",
      "config_addr": "module.aci.module.aci_fabric_span_source_group.var.name",
      "status": "pass",
      "objects": null
    },
    {
      "object_kind": "var",
      "config_addr": "module.aci.module.aci_ospf_interface_policy.var.lsa_retransmit_interval",
      "status": "pass",
      "objects": null
    },
    {
      "object_kind": "var",
      "config_addr": "module.aci.module.aci_useg_endpoint_group.var.name",
      "status": "pass",
      "objects": null
    },
    {
      "object_kind": "var",
      "config_addr": "module.aci.module.aci_l2_policy.var.name",
      "status": "pass",
      "objects": null
    },
    {
      "object_kind": "var",
      "config_addr": "module.aci.module.aci_access_span_source_group.var.description",
      "status": "pass",
      "objects": null
    },
    {
      "object_kind": "var",
      "config_addr": "module.aci.module.aci_fabric_span_destination_group.var.dscp",
      "status": "pass",
      "objects": null
    },
    {
      "object_kind": "var",
      "config_addr": "module.aci.module.aci_nd_interface_policy.var.nud_retransmit_base",
      "status": "pass",
      "objects": null
    },
    {
      "object_kind": "var",
      "config_addr": "module.aci.module.aci_useg_endpoint_group.var.contract_imported_consumers",
      "status": "pass",
      "objects": null
    },
    {
      "object_kind": "var",
      "config_addr": "module.aci.module.aci_sr_mpls_l3out_interface_profile_manual.var.bfd_policy",
      "status": "pass",
      "objects": null
    },
    {
      "object_kind": "var",
      "config_addr": "module.aci.module.aci_sr_mpls_global_configuration.var.sr_global_block_minimum",
      "status": "pass",
      "objects": null
    },
    {
      "object_kind": "var",
      "config_addr": "module.aci.module.aci_user.var.certificates",
      "status": "pass",
      "objects": null
    },
    {
      "object_kind": "var",
      "config_addr": "module.aci.module.aci_sr_mpls_l3out_node_profile_manual.var.mpls_custom_qos_policy",
      "status": "pass",
      "objects": null
    },
    {
      "object_kind": "var",
      "config_addr": "module.aci.module.aci_access_span_destination_group.var.application_profile",
      "status": "pass",
      "objects": null
    },
    {
      "object_kind": "var",
      "config_addr": "module.aci.module.aci_device_selection_policy.var.service_graph_template",
      "status": "pass",
      "objects": null
    },
    {
      "object_kind": "var",
      "config_addr": "module.aci.module.aci_l3out.var.target_dscp",
      "status": "pass",
      "objects": null
    },
    {
      "object_kind": "var",
      "config_addr": "module.aci.module.aci_set_rule.var.community_mode",
      "status": "pass",
      "objects": null
    },
    {
      "object_kind": "var",
      "config_addr": "module.aci.module.aci_igmp_interface_policy.var.reserved_mcast_entries",
      "status": "pass",
      "objects": null
    },
    {
      "object_kind": "var",
      "config_addr": "module.aci.module.aci_bgp_best_path_policy.var.control_type",
      "status": "pass",
      "objects": null
    },
    {
      "object_kind": "var",
      "config_addr": "module.aci.module.aci_l3out_interface_profile_manual.var.interfaces",
      "status": "pass",
      "objects": null
    },
    {
      "object_kind": "var",
      "config_addr": "module.aci.module.aci_vrf.var.enforcement_preference",
      "status": "pass",
      "objects": null
    },
    {
      "object_kind": "var",
      "config_addr": "module.aci.module.aci_bfd_multihop_node_policy.var.min_rx_interval",
      "status": "pass",
      "objects": null
    },
    {
      "object_kind": "var",
      "config_addr": "module.aci.module.aci_sr_mpls_l3out.var.name",
      "status": "pass",
      "objects": null
    },
    {
      "object_kind": "var",
      "config_addr": "module.aci.module.aci_ospf_interface_policy.var.priority",
      "status": "pass",
      "objects": null
    },
    {
      "object_kind": "var",
      "config_addr": "module.aci.module.aci_fabric_link_level_policy.var.description",
      "status": "pass",
      "objects": null
    },
    {
      "object_kind": "var",
      "config_addr": "module.aci.module.aci_leaf_interface_configuration.var.policy_group_type",
      "status": "pass",
      "objects": null
    },
    {
      "object_kind": "var",
      "config_addr": "module.aci.module.aci_l3out.var.dampening_ipv6_route_map",
      "status": "pass",
      "objects": null
    },
    {
      "object_kind": "var",
      "config_addr": "module.aci.module.aci_endpoint_security_group.var.description",
      "status": "pass",
      "objects": null
    },
    {
      "object_kind": "var",
      "config_addr": "module.aci.module.aci_sr_mpls_l3out.var.import_route_map_contexts",
      "status": "pass",
      "objects": null
    },
    {
      "object_kind": "var",
      "config_addr": "module.aci.module.aci_tenant_span_destination_group.var.destination_tenant",
      "status": "pass",
      "objects": null
    },
    {
      "object_kind": "var",
      "config_addr": "module.aci.module.aci_service_graph_template.var.device_tenant",
      "status": "pass",
      "objects": null
    },
    {
      "object_kind": "var",
      "config_addr": "module.aci.module.aci_config_passphrase.var.config_passphrase",
      "status": "pass",
      "objects": null
    },
    {
      "object_kind": "var",
      "config_addr": "module.aci.module.aci_external_endpoint_group.var.name",
      "status": "pass",
      "objects": null
    },
    {
      "object_kind": "var",
      "config_addr": "module.aci.module.aci_snmp_trap_policy.var.destinations",
      "status": "pass",
      "objects": null
    },
    {
      "object_kind": "var",
      "config_addr": "module.aci.module.aci_access_spine_interface_selector_manual.var.interface_profile",
      "status": "pass",
      "objects": null
    },
    {
      "object_kind": "var",
      "config_addr": "module.aci.module.aci_leaf_interface_configuration.var.port",
      "status": "pass",
      "objects": null
    },
    {
      "object_kind": "var",
      "config_addr": "module.aci.module.aci_keyring.var.description",
      "status": "pass",
      "objects": null
    },
    {
      "object_kind": "var",
      "config_addr": "module.aci.module.aci_leaf_fabric_interface_configuration.var.module",
      "status": "pass",
      "objects": null
    },
    {
      "object_kind": "var",
      "config_addr": "module.aci.module.aci_bfd_ipv4_policy.var.startup_timer_interval",
      "status": "pass",
      "objects": null
    },
    {
      "object_kind": "var",
      "config_addr": "module.aci.module.aci_eigrp_interface_policy.var.delay_unit",
      "status": "pass",
      "objects": null
    },
    {
      "object_kind": "var",
      "config_addr": "module.aci.module.aci_sr_mpls_l3out.var.ospf_area",
      "status": "pass",
      "objects": null
    },
    {
      "object_kind": "var",
      "config_addr": "module.aci.module.aci_l3out_interface_profile_auto.var.qos_class",
      "status": "pass",
      "objects": null
    },
    {
      "object_kind": "var",
      "config_addr": "module.aci.module.aci_access_leaf_switch_policy_group.var.name",
      "status": "pass",
      "objects": null
    },
    {
      "object_kind": "var",
      "config_addr": "module.aci.module.aci_external_endpoint_group.var.qos_class",
      "status": "pass",
      "objects": null
    },
    {
      "object_kind": "var",
      "config_addr": "module.aci.module.aci_application_profile.var.alias",
      "status": "pass",
      "objects": null
    },
    {
      "object_kind": "var",
      "config_addr": "module.aci.module.aci_access_leaf_interface_selector_manual.var.description",
      "status": "pass",
      "objects": null
    },
    {
      "object_kind": "var",
      "config_addr": "module.aci.module.aci_storm_control_policy.var.description",
      "status": "pass",
      "objects": null
    },
    {
      "object_kind": "var",
      "config_addr": "module.aci.module.aci_user.var.username",
      "status": "pass",
      "objects": null
    },
    {
      "object_kind": "var",
      "config_addr": "module.aci.module.aci_sr_mpls_external_endpoint_group.var.contract_consumers",
      "status": "pass",
      "objects": null
    },
    {
      "object_kind": "var",
      "config_addr": "module.aci.module.aci_sr_mpls_l3out.var.ospf_area_cost",
      "status": "pass",
      "objects": null
    },
    {
      "object_kind": "var",
      "config_addr": "module.aci.module.aci_igmp_interface_policy.var.startup_query_count",
      "status": "pass",
      "objects": null
    },
    {
      "object_kind": "var",
      "config_addr": "module.aci.module.aci_fabric_pod_policy_group.var.date_time_policy",
      "status": "pass",
      "objects": null
    },
    {
      "object_kind": "var",
      "config_addr": "module.aci.module.aci_endpoint_group.var.l4l7_address_pools",
      "status": "pass",
      "objects": null
    },
    {
      "object_kind": "var",
      "config_addr": "module.aci.module.aci_l3out_interface_profile_manual.var.description",
      "status": "pass",
      "objects": null
    },
    {
      "object_kind": "var",
      "config_addr": "module.aci.module.aci_access_fex_interface_selector_manual.var.interface_profile",
      "status": "pass",
      "objects": null
    },
    {
      "object_kind": "var",
      "config_addr": "module.aci.module.aci_mcp_policy.var.name",
      "status": "pass",
      "objects": null
    },
    {
      "object_kind": "var",
      "config_addr": "module.aci.module.aci_external_endpoint_group.var.tenant",
      "status": "pass",
      "objects": null
    },
    {
      "object_kind": "var",
      "config_addr": "module.aci.module.aci_management_access_policy.var.https_allow_origins",
      "status": "pass",
      "objects": null
    },
    {
      "object_kind": "var",
      "config_addr": "module.aci.module.aci_aaa.var.password_no_change_interval",
      "status": "pass",
      "objects": null
    },
    {
      "object_kind": "var",
      "config_addr": "module.aci.module.aci_ip_sla_policy.var.port",
      "status": "pass",
      "objects": null
    },
    {
      "object_kind": "var",
      "config_addr": "module.aci.module.aci_imported_contract.var.tenant",
      "status": "pass",
      "objects": null
    },
    {
      "object_kind": "var",
      "config_addr": "module.aci.module.aci_tenant_span_destination_group.var.destination_endpoint_group",
      "status": "pass",
      "objects": null
    },
    {
      "object_kind": "var",
      "config_addr": "module.aci.module.aci_sr_mpls_l3out_node_profile_manual.var.nodes",
      "status": "pass",
      "objects": null
    },
    {
      "object_kind": "var",
      "config_addr": "module.aci.module.aci_fabric_spine_switch_profile_auto.var.name",
      "status": "pass",
      "objects": null
    },
    {
      "object_kind": "var",
      "config_addr": "module.aci.module.aci_endpoint_security_group.var.contract_consumers",
      "status": "pass",
      "objects": null
    },
    {
      "object_kind": "var",
      "config_addr": "module.aci.module.aci_fabric_spine_switch_configuration.var.node_id",
      "status": "pass",
      "objects": null
    },
    {
      "object_kind": "var",
      "config_addr": "module.aci.module.aci_track_list.var.weight_down",
      "status": "pass",
      "objects": null
    },
    {
      "object_kind": "var",
      "config_addr": "module.aci.module.aci_access_leaf_interface_policy_group.var.macsec_interface_policy",
      "status": "pass",
      "objects": null
    },
    {
      "object_kind": "var",
      "config_addr": "module.aci.module.aci_ospf_timer_policy.var.spf_max_interval",
      "status": "pass",
      "objects": null
    },
    {
      "object_kind": "var",
      "config_addr": "module.aci.module.aci_aaa.var.password_class_flags",
      "status": "pass",
      "objects": null
    },
    {
      "object_kind": "var",
      "config_addr": "module.aci.module.aci_access_leaf_switch_policy_group.var.bfd_ipv4_policy",
      "status": "pass",
      "objects": null
    },
    {
      "object_kind": "var",
      "config_addr": "module.aci.module.aci_l3out_interface_profile_auto.var.tenant",
      "status": "pass",
      "objects": null
    },
    {
      "object_kind": "var",
      "config_addr": "module.aci.module.aci_dhcp_relay_policy.var.name",
      "status": "pass",
      "objects": null
    },
    {
      "object_kind": "var",
      "config_addr": "module.aci.module.aci_bfd_ipv6_policy.var.slow_timer_interval",
      "status": "pass",
      "objects": null
    },
    {
      "object_kind": "var",
      "config_addr": "module.aci.module.aci_dhcp_option_policy.var.name",
      "status": "pass",
      "objects": null
    },
    {
      "object_kind": "var",
      "config_addr": "module.aci.module.aci_spine_fabric_interface_configuration.var.node_id",
      "status": "pass",
      "objects": null
    },
    {
      "object_kind": "var",
      "config_addr": "module.aci.module.aci_sr_mpls_l3out_node_profile_manual.var.bgp_timer_policy",
      "status": "pass",
      "objects": null
    },
    {
      "object_kind": "var",
      "config_addr": "module.aci.module.aci_nd_interface_policy.var.name",
      "status": "pass",
      "objects": null
    },
    {
      "object_kind": "var",
      "config_addr": "module.aci.module.aci_igmp_snooping_policy.var.start_query_count",
      "status": "pass",
      "objects": null
    },
    {
      "object_kind": "var",
      "config_addr": "module.aci.module.aci_l2_mtu_policy.var.name",
      "status": "pass",
      "objects": null
    },
    {
      "object_kind": "var",
      "config_addr": "module.aci.module.aci_physical_domain.var.name",
      "status": "pass",
      "objects": null
    },
    {
      "object_kind": "var",
      "config_addr": "module.aci.module.aci_useg_endpoint_group.var.l4l7_address_pools",
      "status": "pass",
      "objects": null
    },
    {
      "object_kind": "var",
      "config_addr": "module.aci.module.aci_fabric_span_destination_group.var.flow_id",
      "status": "pass",
      "objects": null
    },
    {
      "object_kind": "var",
      "config_addr": "module.aci.module.aci_aaep.var.vmware_vmm_domains",
      "status": "pass",
      "objects": null
    },
    {
      "object_kind": "var",
      "config_addr": "module.aci.module.aci_node_registration.var.type",
      "status": "pass",
      "objects": null
    },
    {
      "object_kind": "var",
      "config_addr": "module.aci.module.aci_ptp_profile.var.template",
      "status": "pass",
      "objects": null
    },
    {
      "object_kind": "var",
      "config_addr": "module.aci.module.aci_ip_sla_policy.var.description",
      "status": "pass",
      "objects": null
    },
    {
      "object_kind": "var",
      "config_addr": "module.aci.module.aci_geolocation.var.buildings",
      "status": "pass",
      "objects": null
    },
    {
      "object_kind": "var",
      "config_addr": "module.aci.module.aci_access_fex_interface_selector_manual.var.name",
      "status": "pass",
      "objects": null
    },
    {
      "object_kind": "var",
      "config_addr": "module.aci.module.aci_management_access_policy.var.description",
      "status": "pass",
      "objects": null
    },
    {
      "object_kind": "var",
      "config_addr": "module.aci.module.aci_storm_control_policy.var.unknown_unicast_burst_rate",
      "status": "pass",
      "objects": null
    },
    {
      "object_kind": "var",
      "config_addr": "module.aci.module.aci_endpoint_security_group.var.contract_intra_esgs",
      "status": "pass",
      "objects": null
    },
    {
      "object_kind": "var",
      "config_addr": "module.aci.module.aci_bfd_multihop_node_policy.var.name",
      "status": "pass",
      "objects": null
    },
    {
      "object_kind": "var",
      "config_addr": "module.aci.module.aci_l3out_node_profile_auto.var.bfd_multihop_node_policy",
      "status": "pass",
      "objects": null
    },
    {
      "object_kind": "var",
      "config_addr": "module.aci.module.aci_macsec_keychain_policies.var.name",
      "status": "pass",
      "objects": null
    },
    {
      "object_kind": "var",
      "config_addr": "module.aci.module.aci_vrf.var.pim_mtu",
      "status": "pass",
      "objects": null
    },
    {
      "object_kind": "var",
      "config_addr": "module.aci.module.aci_leaf_interface_configuration_sub.var.fex_id",
      "status": "pass",
      "objects": null
    },
    {
      "object_kind": "var",
      "config_addr": "module.aci.module.aci_qos_policy.var.tenant",
      "status": "pass",
      "objects": null
    },
    {
      "object_kind": "var",
      "config_addr": "module.aci.module.aci_redirect_policy.var.hashing",
      "status": "pass",
      "objects": null
    },
    {
      "object_kind": "var",
      "config_addr": "module.aci.module.aci_vrf.var.ospf_ipv6_address_family_context_policy",
      "status": "pass",
      "objects": null
    },
    {
      "object_kind": "var",
      "config_addr": "module.aci.module.aci_l3out.var.vrf",
      "status": "pass",
      "objects": null
    },
    {
      "object_kind": "var",
      "config_addr": "module.aci.module.aci_access_leaf_switch_profile_manual.var.selectors",
      "status": "pass",
      "objects": null
    },
    {
      "object_kind": "var",
      "config_addr": "module.aci.module.aci_access_fex_interface_selector_manual.var.description",
      "status": "pass",
      "objects": null
    },
    {
      "object_kind": "var",
      "config_addr": "module.aci.module.aci_ospf_timer_policy.var.tenant",
      "status": "pass",
      "objects": null
    },
    {
      "object_kind": "var",
      "config_addr": "module.aci.module.aci_login_domain.var.radius_providers",
      "status": "pass",
      "objects": null
    },
    {
      "object_kind": "var",
      "config_addr": "module.aci.module.aci_device_selection_policy.var.consumer_service_epg_policy_tenant",
      "status": "pass",
      "objects": null
    },
    {
      "object_kind": "var",
      "config_addr": "module.aci.module.aci_netflow_exporter.var.l3out",
      "status": "pass",
      "objects": null
    },
    {
      "object_kind": "var",
      "config_addr": "module.aci.module.aci_fabric_l2_mtu.var.l2_port_mtu",
      "status": "pass",
      "objects": null
    },
    {
      "object_kind": "var",
      "config_addr": "module.aci.module.aci_endpoint_security_group.var.application_profile",
      "status": "pass",
      "objects": null
    },
    {
      "object_kind": "var",
      "config_addr": "module.aci.module.aci_ospf_timer_policy.var.name",
      "status": "pass",
      "objects": null
    },
    {
      "object_kind": "var",
      "config_addr": "module.aci.module.aci_leaf_interface_configuration_sub.var.policy_group_type",
      "status": "pass",
      "objects": null
    },
    {
      "object_kind": "var",
      "config_addr": "module.aci.module.aci_pod_setup.var.remote_pools",
      "status": "pass",
      "objects": null
    },
    {
      "object_kind": "var",
      "config_addr": "module.aci.module.aci_fabric_pod_profile_manual.var.selectors",
      "status": "pass",
      "objects": null
    },
    {
      "object_kind": "var",
      "config_addr": "module.aci.module.aci_vrf.var.bgp_ipv4_import_route_target",
      "status": "pass",
      "objects": null
    },
    {
      "object_kind": "var",
      "config_addr": "module.aci.module.aci_l3out_interface_profile_manual.var.transport_data_plane",
      "status": "pass",
      "objects": null
    },
    {
      "object_kind": "var",
      "config_addr": "module.aci.module.aci_tacacs.var.protocol",
      "status": "pass",
      "objects": null
    },
    {
      "object_kind": "var",
      "config_addr": "module.aci.module.aci_infra_dscp_translation_policy.var.level_1",
      "status": "pass",
      "objects": null
    },
    {
      "object_kind": "var",
      "config_addr": "module.aci.module.aci_config_export.var.description",
      "status": "pass",
      "objects": null
    },
    {
      "object_kind": "var",
      "config_addr": "module.aci.module.aci_l3out_interface_profile_auto.var.eigrp_interface_policy",
      "status": "pass",
      "objects": null
    },
    {
      "object_kind": "var",
      "config_addr": "module.aci.module.aci_spine_interface_configuration.var.module",
      "status": "pass",
      "objects": null
    },
    {
      "object_kind": "var",
      "config_addr": "module.aci.module.aci_l3out_interface_profile_manual.var.qos_class",
      "status": "pass",
      "objects": null
    },
    {
      "object_kind": "var",
      "config_addr": "module.aci.module.aci_macsec_parameters_policy.var.confidentiality_offset",
      "status": "pass",
      "objects": null
    },
    {
      "object_kind": "var",
      "config_addr": "module.aci.module.aci_bgp_timer_policy.var.hold_interval",
      "status": "pass",
      "objects": null
    },
    {
      "object_kind": "var",
      "config_addr": "module.aci.module.aci_igmp_interface_policy.var.robustness_variable",
      "status": "pass",
      "objects": null
    },
    {
      "object_kind": "var",
      "config_addr": "module.aci.module.aci_ospf_timer_policy.var.max_lsa_reset_interval",
      "status": "pass",
      "objects": null
    },
    {
      "object_kind": "var",
      "config_addr": "module.aci.module.aci_set_rule.var.preference",
      "status": "pass",
      "objects": null
    },
    {
      "object_kind": "var",
      "config_addr": "module.aci.module.aci_netflow_exporter.var.application_profile",
      "status": "pass",
      "objects": null
    },
    {
      "object_kind": "var",
      "config_addr": "module.aci.module.aci_bfd_ipv4_policy.var.detection_multiplier",
      "status": "pass",
      "objects": null
    },
    {
      "object_kind": "var",
      "config_addr": "module.aci.module.aci_endpoint_group.var.application_profile",
      "status": "pass",
      "objects": null
    },
    {
      "object_kind": "var",
      "config_addr": "module.aci.module.aci_cdp_policy.var.name",
      "status": "pass",
      "objects": null
    },
    {
      "object_kind": "var",
      "config_addr": "module.aci.module.aci_access_leaf_interface_policy_group.var.map",
      "status": "pass",
      "objects": null
    },
    {
      "object_kind": "var",
      "config_addr": "module.aci.module.aci_vrf.var.pim_auto_rp_filter_multicast_route_map",
      "status": "pass",
      "objects": null
    },
    {
      "object_kind": "var",
      "config_addr": "module.aci.module.aci_l3out.var.ospf_area_type",
      "status": "pass",
      "objects": null
    },
    {
      "object_kind": "var",
      "config_addr": "module.aci.module.aci_useg_endpoint_group.var.vmware_vmm_domains",
      "status": "pass",
      "objects": null
    },
    {
      "object_kind": "var",
      "config_addr": "module.aci.module.aci_bridge_domain.var.unknown_unicast",
      "status": "pass",
      "objects": null
    },
    {
      "object_kind": "var",
      "config_addr": "module.aci.module.aci_leaf_fabric_interface_configuration_sub.var.module",
      "status": "pass",
      "objects": null
    },
    {
      "object_kind": "var",
      "config_addr": "module.aci.module.aci_mpls_custom_qos_policy.var.ingress_rules",
      "status": "pass",
      "objects": null
    },
    {
      "object_kind": "var",
      "config_addr": "module.aci.module.aci_fabric_spine_interface_profile_auto.var.name",
      "status": "pass",
      "objects": null
    },
    {
      "object_kind": "var",
      "config_addr": "module.aci.module.aci_fabric_leaf_switch_profile_manual.var.interface_profiles",
      "status": "pass",
      "objects": null
    },
    {
      "object_kind": "var",
      "config_addr": "module.aci.module.aci_useg_endpoint_group.var.physical_domains",
      "status": "pass",
      "objects": null
    },
    {
      "object_kind": "var",
      "config_addr": "module.aci.module.aci_inband_endpoint_group.var.contract_providers",
      "status": "pass",
      "objects": null
    },
    {
      "object_kind": "var",
      "config_addr": "module.aci.module.aci_bridge_domain.var.virtual_mac",
      "status": "pass",
      "objects": null
    },
    {
      "object_kind": "var",
      "config_addr": "module.aci.module.aci_fabric_leaf_switch_configuration.var.role",
      "status": "pass",
      "objects": null
    },
    {
      "object_kind": "var",
      "config_addr": "module.aci.module.aci_sr_mpls_l3out.var.export_route_map_name",
      "status": "pass",
      "objects": null
    },
    {
      "object_kind": "var",
      "config_addr": "module.aci.module.aci_management_access_policy.var.https_dh",
      "status": "pass",
      "objects": null
    },
    {
      "object_kind": "var",
      "config_addr": "module.aci.module.aci_radius.var.protocol",
      "status": "pass",
      "objects": null
    },
    {
      "object_kind": "var",
      "config_addr": "module.aci.module.aci_mcp.var.initial_delay",
      "status": "pass",
      "objects": null
    },
    {
      "object_kind": "var",
      "config_addr": "module.aci.module.aci_service_graph_template.var.device_function",
      "status": "pass",
      "objects": null
    },
    {
      "object_kind": "var",
      "config_addr": "module.aci.module.aci_route_tag_policy.var.tenant",
      "status": "pass",
      "objects": null
    },
    {
      "object_kind": "var",
      "config_addr": "module.aci.module.aci_leaf_interface_configuration_sub.var.port",
      "status": "pass",
      "objects": null
    },
    {
      "object_kind": "var",
      "config_addr": "module.aci.module.aci_inband_endpoint_group.var.bridge_domain",
      "status": "pass",
      "objects": null
    },
    {
      "object_kind": "var",
      "config_addr": "module.aci.module.aci_l3out_interface_profile_auto.var.node_profile",
      "status": "pass",
      "objects": null
    },
    {
      "object_kind": "var",
      "config_addr": "module.aci.module.aci_monitoring_policy.var.syslog_policies",
      "status": "pass",
      "objects": null
    },
    {
      "object_kind": "var",
      "config_addr": "module.aci.module.aci_syslog_policy.var.console_severity",
      "status": "pass",
      "objects": null
    },
    {
      "object_kind": "var",
      "config_addr": "module.aci.module.aci_sr_mpls_l3out.var.import_route_map_type",
      "status": "pass",
      "objects": null
    },
    {
      "object_kind": "var",
      "config_addr": "module.aci.module.aci_inband_node_address.var.endpoint_group_vlan",
      "status": "pass",
      "objects": null
    },
    {
      "object_kind": "var",
      "config_addr": "module.aci.module.aci_l3out_node_profile_manual.var.mpls_custom_qos_policy",
      "status": "pass",
      "objects": null
    },
    {
      "object_kind": "var",
      "config_addr": "module.aci.module.aci_remote_location.var.mgmt_epg_name",
      "status": "pass",
      "objects": null
    },
    {
      "object_kind": "var",
      "config_addr": "module.aci.module.aci_vmware_vmm_domain.var.vswitch_port_channel_policy",
      "status": "pass",
      "objects": null
    },
    {
      "object_kind": "var",
      "config_addr": "module.aci.module.aci_leaf_fabric_interface_configuration_sub.var.description",
      "status": "pass",
      "objects": null
    },
    {
      "object_kind": "var",
      "config_addr": "module.aci.module.aci_dns_policy.var.name",
      "status": "pass",
      "objects": null
    },
    {
      "object_kind": "var",
      "config_addr": "module.aci.module.aci_ospf_interface_policy.var.dead_interval",
      "status": "pass",
      "objects": null
    },
    {
      "object_kind": "var",
      "config_addr": "module.aci.module.aci_device_selection_policy.var.provider_external_endpoint_group_tenant",
      "status": "pass",
      "objects": null
    },
    {
      "object_kind": "var",
      "config_addr": "module.aci.module.aci_redirect_policy.var.name",
      "status": "pass",
      "objects": null
    },
    {
      "object_kind": "var",
      "config_addr": "module.aci.module.aci_nd_interface_policy.var.nud_retransmit_count",
      "status": "pass",
      "objects": null
    },
    {
      "object_kind": "var",
      "config_addr": "module.aci.module.aci_netflow_monitor.var.name",
      "status": "pass",
      "objects": null
    },
    {
      "object_kind": "var",
      "config_addr": "module.aci.module.aci_multicast_route_map.var.description",
      "status": "pass",
      "objects": null
    },
    {
      "object_kind": "var",
      "config_addr": "module.aci.module.aci_access_spine_switch_configuration.var.node_id",
      "status": "pass",
      "objects": null
    },
    {
      "object_kind": "var",
      "config_addr": "module.aci.module.aci_bgp_best_path_policy.var.tenant",
      "status": "pass",
      "objects": null
    },
    {
      "object_kind": "var",
      "config_addr": "module.aci.module.aci_bridge_domain.var.unknown_ipv4_multicast",
      "status": "pass",
      "objects": null
    },
    {
      "object_kind": "var",
      "config_addr": "module.aci.module.aci_vpc_group.var.groups",
      "status": "pass",
      "objects": [
        {
          "object_addr": "module.aci.module.aci_vpc_group[0].var.groups",
          "status": "pass"
        }
      ]
    },
    {
      "object_kind": "var",
      "config_addr": "module.aci.module.aci_macsec_interfaces_policy.var.macsec_keychain_policy",
      "status": "pass",
      "objects": null
    },
    {
      "object_kind": "var",
      "config_addr": "module.aci.module.aci_pod_setup.var.pod_id",
      "status": "pass",
      "objects": null
    },
    {
      "object_kind": "var",
      "config_addr": "module.aci.module.aci_oob_endpoint_group.var.name",
      "status": "pass",
      "objects": null
    },
    {
      "object_kind": "var",
      "config_addr": "module.aci.module.aci_spine_interface_configuration.var.node_id",
      "status": "pass",
      "objects": null
    },
    {
      "object_kind": "var",
      "config_addr": "module.aci.module.aci_link_level_policy.var.fec_mode",
      "status": "pass",
      "objects": null
    },
    {
      "object_kind": "var",
      "config_addr": "module.aci.module.aci_mcp.var.loop_detection",
      "status": "pass",
      "objects": null
    },
    {
      "object_kind": "var",
      "config_addr": "module.aci.module.aci_mst_policy.var.revision",
      "status": "pass",
      "objects": null
    },
    {
      "object_kind": "var",
      "config_addr": "module.aci.module.aci_set_rule.var.tenant",
      "status": "pass",
      "objects": null
    },
    {
      "object_kind": "var",
      "config_addr": "module.aci.module.aci_leaf_interface_configuration_sub.var.sub_port",
      "status": "pass",
      "objects": null
    },
    {
      "object_kind": "var",
      "config_addr": "module.aci.module.aci_ospf_timer_policy.var.max_lsa_sleep_interval",
      "status": "pass",
      "objects": null
    },
    {
      "object_kind": "var",
      "config_addr": "module.aci.module.aci_vmware_vmm_domain.var.vswitch_enhanced_lags",
      "status": "pass",
      "objects": null
    },
    {
      "object_kind": "var",
      "config_addr": "module.aci.module.aci_set_rule.var.dampening_suppress_limit",
      "status": "pass",
      "objects": null
    },
    {
      "object_kind": "var",
      "config_addr": "module.aci.module.aci_endpoint_group.var.contract_providers",
      "status": "pass",
      "objects": null
    },
    {
      "object_kind": "var",
      "config_addr": "module.aci.module.aci_fabric_leaf_switch_profile_manual.var.selectors",
      "status": "pass",
      "objects": null
    },
    {
      "object_kind": "var",
      "config_addr": "module.aci.module.aci_access_leaf_interface_policy_group.var.mcp_policy",
      "status": "pass",
      "objects": null
    },
    {
      "object_kind": "var",
      "config_addr": "module.aci.module.aci_ospf_timer_policy.var.max_lsa_sleep_count",
      "status": "pass",
      "objects": null
    },
    {
      "object_kind": "var",
      "config_addr": "module.aci.module.aci_port_channel_member_policy.var.priority",
      "status": "pass",
      "objects": null
    },
    {
      "object_kind": "var",
      "config_addr": "module.aci.module.aci_nd_interface_policy.var.router_lifetime",
      "status": "pass",
      "objects": null
    },
    {
      "object_kind": "var",
      "config_addr": "module.aci.module.aci_l3out_interface_profile_auto.var.l3out",
      "status": "pass",
      "objects": null
    },
    {
      "object_kind": "var",
      "config_addr": "module.aci.module.aci_netflow_record.var.name",
      "status": "pass",
      "objects": null
    },
    {
      "object_kind": "var",
      "config_addr": "module.aci.module.aci_track_list.var.percentage_down",
      "status": "pass",
      "objects": null
    },
    {
      "object_kind": "var",
      "config_addr": "module.aci.module.aci_bgp_timer_policy.var.tenant",
      "status": "pass",
      "objects": null
    },
    {
      "object_kind": "var",
      "config_addr": "module.aci.module.aci_user.var.certificate_name",
      "status": "pass",
      "objects": null
    },
    {
      "object_kind": "var",
      "config_addr": "module.aci.module.aci_login_domain.var.ldap_group_map",
      "status": "pass",
      "objects": null
    },
    {
      "object_kind": "var",
      "config_addr": "module.aci.module.aci_nd_interface_policy.var.ns_tx_interval",
      "status": "pass",
      "objects": null
    },
    {
      "object_kind": "var",
      "config_addr": "module.aci.module.aci_netflow_exporter.var.external_endpoint_group",
      "status": "pass",
      "objects": null
    },
    {
      "object_kind": "var",
      "config_addr": "module.aci.module.aci_inband_node_address.var.pod_id",
      "status": "pass",
      "objects": null
    },
    {
      "object_kind": "var",
      "config_addr": "module.aci.module.aci_endpoint_security_group.var.ip_subnet_selectors",
      "status": "pass",
      "objects": null
    },
    {
      "object_kind": "var",
      "config_addr": "module.aci.module.aci_igmp_snooping_policy.var.last_member_query_interval",
      "status": "pass",
      "objects": null
    },
    {
      "object_kind": "var",
      "config_addr": "module.aci.module.aci_bfd_interface_policy.var.name",
      "status": "pass",
      "objects": null
    },
    {
      "object_kind": "var",
      "config_addr": "module.aci.module.aci_endpoint_group.var.tags",
      "status": "pass",
      "objects": null
    },
    {
      "object_kind": "var",
      "config_addr": "module.aci.module.aci_vrf.var.pim_reserved_multicast_entries",
      "status": "pass",
      "objects": null
    },
    {
      "object_kind": "var",
      "config_addr": "module.aci.module.aci_dns_policy.var.domains",
      "status": "pass",
      "objects": null
    },
    {
      "object_kind": "var",
      "config_addr": "module.aci.module.aci_fabric_link_level_policy.var.link_debounce_interval",
      "status": "pass",
      "objects": null
    },
    {
      "object_kind": "var",
      "config_addr": "module.aci.module.aci_vrf.var.pim_static_rps",
      "status": "pass",
      "objects": null
    },
    {
      "object_kind": "var",
      "config_addr": "module.aci.module.aci_set_rule.var.dampening_reuse_limit",
      "status": "pass",
      "objects": null
    },
    {
      "object_kind": "var",
      "config_addr": "module.aci.module.aci_spine_interface_configuration.var.policy_group",
      "status": "pass",
      "objects": null
    },
    {
      "object_kind": "var",
      "config_addr": "module.aci.module.aci_endpoint_security_group.var.tag_selectors",
      "status": "pass",
      "objects": null
    },
    {
      "object_kind": "var",
      "config_addr": "module.aci.module.aci_infra_dscp_translation_policy.var.level_5",
      "status": "pass",
      "objects": null
    },
    {
      "object_kind": "var",
      "config_addr": "module.aci.module.aci_leaf_interface_configuration_sub.var.node_id",
      "status": "pass",
      "objects": null
    },
    {
      "object_kind": "var",
      "config_addr": "module.aci.module.aci_endpoint_group.var.static_ports",
      "status": "pass",
      "objects": null
    },
    {
      "object_kind": "var",
      "config_addr": "module.aci.module.aci_aaa.var.password_change_interval",
      "status": "pass",
      "objects": null
    },
    {
      "object_kind": "var",
      "config_addr": "module.aci.module.aci_infra_dscp_translation_policy.var.level_3",
      "status": "pass",
      "objects": null
    },
    {
      "object_kind": "var",
      "config_addr": "module.aci.module.aci_l3out_node_profile_auto.var.mpls_custom_qos_policy",
      "status": "pass",
      "objects": null
    },
    {
      "object_kind": "var",
      "config_addr": "module.aci.module.aci_vspan_session.var.description",
      "status": "pass",
      "objects": null
    },
    {
      "object_kind": "var",
      "config_addr": "module.aci.module.aci_set_rule.var.external_endpoint_group_l3out",
      "status": "pass",
      "objects": null
    },
    {
      "object_kind": "var",
      "config_addr": "module.aci.module.aci_l4l7_device.var.context_aware",
      "status": "pass",
      "objects": null
    },
    {
      "object_kind": "var",
      "config_addr": "module.aci.module.aci_l3out_interface_profile_manual.var.ospf_authentication_type",
      "status": "pass",
      "objects": null
    },
    {
      "object_kind": "var",
      "config_addr": "module.aci.module.aci_tenant_span_source_group.var.description",
      "status": "pass",
      "objects": null
    },
    {
      "object_kind": "var",
      "config_addr": "module.aci.module.aci_vlan_pool.var.name",
      "status": "pass",
      "objects": null
    },
    {
      "object_kind": "var",
      "config_addr": "module.aci.module.aci_user.var.ssh_keys",
      "status": "pass",
      "objects": null
    },
    {
      "object_kind": "var",
      "config_addr": "module.aci.module.aci_filter.var.description",
      "status": "pass",
      "objects": null
    },
    {
      "object_kind": "var",
      "config_addr": "module.aci.module.aci_ptp_profile.var.announce_timeout",
      "status": "pass",
      "objects": null
    },
    {
      "object_kind": "var",
      "config_addr": "module.aci.module.aci_vrf.var.contract_consumers",
      "status": "pass",
      "objects": null
    },
    {
      "object_kind": "var",
      "config_addr": "module.aci.module.aci_ip_sla_policy.var.sla_type",
      "status": "pass",
      "objects": null
    },
    {
      "object_kind": "var",
      "config_addr": "module.aci.module.aci_date_time_policy.var.apic_ntp_server_master_stratum",
      "status": "pass",
      "objects": null
    },
    {
      "object_kind": "var",
      "config_addr": "module.aci.module.aci_ospf_timer_policy.var.max_lsa_threshold",
      "status": "pass",
      "objects": null
    },
    {
      "object_kind": "var",
      "config_addr": "module.aci.module.aci_tacacs.var.timeout",
      "status": "pass",
      "objects": null
    },
    {
      "object_kind": "var",
      "config_addr": "module.aci.module.aci_vrf.var.pim_max_multicast_entries",
      "status": "pass",
      "objects": null
    },
    {
      "object_kind": "var",
      "config_addr": "module.aci.module.aci_device_selection_policy.var.provider_service_epg_policy",
      "status": "pass",
      "objects": null
    },
    {
      "object_kind": "var",
      "config_addr": "module.aci.module.aci_smart_licensing.var.proxy_port",
      "status": "pass",
      "objects": null
    },
    {
      "object_kind": "var",
      "config_addr": "module.aci.module.aci_sr_mpls_l3out_interface_profile_manual.var.ospf_authentication_key_id",
      "status": "pass",
      "objects": null
    },
    {
      "object_kind": "var",
      "config_addr": "module.aci.module.aci_aaa.var.min_password_length",
      "status": "pass",
      "objects": null
    },
    {
      "object_kind": "var",
      "config_addr": "module.aci.module.aci_vrf.var.pim_bsr_filter_multicast_route_map",
      "status": "pass",
      "objects": null
    },
    {
      "object_kind": "var",
      "config_addr": "module.aci.module.aci_storm_control_policy.var.burst_rate",
      "status": "pass",
      "objects": null
    },
    {
      "object_kind": "var",
      "config_addr": "module.aci.module.aci_aaa.var.password_strength_test_type",
      "status": "pass",
      "objects": null
    },
    {
      "object_kind": "var",
      "config_addr": "module.aci.module.aci_l3out.var.redistribution_route_maps",
      "status": "pass",
      "objects": null
    },
    {
      "object_kind": "var",
      "config_addr": "module.aci.module.aci_interface_configuration_fex.var.port_channel_member_policy",
      "status": "pass",
      "objects": null
    },
    {
      "object_kind": "var",
      "config_addr": "module.aci.module.aci_fabric_spine_switch_profile_auto.var.selectors",
      "status": "pass",
      "objects": null
    },
    {
      "object_kind": "var",
      "config_addr": "module.aci.module.aci_route_control_route_map.var.tenant",
      "status": "pass",
      "objects": null
    },
    {
      "object_kind": "var",
      "config_addr": "module.aci.module.aci_leaf_interface_configuration_sub.var.policy_group",
      "status": "pass",
      "objects": null
    },
    {
      "object_kind": "var",
      "config_addr": "module.aci.module.aci_vmware_vmm_domain.var.allocation",
      "status": "pass",
      "objects": null
    },
    {
      "object_kind": "var",
      "config_addr": "module.aci.module.aci_netflow_exporter.var.name",
      "status": "pass",
      "objects": null
    },
    {
      "object_kind": "var",
      "config_addr": "module.aci.module.aci_fabric_spine_switch_policy_group.var.name",
      "status": "pass",
      "objects": null
    },
    {
      "object_kind": "var",
      "config_addr": "module.aci.module.aci_spine_fabric_interface_configuration.var.role",
      "status": "pass",
      "objects": null
    },
    {
      "object_kind": "var",
      "config_addr": "module.aci.module.aci_external_endpoint_group.var.route_control_profiles",
      "status": "pass",
      "objects": null
    },
    {
      "object_kind": "var",
      "config_addr": "module.aci.module.aci_ptp.var.announce_interval",
      "status": "pass",
      "objects": null
    },
    {
      "object_kind": "var",
      "config_addr": "module.aci.module.aci_access_leaf_switch_profile_auto.var.selectors",
      "status": "pass",
      "objects": null
    },
    {
      "object_kind": "var",
      "config_addr": "module.aci.module.aci_endpoint_security_group.var.tenant",
      "status": "pass",
      "objects": null
    },
    {
      "object_kind": "var",
      "config_addr": "module.aci.module.aci_rbac_node_rule.var.port_rules",
      "status": "pass",
      "objects": null
    },
    {
      "object_kind": "var",
      "config_addr": "module.aci.module.aci_sr_mpls_l3out.var.description",
      "status": "pass",
      "objects": null
    },
    {
      "object_kind": "var",
      "config_addr": "module.aci.module.aci_storm_control_policy.var.unknown_unicast_rate",
      "status": "pass",
      "objects": null
    },
    {
      "object_kind": "var",
      "config_addr": "module.aci.module.aci_netflow_exporter.var.source_type",
      "status": "pass",
      "objects": null
    },
    {
      "object_kind": "var",
      "config_addr": "module.aci.module.aci_ptp_profile.var.name",
      "status": "pass",
      "objects": null
    },
    {
      "object_kind": "var",
      "config_addr": "module.aci.module.aci_bfd_interface_policy.var.echo_rx_interval",
      "status": "pass",
      "objects": null
    },
    {
      "object_kind": "var",
      "config_addr": "module.aci.module.aci_l3out.var.export_route_map_contexts",
      "status": "pass",
      "objects": null
    },
    {
      "object_kind": "var",
      "config_addr": "module.aci.module.aci_ptp_profile.var.announce_interval",
      "status": "pass",
      "objects": null
    },
    {
      "object_kind": "var",
      "config_addr": "module.aci.module.aci_fabric_pod_policy_group.var.name",
      "status": "pass",
      "objects": null
    },
    {
      "object_kind": "var",
      "config_addr": "module.aci.module.aci_vmware_vmm_domain.var.vlan_pool",
      "status": "pass",
      "objects": null
    },
    {
      "object_kind": "var",
      "config_addr": "module.aci.module.aci_bgp_peer_prefix_policy.var.tenant",
      "status": "pass",
      "objects": null
    },
    {
      "object_kind": "var",
      "config_addr": "module.aci.module.aci_l3out_node_profile_auto.var.tenant",
      "status": "pass",
      "objects": null
    },
    {
      "object_kind": "var",
      "config_addr": "module.aci.module.aci_ldap.var.group_map_rules",
      "status": "pass",
      "objects": [
        {
          "object_addr": "module.aci.module.aci_ldap.var.group_map_rules",
          "status": "pass"
        }
      ]
    },
    {
      "object_kind": "var",
      "config_addr": "module.aci.module.aci_access_leaf_switch_configuration.var.node_id",
      "status": "pass",
      "objects": null
    },
    {
      "object_kind": "var",
      "config_addr": "module.aci.module.aci_node_registration.var.node_id",
      "status": "pass",
      "objects": null
    },
    {
      "object_kind": "var",
      "config_addr": "module.aci.module.aci_route_tag_policy.var.tag",
      "status": "pass",
      "objects": null
    },
    {
      "object_kind": "var",
      "config_addr": "module.aci.module.aci_oob_node_address.var.pod_id",
      "status": "pass",
      "objects": null
    },
    {
      "object_kind": "var",
      "config_addr": "module.aci.module.aci_igmp_interface_policy.var.tenant",
      "status": "pass",
      "objects": null
    },
    {
      "object_kind": "var",
      "config_addr": "module.aci.module.aci_sr_mpls_l3out.var.export_route_map_type",
      "status": "pass",
      "objects": null
    },
    {
      "object_kind": "var",
      "config_addr": "module.aci.module.aci_management_access_policy.var.ssh_port",
      "status": "pass",
      "objects": null
    },
    {
      "object_kind": "var",
      "config_addr": "module.aci.module.aci_login_domain.var.auth_choice",
      "status": "pass",
      "objects": null
    },
    {
      "object_kind": "var",
      "config_addr": "module.aci.module.aci_ospf_timer_policy.var.spf_init_interval",
      "status": "pass",
      "objects": null
    },
    {
      "object_kind": "var",
      "config_addr": "module.aci.module.aci_tacacs.var.port",
      "status": "pass",
      "objects": null
    },
    {
      "object_kind": "var",
      "config_addr": "module.aci.module.aci_spine_interface_configuration.var.description",
      "status": "pass",
      "objects": null
    },
    {
      "object_kind": "var",
      "config_addr": "module.aci.module.aci_vrf.var.pim_resource_policy_multicast_route_map",
      "status": "pass",
      "objects": null
    },
    {
      "object_kind": "var",
      "config_addr": "module.aci.module.aci_interface_type.var.type",
      "status": "pass",
      "objects": null
    },
    {
      "object_kind": "var",
      "config_addr": "module.aci.module.aci_fabric_leaf_switch_configuration.var.node_id",
      "status": "pass",
      "objects": null
    },
    {
      "object_kind": "var",
      "config_addr": "module.aci.module.aci_device_selection_policy.var.provider_external_endpoint_group",
      "status": "pass",
      "objects": null
    },
    {
      "object_kind": "var",
      "config_addr": "module.aci.module.aci_snmp_trap_policy.var.name",
      "status": "pass",
      "objects": null
    },
    {
      "object_kind": "var",
      "config_addr": "module.aci.module.aci_imported_contract.var.source_contract",
      "status": "pass",
      "objects": null
    },
    {
      "object_kind": "var",
      "config_addr": "module.aci.module.aci_management_access_policy.var.telnet_port",
      "status": "pass",
      "objects": null
    },
    {
      "object_kind": "var",
      "config_addr": "module.aci.module.aci_interface_type.var.node_id",
      "status": "pass",
      "objects": null
    },
    {
      "object_kind": "var",
      "config_addr": "module.aci.module.aci_fabric_span_source_group.var.destination_description",
      "status": "pass",
      "objects": null
    },
    {
      "object_kind": "var",
      "config_addr": "module.aci.module.aci_access_leaf_interface_selector_manual.var.fex_interface_profile",
      "status": "pass",
      "objects": null
    },
    {
      "object_kind": "var",
      "config_addr": "module.aci.module.aci_service_epg_policy.var.tenant",
      "status": "pass",
      "objects": null
    },
    {
      "object_kind": "var",
      "config_addr": "module.aci.module.aci_storm_control_policy.var.rate",
      "status": "pass",
      "objects": null
    },
    {
      "object_kind": "var",
      "config_addr": "module.aci.module.aci_access_leaf_interface_selector_auto.var.sub_port_blocks",
      "status": "pass",
      "objects": null
    },
    {
      "object_kind": "var",
      "config_addr": "module.aci.module.aci_access_spine_switch_profile_manual.var.selectors",
      "status": "pass",
      "objects": null
    },
    {
      "object_kind": "var",
      "config_addr": "module.aci.module.aci_access_leaf_interface_selector_auto.var.port_blocks",
      "status": "pass",
      "objects": null
    },
    {
      "object_kind": "var",
      "config_addr": "module.aci.module.aci_l3out.var.ospf_area_cost",
      "status": "pass",
      "objects": null
    },
    {
      "object_kind": "var",
      "config_addr": "module.aci.module.aci_vrf.var.pim_asm_traffic_registry_source_ip",
      "status": "pass",
      "objects": null
    },
    {
      "object_kind": "var",
      "config_addr": "module.aci.module.aci_l2_policy.var.vlan_scope",
      "status": "pass",
      "objects": null
    },
    {
      "object_kind": "var",
      "config_addr": "module.aci.module.aci_set_rule.var.weight",
      "status": "pass",
      "objects": null
    },
    {
      "object_kind": "var",
      "config_addr": "module.aci.module.aci_sr_mpls_l3out.var.sr_mpls_infra_l3outs",
      "status": "pass",
      "objects": null
    },
    {
      "object_kind": "var",
      "config_addr": "module.aci.module.aci_trust_control_policy.var.description",
      "status": "pass",
      "objects": null
    },
    {
      "object_kind": "var",
      "config_addr": "module.aci.module.aci_bfd_multihop_node_policy.var.min_tx_interval",
      "status": "pass",
      "objects": null
    },
    {
      "object_kind": "var",
      "config_addr": "module.aci.module.aci_track_list.var.percentage_up",
      "status": "pass",
      "objects": null
    },
    {
      "object_kind": "var",
      "config_addr": "module.aci.module.aci_netflow_exporter.var.destination_port",
      "status": "pass",
      "objects": null
    },
    {
      "object_kind": "var",
      "config_addr": "module.aci.module.aci_aaep.var.infra_vlan",
      "status": "pass",
      "objects": null
    },
    {
      "object_kind": "var",
      "config_addr": "module.aci.module.aci_fabric_span_destination_group.var.ttl",
      "status": "pass",
      "objects": null
    },
    {
      "object_kind": "var",
      "config_addr": "module.aci.module.aci_access_spine_interface_profile_manual.var.name",
      "status": "pass",
      "objects": null
    },
    {
      "object_kind": "var",
      "config_addr": "module.aci.module.aci_access_spine_interface_policy_group.var.cdp_policy",
      "status": "pass",
      "objects": null
    },
    {
      "object_kind": "var",
      "config_addr": "module.aci.module.aci_vrf.var.contract_providers",
      "status": "pass",
      "objects": null
    },
    {
      "object_kind": "var",
      "config_addr": "module.aci.module.aci_endpoint_group.var.bridge_domain",
      "status": "pass",
      "objects": null
    },
    {
      "object_kind": "var",
      "config_addr": "module.aci.module.aci_sr_mpls_external_endpoint_group.var.name",
      "status": "pass",
      "objects": null
    },
    {
      "object_kind": "var",
      "config_addr": "module.aci.module.aci_bfd_ipv6_policy.var.echo_rx_interval",
      "status": "pass",
      "objects": null
    },
    {
      "object_kind": "var",
      "config_addr": "module.aci.module.aci_vrf.var.pim_asm_traffic_registry_max_rate",
      "status": "pass",
      "objects": null
    },
    {
      "object_kind": "var",
      "config_addr": "module.aci.module.aci_rbac_node_rule.var.node_id",
      "status": "pass",
      "objects": null
    },
    {
      "object_kind": "var",
      "config_addr": "module.aci.module.aci_bridge_domain.var.tenant",
      "status": "pass",
      "objects": null
    },
    {
      "object_kind": "var",
      "config_addr": "module.aci.module.aci_dns_policy.var.mgmt_epg_type",
      "status": "pass",
      "objects": null
    },
    {
      "object_kind": "var",
      "config_addr": "module.aci.module.aci_l3out.var.export_route_map_type",
      "status": "pass",
      "objects": null
    },
    {
      "object_kind": "var",
      "config_addr": "module.aci.module.aci_spine_fabric_interface_configuration.var.policy_group",
      "status": "pass",
      "objects": null
    },
    {
      "object_kind": "var",
      "config_addr": "module.aci.module.aci_endpoint_group.var.contract_masters",
      "status": "pass",
      "objects": null
    },
    {
      "object_kind": "var",
      "config_addr": "module.aci.module.aci_fabric_pod_profile_auto.var.selectors",
      "status": "pass",
      "objects": null
    },
    {
      "object_kind": "var",
      "config_addr": "module.aci.module.aci_leaf_interface_configuration.var.sub_port",
      "status": "pass",
      "objects": null
    },
    {
      "object_kind": "var",
      "config_addr": "module.aci.module.aci_user.var.status",
      "status": "pass",
      "objects": null
    },
    {
      "object_kind": "var",
      "config_addr": "module.aci.module.aci_igmp_snooping_policy.var.query_interval",
      "status": "pass",
      "objects": null
    },
    {
      "object_kind": "var",
      "config_addr": "module.aci.module.aci_storm_control_policy.var.broadcast_pps",
      "status": "pass",
      "objects": null
    },
    {
      "object_kind": "var",
      "config_addr": "module.aci.module.aci_netflow_exporter.var.vrf",
      "status": "pass",
      "objects": null
    },
    {
      "object_kind": "var",
      "config_addr": "module.aci.module.aci_vrf.var.bgp_ipv6_address_family_context_policy",
      "status": "pass",
      "objects": null
    },
    {
      "object_kind": "var",
      "config_addr": "module.aci.module.aci_interface_configuration_fex.var.fex_id",
      "status": "pass",
      "objects": null
    },
    {
      "object_kind": "var",
      "config_addr": "module.aci.module.aci_psu_policy.var.admin_state",
      "status": "pass",
      "objects": null
    },
    {
      "object_kind": "var",
      "config_addr": "module.aci.module.aci_useg_endpoint_group.var.description",
      "status": "pass",
      "objects": null
    },
    {
      "object_kind": "var",
      "config_addr": "module.aci.module.aci_macsec_parameters_policy.var.description",
      "status": "pass",
      "objects": null
    },
    {
      "object_kind": "var",
      "config_addr": "module.aci.module.aci_igmp_interface_policy.var.query_interval",
      "status": "pass",
      "objects": null
    },
    {
      "object_kind": "var",
      "config_addr": "module.aci.module.aci_external_connectivity_policy.var.data_plane_teps",
      "status": "pass",
      "objects": null
    },
    {
      "object_kind": "var",
      "config_addr": "module.aci.module.aci_qos_policy.var.name",
      "status": "pass",
      "objects": null
    },
    {
      "object_kind": "var",
      "config_addr": "module.aci.module.aci_management_access_policy.var.name",
      "status": "pass",
      "objects": null
    },
    {
      "object_kind": "var",
      "config_addr": "module.aci.module.aci_aaa.var.login_block_duration",
      "status": "pass",
      "objects": null
    },
    {
      "object_kind": "var",
      "config_addr": "module.aci.module.aci_ospf_timer_policy.var.distance",
      "status": "pass",
      "objects": null
    },
    {
      "object_kind": "var",
      "config_addr": "module.aci.module.aci_fabric_span_destination_group.var.application_profile",
      "status": "pass",
      "objects": null
    },
    {
      "object_kind": "var",
      "config_addr": "module.aci.module.aci_ospf_timer_policy.var.lsa_start_interval",
      "status": "pass",
      "objects": null
    },
    {
      "object_kind": "var",
      "config_addr": "module.aci.module.aci_useg_endpoint_group.var.match_type",
      "status": "pass",
      "objects": null
    },
    {
      "object_kind": "var",
      "config_addr": "module.aci.module.aci_access_leaf_switch_profile_manual.var.name",
      "status": "pass",
      "objects": null
    },
    {
      "object_kind": "var",
      "config_addr": "module.aci.module.aci_access_leaf_interface_selector_sub_auto.var.sub_port_blocks",
      "status": "pass",
      "objects": null
    },
    {
      "object_kind": "var",
      "config_addr": "module.aci.module.aci_mpls_custom_qos_policy.var.alias",
      "status": "pass",
      "objects": null
    },
    {
      "object_kind": "var",
      "config_addr": "module.aci.module.aci_external_connectivity_policy.var.unicast_teps",
      "status": "pass",
      "objects": null
    },
    {
      "object_kind": "var",
      "config_addr": "module.aci.module.aci_link_level_policy.var.physical_media_type",
      "status": "pass",
      "objects": null
    },
    {
      "object_kind": "var",
      "config_addr": "module.aci.module.aci_oob_endpoint_group.var.oob_contract_providers",
      "status": "pass",
      "objects": null
    },
    {
      "object_kind": "var",
      "config_addr": "module.aci.module.aci_tenant_span_destination_group.var.ttl",
      "status": "pass",
      "objects": null
    },
    {
      "object_kind": "var",
      "config_addr": "module.aci.module.aci_bfd_ipv4_policy.var.description",
      "status": "pass",
      "objects": null
    },
    {
      "object_kind": "var",
      "config_addr": "module.aci.module.aci_infra_dscp_translation_policy.var.level_6",
      "status": "pass",
      "objects": null
    },
    {
      "object_kind": "var",
      "config_addr": "module.aci.module.aci_aaa.var.console_realm",
      "status": "pass",
      "objects": null
    },
    {
      "object_kind": "var",
      "config_addr": "module.aci.module.aci_vrf.var.pim_ssm_group_range_multicast_route_map",
      "status": "pass",
      "objects": null
    },
    {
      "object_kind": "var",
      "config_addr": "module.aci.module.aci_access_span_filter_group.var.description",
      "status": "pass",
      "objects": null
    },
    {
      "object_kind": "var",
      "config_addr": "module.aci.module.aci_storm_control_policy.var.name",
      "status": "pass",
      "objects": null
    },
    {
      "object_kind": "var",
      "config_addr": "module.aci.module.aci_leaf_interface_configuration.var.port_channel_member_policy",
      "status": "pass",
      "objects": null
    },
    {
      "object_kind": "var",
      "config_addr": "module.aci.module.aci_filter.var.name",
      "status": "pass",
      "objects": null
    },
    {
      "object_kind": "var",
      "config_addr": "module.aci.module.aci_external_endpoint_group.var.l3out",
      "status": "pass",
      "objects": null
    },
    {
      "object_kind": "var",
      "config_addr": "module.aci.module.aci_bgp_best_path_policy.var.name",
      "status": "pass",
      "objects": null
    },
    {
      "object_kind": "var",
      "config_addr": "module.aci.module.aci_endpoint_group.var.custom_qos_policy",
      "status": "pass",
      "objects": null
    },
    {
      "object_kind": "var",
      "config_addr": "module.aci.module.aci_device_selection_policy.var.sgt_device_tenant",
      "status": "pass",
      "objects": null
    },
    {
      "object_kind": "var",
      "config_addr": "module.aci.module.aci_ip_sla_policy.var.name",
      "status": "pass",
      "objects": null
    },
    {
      "object_kind": "var",
      "config_addr": "module.aci.module.aci_l4l7_device.var.logical_interfaces",
      "status": "pass",
      "objects": null
    },
    {
      "object_kind": "var",
      "config_addr": "module.aci.module.aci_l3out.var.interleak_route_map",
      "status": "pass",
      "objects": null
    },
    {
      "object_kind": "var",
      "config_addr": "module.aci.module.aci_dhcp_option_policy.var.options",
      "status": "pass",
      "objects": null
    },
    {
      "object_kind": "var",
      "config_addr": "module.aci.module.aci_imported_l4l7_device.var.source_tenant",
      "status": "pass",
      "objects": null
    },
    {
      "object_kind": "var",
      "config_addr": "module.aci.module.aci_filter.var.tenant",
      "status": "pass",
      "objects": null
    },
    {
      "object_kind": "var",
      "config_addr": "module.aci.module.aci_track_list.var.type",
      "status": "pass",
      "objects": null
    },
    {
      "object_kind": "var",
      "config_addr": "module.aci.module.aci_access_span_destination_group.var.ttl",
      "status": "pass",
      "objects": null
    },
    {
      "object_kind": "var",
      "config_addr": "module.aci.module.aci_fabric_span_source_group.var.description",
      "status": "pass",
      "objects": null
    },
    {
      "object_kind": "var",
      "config_addr": "module.aci.module.aci_application_profile.var.annotation",
      "status": "pass",
      "objects": null
    },
    {
      "object_kind": "var",
      "config_addr": "module.aci.module.aci_l3out_interface_profile_auto.var.name",
      "status": "pass",
      "objects": null
    },
    {
      "object_kind": "var",
      "config_addr": "module.aci.module.aci_filter.var.alias",
      "status": "pass",
      "objects": null
    },
    {
      "object_kind": "var",
      "config_addr": "module.aci.module.aci_dhcp_option_policy.var.description",
      "status": "pass",
      "objects": null
    },
    {
      "object_kind": "var",
      "config_addr": "module.aci.module.aci_bfd_ipv4_policy.var.min_rx_interval",
      "status": "pass",
      "objects": null
    },
    {
      "object_kind": "var",
      "config_addr": "module.aci.module.aci_useg_endpoint_group.var.tenant",
      "status": "pass",
      "objects": null
    },
    {
      "object_kind": "var",
      "config_addr": "module.aci.module.aci_l3out.var.import_route_map_type",
      "status": "pass",
      "objects": null
    },
    {
      "object_kind": "var",
      "config_addr": "module.aci.module.aci_service_graph_template.var.device_name",
      "status": "pass",
      "objects": null
    },
    {
      "object_kind": "var",
      "config_addr": "module.aci.module.aci_sr_mpls_l3out_node_profile_manual.var.bgp_infra_peers",
      "status": "pass",
      "objects": null
    },
    {
      "object_kind": "var",
      "config_addr": "module.aci.module.aci_service_graph_template.var.alias",
      "status": "pass",
      "objects": null
    },
    {
      "object_kind": "var",
      "config_addr": "module.aci.module.aci_infra_dscp_translation_policy.var.policy_plane",
      "status": "pass",
      "objects": null
    },
    {
      "object_kind": "var",
      "config_addr": "module.aci.module.aci_route_tag_policy.var.name",
      "status": "pass",
      "objects": null
    },
    {
      "object_kind": "var",
      "config_addr": "module.aci.module.aci_nd_interface_policy.var.description",
      "status": "pass",
      "objects": null
    },
    {
      "object_kind": "var",
      "config_addr": "module.aci.module.aci_storm_control_policy.var.configuration_type",
      "status": "pass",
      "objects": null
    },
    {
      "object_kind": "var",
      "config_addr": "module.aci.module.aci_access_span_destination_group.var.flow_id",
      "status": "pass",
      "objects": null
    },
    {
      "object_kind": "var",
      "config_addr": "module.aci.module.aci_l3out.var.import_route_map_description",
      "status": "pass",
      "objects": null
    },
    {
      "object_kind": "var",
      "config_addr": "module.aci.module.aci_l3out_node_profile_manual.var.tenant",
      "status": "pass",
      "objects": null
    },
    {
      "object_kind": "var",
      "config_addr": "module.aci.module.aci_qos_policy.var.alias",
      "status": "pass",
      "objects": null
    },
    {
      "object_kind": "var",
      "config_addr": "module.aci.module.aci_netflow_vmm_exporter.var.description",
      "status": "pass",
      "objects": null
    },
    {
      "object_kind": "var",
      "config_addr": "module.aci.module.aci_netflow_exporter.var.description",
      "status": "pass",
      "objects": null
    },
    {
      "object_kind": "var",
      "config_addr": "module.aci.module.aci_eigrp_interface_policy.var.hold_interval",
      "status": "pass",
      "objects": null
    },
    {
      "object_kind": "var",
      "config_addr": "module.aci.module.aci_access_span_destination_group.var.node_id",
      "status": "pass",
      "objects": null
    },
    {
      "object_kind": "var",
      "config_addr": "module.aci.module.aci_interface_configuration_fex.var.node_id",
      "status": "pass",
      "objects": null
    },
    {
      "object_kind": "var",
      "config_addr": "module.aci.module.aci_service_graph_template.var.template_type",
      "status": "pass",
      "objects": null
    },
    {
      "object_kind": "var",
      "config_addr": "module.aci.module.aci_access_leaf_switch_profile_manual.var.interface_profiles",
      "status": "pass",
      "objects": null
    },
    {
      "object_kind": "var",
      "config_addr": "module.aci.module.aci_access_leaf_interface_selector_sub_auto.var.name",
      "status": "pass",
      "objects": null
    },
    {
      "object_kind": "var",
      "config_addr": "module.aci.module.aci_eigrp_interface_policy.var.hello_interval",
      "status": "pass",
      "objects": null
    },
    {
      "object_kind": "var",
      "config_addr": "module.aci.module.aci_remote_location.var.port",
      "status": "pass",
      "objects": null
    },
    {
      "object_kind": "var",
      "config_addr": "module.aci.module.aci_nd_ra_prefix_policy.var.description",
      "status": "pass",
      "objects": null
    },
    {
      "object_kind": "var",
      "config_addr": "module.aci.module.aci_sr_mpls_l3out_node_profile_manual.var.bgp_peers",
      "status": "pass",
      "objects": null
    },
    {
      "object_kind": "var",
      "config_addr": "module.aci.module.aci_access_span_source_group.var.destination_description",
      "status": "pass",
      "objects": null
    },
    {
      "object_kind": "var",
      "config_addr": "module.aci.module.aci_redirect_policy.var.max_threshold",
      "status": "pass",
      "objects": null
    },
    {
      "object_kind": "var",
      "config_addr": "module.aci.module.aci_external_connectivity_policy.var.site_id",
      "status": "pass",
      "objects": null
    },
    {
      "object_kind": "var",
      "config_addr": "module.aci.module.aci_access_leaf_interface_policy_group.var.name",
      "status": "pass",
      "objects": null
    },
    {
      "object_kind": "var",
      "config_addr": "module.aci.module.aci_access_leaf_interface_profile_auto.var.name",
      "status": "pass",
      "objects": null
    },
    {
      "object_kind": "var",
      "config_addr": "module.aci.module.aci_access_leaf_switch_configuration.var.role",
      "status": "pass",
      "objects": null
    },
    {
      "object_kind": "var",
      "config_addr": "module.aci.module.aci_l4l7_device.var.vmm_domain",
      "status": "pass",
      "objects": null
    },
    {
      "object_kind": "var",
      "config_addr": "module.aci.module.aci_access_leaf_interface_selector_manual.var.fex_id",
      "status": "pass",
      "objects": null
    },
    {
      "object_kind": "var",
      "config_addr": "module.aci.module.aci_contract.var.scope",
      "status": "pass",
      "objects": null
    },
    {
      "object_kind": "var",
      "config_addr": "module.aci.module.aci_sr_mpls_l3out_interface_profile_manual.var.ospf_interface_profile_name",
      "status": "pass",
      "objects": null
    },
    {
      "object_kind": "var",
      "config_addr": "module.aci.module.aci_tenant.var.alias",
      "status": "pass",
      "objects": null
    },
    {
      "object_kind": "var",
      "config_addr": "module.aci.module.aci_bridge_domain.var.annotation",
      "status": "pass",
      "objects": null
    },
    {
      "object_kind": "var",
      "config_addr": "module.aci.module.aci_match_rule.var.regex_community_terms",
      "status": "pass",
      "objects": null
    },
    {
      "object_kind": "var",
      "config_addr": "module.aci.module.aci_storm_control_policy.var.multicast_burst_pps",
      "status": "pass",
      "objects": null
    },
    {
      "object_kind": "var",
      "config_addr": "module.aci.module.aci_application_profile.var.tenant",
      "status": "pass",
      "objects": null
    },
    {
      "object_kind": "var",
      "config_addr": "module.aci.module.aci_mst_policy.var.instances",
      "status": "pass",
      "objects": null
    },
    {
      "object_kind": "var",
      "config_addr": "module.aci.module.aci_service_graph_template.var.description",
      "status": "pass",
      "objects": null
    },
    {
      "object_kind": "var",
      "config_addr": "module.aci.module.aci_useg_endpoint_group.var.qos_class",
      "status": "pass",
      "objects": null
    },
    {
      "object_kind": "var",
      "config_addr": "module.aci.module.aci_ptp_profile.var.sync_interval",
      "status": "pass",
      "objects": null
    },
    {
      "object_kind": "var",
      "config_addr": "module.aci.module.aci_device_selection_policy.var.consumer_bridge_domain",
      "status": "pass",
      "objects": null
    },
    {
      "object_kind": "var",
      "config_addr": "module.aci.module.aci_aaa.var.login_max_failed_attempts",
      "status": "pass",
      "objects": null
    },
    {
      "object_kind": "var",
      "config_addr": "module.aci.module.aci_pim_policy.var.join_prune_interval",
      "status": "pass",
      "objects": null
    },
    {
      "object_kind": "var",
      "config_addr": "module.aci.module.aci_access_spine_switch_profile_manual.var.name",
      "status": "pass",
      "objects": null
    },
    {
      "object_kind": "var",
      "config_addr": "module.aci.module.aci_access_leaf_switch_profile_auto.var.name",
      "status": "pass",
      "objects": null
    },
    {
      "object_kind": "var",
      "config_addr": "module.aci.module.aci_ca_certificate.var.name",
      "status": "pass",
      "objects": null
    },
    {
      "object_kind": "var",
      "config_addr": "module.aci.module.aci_access_leaf_interface_policy_group.var.port_channel_policy",
      "status": "pass",
      "objects": null
    },
    {
      "object_kind": "var",
      "config_addr": "module.aci.module.aci_storm_control_policy.var.unknown_unicast_pps",
      "status": "pass",
      "objects": null
    },
    {
      "object_kind": "var",
      "config_addr": "module.aci.module.aci_infra_dscp_translation_policy.var.span",
      "status": "pass",
      "objects": null
    },
    {
      "object_kind": "var",
      "config_addr": "module.aci.module.aci_ptp.var.delay_interval",
      "status": "pass",
      "objects": null
    },
    {
      "object_kind": "var",
      "config_addr": "module.aci.module.aci_fabric_leaf_interface_profile_auto.var.name",
      "status": "pass",
      "objects": null
    },
    {
      "object_kind": "var",
      "config_addr": "module.aci.module.aci_vrf.var.bgp_ipv4_export_route_target",
      "status": "pass",
      "objects": null
    },
    {
      "object_kind": "var",
      "config_addr": "module.aci.module.aci_fabric_link_level_policy.var.name",
      "status": "pass",
      "objects": null
    },
    {
      "object_kind": "var",
      "config_addr": "module.aci.module.aci_user.var.description",
      "status": "pass",
      "objects": null
    },
    {
      "object_kind": "var",
      "config_addr": "module.aci.module.aci_macsec_parameters_policy.var.cipher_suite",
      "status": "pass",
      "objects": null
    },
    {
      "object_kind": "var",
      "config_addr": "module.aci.module.aci_contract.var.description",
      "status": "pass",
      "objects": null
    },
    {
      "object_kind": "var",
      "config_addr": "module.aci.module.aci_macsec_parameters_policy.var.key_server_priority",
      "status": "pass",
      "objects": null
    },
    {
      "object_kind": "var",
      "config_addr": "module.aci.module.aci_interface_configuration_fex.var.breakout",
      "status": "pass",
      "objects": null
    },
    {
      "object_kind": "var",
      "config_addr": "module.aci.module.aci_bgp_address_family_context_policy.var.ebgp_distance",
      "status": "pass",
      "objects": null
    },
    {
      "object_kind": "var",
      "config_addr": "module.aci.module.aci_l3out_interface_profile_manual.var.tenant",
      "status": "pass",
      "objects": null
    },
    {
      "object_kind": "var",
      "config_addr": "module.aci.module.aci_leaf_fabric_interface_configuration_sub.var.policy_group",
      "status": "pass",
      "objects": null
    },
    {
      "object_kind": "var",
      "config_addr": "module.aci.module.aci_igmp_interface_policy.var.static_report_multicast_route_map",
      "status": "pass",
      "objects": null
    },
    {
      "object_kind": "var",
      "config_addr": "module.aci.module.aci_match_rule.var.tenant",
      "status": "pass",
      "objects": null
    },
    {
      "object_kind": "var",
      "config_addr": "module.aci.module.aci_tenant_span_destination_group.var.flow_id",
      "status": "pass",
      "objects": null
    },
    {
      "object_kind": "var",
      "config_addr": "module.aci.module.aci_ptp_profile.var.delay_interval",
      "status": "pass",
      "objects": null
    },
    {
      "object_kind": "var",
      "config_addr": "module.aci.module.aci_eigrp_interface_policy.var.bandwidth",
      "status": "pass",
      "objects": null
    },
    {
      "object_kind": "var",
      "config_addr": "module.aci.module.aci_tenant_span_destination_group.var.span_version",
      "status": "pass",
      "objects": null
    },
    {
      "object_kind": "var",
      "config_addr": "module.aci.module.aci_endpoint_security_group.var.name",
      "status": "pass",
      "objects": null
    },
    {
      "object_kind": "var",
      "config_addr": "module.aci.module.aci_l3out_interface_profile_auto.var.ospf_interface_profile_name",
      "status": "pass",
      "objects": null
    },
    {
      "object_kind": "var",
      "config_addr": "module.aci.module.aci_leaf_interface_configuration.var.description",
      "status": "pass",
      "objects": null
    },
    {
      "object_kind": "var",
      "config_addr": "module.aci.module.aci_vrf.var.bgp_ipv6_import_route_target",
      "status": "pass",
      "objects": null
    },
    {
      "object_kind": "var",
      "config_addr": "module.aci.module.aci_access_leaf_interface_selector_sub_auto.var.policy_group_type",
      "status": "pass",
      "objects": null
    },
    {
      "object_kind": "var",
      "config_addr": "module.aci.module.aci_contract.var.subjects",
      "status": "pass",
      "objects": null
    },
    {
      "object_kind": "var",
      "config_addr": "module.aci.module.aci_leaf_fabric_interface_configuration.var.role",
      "status": "pass",
      "objects": null
    },
    {
      "object_kind": "var",
      "config_addr": "module.aci.module.aci_track_member.var.scope_type",
      "status": "pass",
      "objects": null
    },
    {
      "object_kind": "var",
      "config_addr": "module.aci.module.aci_l3out_interface_profile_auto.var.ospf_authentication_key_id",
      "status": "pass",
      "objects": null
    },
    {
      "object_kind": "var",
      "config_addr": "module.aci.module.aci_vrf.var.contract_imported_consumers",
      "status": "pass",
      "objects": null
    },
    {
      "object_kind": "var",
      "config_addr": "module.aci.module.aci_track_list.var.tenant",
      "status": "pass",
      "objects": null
    },
    {
      "object_kind": "var",
      "config_addr": "module.aci.module.aci_qos.var.qos_classes",
      "status": "pass",
      "objects": null
    },
    {
      "object_kind": "var",
      "config_addr": "module.aci.module.aci_keyring.var.name",
      "status": "pass",
      "objects": null
    },
    {
      "object_kind": "var",
      "config_addr": "module.aci.module.aci_macsec_parameters_policy.var.security_policy",
      "status": "pass",
      "objects": null
    },
    {
      "object_kind": "var",
      "config_addr": "module.aci.module.aci_mcp.var.frequency_msec",
      "status": "pass",
      "objects": null
    },
    {
      "object_kind": "var",
      "config_addr": "module.aci.module.aci_igmp_snooping_policy.var.start_query_interval",
      "status": "pass",
      "objects": null
    },
    {
      "object_kind": "var",
      "config_addr": "module.aci.module.aci_useg_endpoint_group.var.trust_control_policy",
      "status": "pass",
      "objects": null
    },
    {
      "object_kind": "var",
      "config_addr": "module.aci.module.aci_access_span_filter_group.var.entries",
      "status": "pass",
      "objects": null
    },
    {
      "object_kind": "var",
      "config_addr": "module.aci.module.aci_sr_mpls_l3out_interface_profile_manual.var.interfaces",
      "status": "pass",
      "objects": null
    },
    {
      "object_kind": "var",
      "config_addr": "module.aci.module.aci_leaf_fabric_interface_configuration.var.sub_port",
      "status": "pass",
      "objects": null
    },
    {
      "object_kind": "var",
      "config_addr": "module.aci.module.aci_access_fex_interface_selector_auto.var.policy_group_type",
      "status": "pass",
      "objects": null
    },
    {
      "object_kind": "var",
      "config_addr": "module.aci.module.aci_device_selection_policy.var.contract",
      "status": "pass",
      "objects": null
    },
    {
      "object_kind": "var",
      "config_addr": "module.aci.module.aci_radius.var.hostname_ip",
      "status": "pass",
      "objects": null
    },
    {
      "object_kind": "var",
      "config_addr": "module.aci.module.aci_ospf_timer_policy.var.reference_bandwidth",
      "status": "pass",
      "objects": null
    },
    {
      "object_kind": "var",
      "config_addr": "module.aci.module.aci_radius.var.port",
      "status": "pass",
      "objects": null
    },
    {
      "object_kind": "var",
      "config_addr": "module.aci.module.aci_qos_policy.var.dot1p_classifiers",
      "status": "pass",
      "objects": null
    },
    {
      "object_kind": "var",
      "config_addr": "module.aci.module.aci_snmp_policy.var.users",
      "status": "pass",
      "objects": null
    },
    {
      "object_kind": "var",
      "config_addr": "module.aci.module.aci_tenant.var.security_domains",
      "status": "pass",
      "objects": null
    },
    {
      "object_kind": "var",
      "config_addr": "module.aci.module.aci_spine_interface_configuration.var.breakout",
      "status": "pass",
      "objects": null
    },
    {
      "object_kind": "var",
      "config_addr": "module.aci.module.aci_vrf.var.tenant",
      "status": "pass",
      "objects": null
    },
    {
      "object_kind": "var",
      "config_addr": "module.aci.module.aci_geolocation.var.description",
      "status": "pass",
      "objects": null
    },
    {
      "object_kind": "var",
      "config_addr": "module.aci.module.aci_device_selection_policy.var.copy_service_epg_policy_tenant",
      "status": "pass",
      "objects": null
    },
    {
      "object_kind": "var",
      "config_addr": "module.aci.module.aci_access_leaf_interface_selector_auto.var.fex_interface_profile",
      "status": "pass",
      "objects": null
    },
    {
      "object_kind": "var",
      "config_addr": "module.aci.module.aci_tenant.var.annotation",
      "status": "pass",
      "objects": null
    },
    {
      "object_kind": "var",
      "config_addr": "module.aci.module.aci_track_member.var.description",
      "status": "pass",
      "objects": null
    },
    {
      "object_kind": "var",
      "config_addr": "module.aci.module.aci_tacacs.var.description",
      "status": "pass",
      "objects": null
    },
    {
      "object_kind": "var",
      "config_addr": "module.aci.module.aci_aaa.var.web_token_timeout",
      "status": "pass",
      "objects": null
    },
    {
      "object_kind": "var",
      "config_addr": "module.aci.module.aci_vrf.var.pim_asm_sg_expiry",
      "status": "pass",
      "objects": null
    },
    {
      "object_kind": "var",
      "config_addr": "module.aci.module.aci_access_spine_switch_profile_manual.var.interface_profiles",
      "status": "pass",
      "objects": null
    },
    {
      "object_kind": "var",
      "config_addr": "module.aci.module.aci_tenant_span_source_group.var.name",
      "status": "pass",
      "objects": null
    },
    {
      "object_kind": "var",
      "config_addr": "module.aci.module.aci_ospf_interface_policy.var.description",
      "status": "pass",
      "objects": null
    },
    {
      "object_kind": "var",
      "config_addr": "module.aci.module.aci_bridge_domain.var.alias",
      "status": "pass",
      "objects": null
    },
    {
      "object_kind": "var",
      "config_addr": "module.aci.module.aci_fabric_span_source_group.var.sources",
      "status": "pass",
      "objects": null
    },
    {
      "object_kind": "var",
      "config_addr": "module.aci.module.aci_sr_mpls_l3out.var.dampening_ipv4_route_map",
      "status": "pass",
      "objects": null
    },
    {
      "object_kind": "var",
      "config_addr": "module.aci.module.aci_dhcp_relay_policy.var.providers_",
      "status": "pass",
      "objects": null
    },
    {
      "object_kind": "var",
      "config_addr": "module.aci.module.aci_bgp_peer_prefix_policy.var.action",
      "status": "pass",
      "objects": null
    },
    {
      "object_kind": "var",
      "config_addr": "module.aci.module.aci_ptp_profile.var.mismatch_handling",
      "status": "pass",
      "objects": null
    },
    {
      "object_kind": "var",
      "config_addr": "module.aci.module.aci_port_channel_member_policy.var.name",
      "status": "pass",
      "objects": null
    },
    {
      "object_kind": "var",
      "config_addr": "module.aci.module.aci_port_channel_policy.var.max_links",
      "status": "pass",
      "objects": null
    },
    {
      "object_kind": "var",
      "config_addr": "module.aci.module.aci_sr_mpls_external_endpoint_group.var.alias",
      "status": "pass",
      "objects": null
    },
    {
      "object_kind": "var",
      "config_addr": "module.aci.module.aci_interface_configuration_fex.var.policy_group",
      "status": "pass",
      "objects": null
    },
    {
      "object_kind": "var",
      "config_addr": "module.aci.module.aci_node_registration.var.pod_id",
      "status": "pass",
      "objects": null
    },
    {
      "object_kind": "var",
      "config_addr": "module.aci.module.aci_ptp.var.sync_interval",
      "status": "pass",
      "objects": null
    },
    {
      "object_kind": "var",
      "config_addr": "module.aci.module.aci_access_leaf_switch_configuration.var.access_policy_group",
      "status": "pass",
      "objects": null
    },
    {
      "object_kind": "var",
      "config_addr": "module.aci.module.aci_aaep.var.name",
      "status": "pass",
      "objects": null
    },
    {
      "object_kind": "var",
      "config_addr": "module.aci.module.aci_bgp_route_summarization_policy.var.name",
      "status": "pass",
      "objects": null
    },
    {
      "object_kind": "var",
      "config_addr": "module.aci.module.aci_sr_mpls_l3out.var.import_route_map_name",
      "status": "pass",
      "objects": null
    },
    {
      "object_kind": "var",
      "config_addr": "module.aci.module.aci_bridge_domain.var.l3outs",
      "status": "pass",
      "objects": null
    },
    {
      "object_kind": "var",
      "config_addr": "module.aci.module.aci_vrf.var.leaked_internal_prefixes",
      "status": "pass",
      "objects": null
    },
    {
      "object_kind": "var",
      "config_addr": "module.aci.module.aci_vlan_pool.var.allocation",
      "status": "pass",
      "objects": null
    },
    {
      "object_kind": "var",
      "config_addr": "module.aci.module.aci_endpoint_group.var.vmware_vmm_domains",
      "status": "pass",
      "objects": null
    },
    {
      "object_kind": "var",
      "config_addr": "module.aci.module.aci_match_rule.var.name",
      "status": "pass",
      "objects": null
    },
    {
      "object_kind": "var",
      "config_addr": "module.aci.module.aci_vrf.var.pim_asm_sg_expiry_multicast_route_map",
      "status": "pass",
      "objects": null
    },
    {
      "object_kind": "var",
      "config_addr": "module.aci.module.aci_fabric_leaf_switch_configuration.var.fabric_policy_group",
      "status": "pass",
      "objects": null
    },
    {
      "object_kind": "var",
      "config_addr": "module.aci.module.aci_link_level_policy.var.speed",
      "status": "pass",
      "objects": null
    },
    {
      "object_kind": "var",
      "config_addr": "module.aci.module.aci_l3out_node_profile_auto.var.bgp_as_path_policy",
      "status": "pass",
      "objects": null
    },
    {
      "object_kind": "var",
      "config_addr": "module.aci.module.aci_pim_policy.var.name",
      "status": "pass",
      "objects": null
    },
    {
      "object_kind": "var",
      "config_addr": "module.aci.module.aci_endpoint_security_group.var.epg_selectors",
      "status": "pass",
      "objects": null
    },
    {
      "object_kind": "var",
      "config_addr": "module.aci.module.aci_aaa.var.password_change_count",
      "status": "pass",
      "objects": null
    },
    {
      "object_kind": "var",
      "config_addr": "module.aci.module.aci_vrf.var.dns_labels",
      "status": "pass",
      "objects": null
    },
    {
      "object_kind": "var",
      "config_addr": "module.aci.module.aci_bgp_timer_policy.var.name",
      "status": "pass",
      "objects": null
    },
    {
      "object_kind": "var",
      "config_addr": "module.aci.module.aci_leaf_fabric_interface_configuration_sub.var.role",
      "status": "pass",
      "objects": null
    },
    {
      "object_kind": "var",
      "config_addr": "module.aci.module.aci_vlan_pool.var.ranges",
      "status": "pass",
      "objects": null
    },
    {
      "object_kind": "var",
      "config_addr": "module.aci.module.aci_track_list.var.weight_up",
      "status": "pass",
      "objects": null
    },
    {
      "object_kind": "var",
      "config_addr": "module.aci.module.aci_l3out_interface_profile_manual.var.l3out",
      "status": "pass",
      "objects": null
    },
    {
      "object_kind": "var",
      "config_addr": "module.aci.module.aci_l3out.var.description",
      "status": "pass",
      "objects": null
    },
    {
      "object_kind": "var",
      "config_addr": "module.aci.module.aci_sr_mpls_external_endpoint_group.var.target_dscp",
      "status": "pass",
      "objects": null
    },
    {
      "object_kind": "var",
      "config_addr": "module.aci.module.aci_bgp_timer_policy.var.stale_interval",
      "status": "pass",
      "objects": null
    },
    {
      "object_kind": "var",
      "config_addr": "module.aci.module.aci_bgp_policy.var.fabric_bgp_external_rr",
      "status": "pass",
      "objects": null
    },
    {
      "object_kind": "var",
      "config_addr": "module.aci.module.aci_inband_endpoint_group.var.contract_consumers",
      "status": "pass",
      "objects": null
    },
    {
      "object_kind": "var",
      "config_addr": "module.aci.module.aci_sr_mpls_l3out_interface_profile_manual.var.description",
      "status": "pass",
      "objects": null
    },
    {
      "object_kind": "var",
      "config_addr": "module.aci.module.aci_device_selection_policy.var.consumer_bridge_domain_tenant",
      "status": "pass",
      "objects": null
    },
    {
      "object_kind": "var",
      "config_addr": "module.aci.module.aci_fabric_spine_switch_profile_manual.var.selectors",
      "status": "pass",
      "objects": null
    },
    {
      "object_kind": "var",
      "config_addr": "module.aci.module.aci_psu_policy.var.name",
      "status": "pass",
      "objects": null
    },
    {
      "object_kind": "var",
      "config_addr": "module.aci.module.aci_leaf_interface_configuration_sub.var.role",
      "status": "pass",
      "objects": null
    },
    {
      "object_kind": "var",
      "config_addr": "module.aci.module.aci_useg_endpoint_group.var.mac_statements",
      "status": "pass",
      "objects": null
    },
    {
      "object_kind": "var",
      "config_addr": "module.aci.module.aci_tacacs.var.mgmt_epg_type",
      "status": "pass",
      "objects": null
    },
    {
      "object_kind": "var",
      "config_addr": "module.aci.module.aci_nd_interface_policy.var.tenant",
      "status": "pass",
      "objects": null
    },
    {
      "object_kind": "var",
      "config_addr": "module.aci.module.aci_vrf.var.annotation",
      "status": "pass",
      "objects": null
    },
    {
      "object_kind": "var",
      "config_addr": "module.aci.module.aci_snmp_policy.var.communities",
      "status": "pass",
      "objects": null
    },
    {
      "object_kind": "var",
      "config_addr": "module.aci.module.aci_spine_interface_configuration.var.port_channel_member_policy",
      "status": "pass",
      "objects": null
    },
    {
      "object_kind": "var",
      "config_addr": "module.aci.module.aci_route_control_route_map.var.description",
      "status": "pass",
      "objects": null
    },
    {
      "object_kind": "var",
      "config_addr": "module.aci.module.aci_redirect_backup_policy.var.tenant",
      "status": "pass",
      "objects": null
    },
    {
      "object_kind": "var",
      "config_addr": "module.aci.module.aci_syslog_policy.var.destinations",
      "status": "pass",
      "objects": null
    },
    {
      "object_kind": "var",
      "config_addr": "module.aci.module.aci_syslog_policy.var.format",
      "status": "pass",
      "objects": null
    },
    {
      "object_kind": "var",
      "config_addr": "module.aci.module.aci_useg_endpoint_group.var.static_leafs",
      "status": "pass",
      "objects": null
    },
    {
      "object_kind": "var",
      "config_addr": "module.aci.module.aci_access_span_source_group.var.filter_group",
      "status": "pass",
      "objects": null
    },
    {
      "object_kind": "var",
      "config_addr": "module.aci.module.aci_access_spine_switch_profile_auto.var.interface_profiles",
      "status": "pass",
      "objects": null
    },
    {
      "object_kind": "var",
      "config_addr": "module.aci.module.aci_set_rule.var.metric_type",
      "status": "pass",
      "objects": null
    },
    {
      "object_kind": "var",
      "config_addr": "module.aci.module.aci_set_rule.var.additional_communities",
      "status": "pass",
      "objects": null
    },
    {
      "object_kind": "var",
      "config_addr": "module.aci.module.aci_oob_contract.var.name",
      "status": "pass",
      "objects": null
    },
    {
      "object_kind": "var",
      "config_addr": "module.aci.module.aci_storm_control_policy.var.action",
      "status": "pass",
      "objects": null
    },
    {
      "object_kind": "var",
      "config_addr": "module.aci.module.aci_spine_fabric_interface_configuration.var.module",
      "status": "pass",
      "objects": null
    },
    {
      "object_kind": "var",
      "config_addr": "module.aci.module.aci_eigrp_interface_policy.var.name",
      "status": "pass",
      "objects": null
    },
    {
      "object_kind": "var",
      "config_addr": "module.aci.module.aci_l3out_interface_profile_auto.var.transport_data_plane",
      "status": "pass",
      "objects": null
    },
    {
      "object_kind": "var",
      "config_addr": "module.aci.module.aci_multicast_route_map.var.name",
      "status": "pass",
      "objects": null
    },
    {
      "object_kind": "var",
      "config_addr": "module.aci.module.aci_useg_endpoint_group.var.alias",
      "status": "pass",
      "objects": null
    },
    {
      "object_kind": "var",
      "config_addr": "module.aci.module.aci_sr_mpls_l3out_node_profile_manual.var.name",
      "status": "pass",
      "objects": null
    },
    {
      "object_kind": "var",
      "config_addr": "module.aci.module.aci_bridge_domain.var.description",
      "status": "pass",
      "objects": null
    },
    {
      "object_kind": "var",
      "config_addr": "module.aci.module.aci_device_selection_policy.var.provider_external_endpoint_group_l3out",
      "status": "pass",
      "objects": null
    },
    {
      "object_kind": "var",
      "config_addr": "module.aci.module.aci_infra_dscp_translation_policy.var.control_plane",
      "status": "pass",
      "objects": null
    },
    {
      "object_kind": "var",
      "config_addr": "module.aci.module.aci_vspan_session.var.destination_name",
      "status": "pass",
      "objects": null
    },
    {
      "object_kind": "var",
      "config_addr": "module.aci.module.aci_sr_mpls_l3out.var.interleak_route_map",
      "status": "pass",
      "objects": null
    },
    {
      "object_kind": "var",
      "config_addr": "module.aci.module.aci_netflow_record.var.description",
      "status": "pass",
      "objects": null
    },
    {
      "object_kind": "var",
      "config_addr": "module.aci.module.aci_external_endpoint_group.var.contract_consumers",
      "status": "pass",
      "objects": null
    },
    {
      "object_kind": "var",
      "config_addr": "module.aci.module.aci_bridge_domain.var.name",
      "status": "pass",
      "objects": null
    },
    {
      "object_kind": "var",
      "config_addr": "module.aci.module.aci_access_leaf_interface_policy_group.var.spanning_tree_policy",
      "status": "pass",
      "objects": null
    },
    {
      "object_kind": "var",
      "config_addr": "module.aci.module.aci_vmware_vmm_domain.var.vswitch_mtu_policy",
      "status": "pass",
      "objects": null
    },
    {
      "object_kind": "var",
      "config_addr": "module.aci.module.aci_mcp.var.frequency_sec",
      "status": "pass",
      "objects": null
    },
    {
      "object_kind": "var",
      "config_addr": "module.aci.module.aci_endpoint_security_group.var.contract_imported_consumers",
      "status": "pass",
      "objects": null
    },
    {
      "object_kind": "var",
      "config_addr": "module.aci.module.aci_igmp_snooping_policy.var.description",
      "status": "pass",
      "objects": null
    },
    {
      "object_kind": "var",
      "config_addr": "module.aci.module.aci_contract.var.qos_class",
      "status": "pass",
      "objects": null
    },
    {
      "object_kind": "var",
      "config_addr": "module.aci.module.aci_l3out.var.export_route_map_name",
      "status": "pass",
      "objects": null
    },
    {
      "object_kind": "var",
      "config_addr": "module.aci.module.aci_leaf_interface_configuration.var.breakout",
      "status": "pass",
      "objects": null
    },
    {
      "object_kind": "var",
      "config_addr": "module.aci.module.aci_sr_mpls_l3out_interface_profile_manual.var.qos_class",
      "status": "pass",
      "objects": null
    },
    {
      "object_kind": "var",
      "config_addr": "module.aci.module.aci_l3out_node_profile_auto.var.bgp_timer_policy",
      "status": "pass",
      "objects": null
    },
    {
      "object_kind": "var",
      "config_addr": "module.aci.module.aci_coop_policy.var.coop_group_policy",
      "status": "pass",
      "objects": null
    },
    {
      "object_kind": "var",
      "config_addr": "module.aci.module.aci_aaep.var.endpoint_groups",
      "status": "pass",
      "objects": null
    },
    {
      "object_kind": "var",
      "config_addr": "module.aci.module.aci_endpoint_group.var.description",
      "status": "pass",
      "objects": null
    },
    {
      "object_kind": "var",
      "config_addr": "module.aci.module.aci_node_control_policy.var.telemetry",
      "status": "pass",
      "objects": null
    },
    {
      "object_kind": "var",
      "config_addr": "module.aci.module.aci_oob_contract.var.description",
      "status": "pass",
      "objects": null
    },
    {
      "object_kind": "var",
      "config_addr": "module.aci.module.aci_multicast_route_map.var.entries",
      "status": "pass",
      "objects": null
    },
    {
      "object_kind": "var",
      "config_addr": "module.aci.module.aci_endpoint_group.var.tenant",
      "status": "pass",
      "objects": null
    },
    {
      "object_kind": "var",
      "config_addr": "module.aci.module.aci_access_spine_interface_selector_auto.var.interface_profile",
      "status": "pass",
      "objects": null
    },
    {
      "object_kind": "var",
      "config_addr": "module.aci.module.aci_track_member.var.name",
      "status": "pass",
      "objects": null
    },
    {
      "object_kind": "var",
      "config_addr": "module.aci.module.aci_igmp_interface_policy.var.query_response_interval",
      "status": "pass",
      "objects": null
    },
    {
      "object_kind": "var",
      "config_addr": "module.aci.module.aci_remote_location.var.ssh_passphrase",
      "status": "pass",
      "objects": null
    },
    {
      "object_kind": "var",
      "config_addr": "module.aci.module.aci_l4l7_device.var.function",
      "status": "pass",
      "objects": null
    },
    {
      "object_kind": "var",
      "config_addr": "module.aci.module.aci_access_leaf_interface_selector_auto.var.description",
      "status": "pass",
      "objects": null
    },
    {
      "object_kind": "var",
      "config_addr": "module.aci.module.aci_aaa.var.remote_user_login_policy",
      "status": "pass",
      "objects": null
    },
    {
      "object_kind": "var",
      "config_addr": "module.aci.module.aci_bfd_multihop_node_policy.var.detection_multiplier",
      "status": "pass",
      "objects": null
    },
    {
      "object_kind": "var",
      "config_addr": "module.aci.module.aci_nd_interface_policy.var.mtu",
      "status": "pass",
      "objects": null
    },
    {
      "object_kind": "var",
      "config_addr": "module.aci.module.aci_fabric_scheduler.var.description",
      "status": "pass",
      "objects": null
    },
    {
      "object_kind": "var",
      "config_addr": "module.aci.module.aci_application_profile.var.description",
      "status": "pass",
      "objects": null
    },
    {
      "object_kind": "var",
      "config_addr": "module.aci.module.aci_set_rule.var.description",
      "status": "pass",
      "objects": null
    },
    {
      "object_kind": "var",
      "config_addr": "module.aci.module.aci_sr_mpls_l3out_interface_profile_manual.var.ospf_interface_policy",
      "status": "pass",
      "objects": null
    },
    {
      "object_kind": "var",
      "config_addr": "module.aci.module.aci_vrf.var.name",
      "status": "pass",
      "objects": null
    },
    {
      "object_kind": "var",
      "config_addr": "module.aci.module.aci_spine_interface_configuration.var.fex_id",
      "status": "pass",
      "objects": null
    },
    {
      "object_kind": "var",
      "config_addr": "module.aci.module.aci_access_fex_interface_selector_auto.var.name",
      "status": "pass",
      "objects": null
    },
    {
      "object_kind": "var",
      "config_addr": "module.aci.module.aci_leaf_fabric_interface_configuration.var.description",
      "status": "pass",
      "objects": null
    },
    {
      "object_kind": "var",
      "config_addr": "module.aci.module.aci_ptp.var.global_domain",
      "status": "pass",
      "objects": null
    },
    {
      "object_kind": "var",
      "config_addr": "module.aci.module.aci_pim_policy.var.auth_type",
      "status": "pass",
      "objects": null
    },
    {
      "object_kind": "var",
      "config_addr": "module.aci.module.aci_igmp_interface_policy.var.version_",
      "status": "pass",
      "objects": null
    },
    {
      "object_kind": "var",
      "config_addr": "module.aci.module.aci_access_span_destination_group.var.tenant",
      "status": "pass",
      "objects": null
    },
    {
      "object_kind": "var",
      "config_addr": "module.aci.module.aci_oob_external_management_instance.var.oob_contract_consumers",
      "status": "pass",
      "objects": null
    },
    {
      "object_kind": "var",
      "config_addr": "module.aci.module.aci_sr_mpls_l3out_interface_profile_manual.var.igmp_interface_policy",
      "status": "pass",
      "objects": null
    },
    {
      "object_kind": "var",
      "config_addr": "module.aci.module.aci_storm_control_policy.var.alias",
      "status": "pass",
      "objects": null
    },
    {
      "object_kind": "var",
      "config_addr": "module.aci.module.aci_aaa.var.console_login_domain",
      "status": "pass",
      "objects": null
    },
    {
      "object_kind": "var",
      "config_addr": "module.aci.module.aci_ospf_timer_policy.var.max_lsa_action",
      "status": "pass",
      "objects": null
    },
    {
      "object_kind": "var",
      "config_addr": "module.aci.module.aci_rogue_endpoint_control.var.detection_interval",
      "status": "pass",
      "objects": null
    },
    {
      "object_kind": "var",
      "config_addr": "module.aci.module.aci_l4l7_device.var.vmm_provider",
      "status": "pass",
      "objects": null
    },
    {
      "object_kind": "var",
      "config_addr": "module.aci.module.aci_port_tracking.var.delay",
      "status": "pass",
      "objects": null
    },
    {
      "object_kind": "var",
      "config_addr": "module.aci.module.aci_endpoint_group.var.contract_intra_epgs",
      "status": "pass",
      "objects": null
    },
    {
      "object_kind": "var",
      "config_addr": "module.aci.module.aci_l3out_node_profile_auto.var.name",
      "status": "pass",
      "objects": null
    },
    {
      "object_kind": "var",
      "config_addr": "module.aci.module.aci_imported_contract.var.name",
      "status": "pass",
      "objects": null
    },
    {
      "object_kind": "var",
      "config_addr": "module.aci.module.aci_forwarding_scale_policy.var.name",
      "status": "pass",
      "objects": null
    },
    {
      "object_kind": "var",
      "config_addr": "module.aci.module.aci_remote_location.var.hostname_ip",
      "status": "pass",
      "objects": null
    },
    {
      "object_kind": "var",
      "config_addr": "module.aci.module.aci_aaep.var.physical_domains",
      "status": "pass",
      "objects": null
    },
    {
      "object_kind": "var",
      "config_addr": "module.aci.module.aci_sr_mpls_l3out.var.dampening_ipv6_route_map",
      "status": "pass",
      "objects": null
    },
    {
      "object_kind": "var",
      "config_addr": "module.aci.module.aci_bgp_route_summarization_policy.var.description",
      "status": "pass",
      "objects": null
    },
    {
      "object_kind": "var",
      "config_addr": "module.aci.module.aci_dhcp_option_policy.var.tenant",
      "status": "pass",
      "objects": null
    },
    {
      "object_kind": "var",
      "config_addr": "module.aci.module.aci_access_span_destination_group.var.endpoint_group",
      "status": "pass",
      "objects": null
    },
    {
      "object_kind": "var",
      "config_addr": "module.aci.module.aci_sr_mpls_l3out_interface_profile_manual.var.l3out",
      "status": "pass",
      "objects": null
    },
    {
      "object_kind": "var",
      "config_addr": "module.aci.module.aci_rogue_endpoint_control.var.detection_multiplier",
      "status": "pass",
      "objects": null
    },
    {
      "object_kind": "var",
      "config_addr": "module.aci.module.aci_nd_ra_prefix_policy.var.preferred_lifetime",
      "status": "pass",
      "objects": null
    },
    {
      "object_kind": "var",
      "config_addr": "module.aci.module.aci_bgp_route_summarization_policy.var.tenant",
      "status": "pass",
      "objects": null
    },
    {
      "object_kind": "var",
      "config_addr": "module.aci.module.aci_interface_configuration_fex.var.role",
      "status": "pass",
      "objects": null
    },
    {
      "object_kind": "var",
      "config_addr": "module.aci.module.aci_access_leaf_switch_policy_group.var.bfd_ipv6_policy",
      "status": "pass",
      "objects": null
    },
    {
      "object_kind": "var",
      "config_addr": "module.aci.module.aci_vpc_policy.var.name",
      "status": "pass",
      "objects": null
    },
    {
      "object_kind": "var",
      "config_addr": "module.aci.module.aci_fabric_spine_switch_policy_group.var.psu_policy",
      "status": "pass",
      "objects": null
    },
    {
      "object_kind": "var",
      "config_addr": "module.aci.module.aci_sr_mpls_l3out_node_profile_manual.var.bfd_multihop_node_policy",
      "status": "pass",
      "objects": null
    },
    {
      "object_kind": "var",
      "config_addr": "module.aci.module.aci_useg_endpoint_group.var.custom_qos_policy",
      "status": "pass",
      "objects": null
    },
    {
      "object_kind": "var",
      "config_addr": "module.aci.module.aci_external_connectivity_policy.var.routing_profiles",
      "status": "pass",
      "objects": null
    },
    {
      "object_kind": "var",
      "config_addr": "module.aci.module.aci_pim_policy.var.join_prune_filter_policy_in",
      "status": "pass",
      "objects": null
    },
    {
      "object_kind": "var",
      "config_addr": "module.aci.module.aci_l3out_node_profile_manual.var.nodes",
      "status": "pass",
      "objects": null
    },
    {
      "object_kind": "var",
      "config_addr": "module.aci.module.aci_pim_policy.var.join_prune_filter_policy_out",
      "status": "pass",
      "objects": null
    },
    {
      "object_kind": "var",
      "config_addr": "module.aci.module.aci_node_registration.var.serial_number",
      "status": "pass",
      "objects": null
    },
    {
      "object_kind": "var",
      "config_addr": "module.aci.module.aci_l3out.var.sr_mpls_infra_l3outs",
      "status": "pass",
      "objects": null
    },
    {
      "object_kind": "var",
      "config_addr": "module.aci.module.aci_tenant_span_destination_group.var.name",
      "status": "pass",
      "objects": null
    },
    {
      "object_kind": "var",
      "config_addr": "module.aci.module.aci_fabric_leaf_switch_profile_auto.var.selectors",
      "status": "pass",
      "objects": null
    },
    {
      "object_kind": "var",
      "config_addr": "module.aci.module.aci_fabric_pod_profile_manual.var.name",
      "status": "pass",
      "objects": null
    },
    {
      "object_kind": "var",
      "config_addr": "module.aci.module.aci_device_selection_policy.var.provider_bridge_domain",
      "status": "pass",
      "objects": null
    },
    {
      "object_kind": "var",
      "config_addr": "module.aci.module.aci_access_leaf_interface_selector_manual.var.policy_group_type",
      "status": "pass",
      "objects": null
    },
    {
      "object_kind": "var",
      "config_addr": "module.aci.module.aci_vrf.var.bgp_timer_policy",
      "status": "pass",
      "objects": null
    },
    {
      "object_kind": "var",
      "config_addr": "module.aci.module.aci_apic_connectivity_preference.var.interface_preference",
      "status": "pass",
      "objects": null
    },
    {
      "object_kind": "var",
      "config_addr": "module.aci.module.aci_sr_mpls_external_endpoint_group.var.annotation",
      "status": "pass",
      "objects": null
    },
    {
      "object_kind": "var",
      "config_addr": "module.aci.module.aci_bgp_best_path_policy.var.description",
      "status": "pass",
      "objects": null
    },
    {
      "object_kind": "var",
      "config_addr": "module.aci.module.aci_firmware_group.var.name",
      "status": "pass",
      "objects": null
    },
    {
      "object_kind": "var",
      "config_addr": "module.aci.module.aci_redirect_policy.var.threshold_down_action",
      "status": "pass",
      "objects": null
    },
    {
      "object_kind": "var",
      "config_addr": "module.aci.module.aci_access_span_source_group.var.destination_name",
      "status": "pass",
      "objects": null
    },
    {
      "object_kind": "var",
      "config_addr": "module.aci.module.aci_tenant_span_source_group.var.destination",
      "status": "pass",
      "objects": null
    },
    {
      "object_kind": "var",
      "config_addr": "module.aci.module.aci_external_endpoint_group.var.description",
      "status": "pass",
      "objects": null
    },
    {
      "object_kind": "var",
      "config_addr": "module.aci.module.aci_oob_node_address.var.node_id",
      "status": "pass",
      "objects": null
    },
    {
      "object_kind": "var",
      "config_addr": "module.aci.module.aci_external_endpoint_group.var.contract_imported_consumers",
      "status": "pass",
      "objects": null
    },
    {
      "object_kind": "var",
      "config_addr": "module.aci.module.aci_ptp.var.profile",
      "status": "pass",
      "objects": null
    },
    {
      "object_kind": "var",
      "config_addr": "module.aci.module.aci_device_selection_policy.var.tenant",
      "status": "pass",
      "objects": null
    },
    {
      "object_kind": "var",
      "config_addr": "module.aci.module.aci_l3out_interface_profile_auto.var.pim_policy",
      "status": "pass",
      "objects": null
    },
    {
      "object_kind": "var",
      "config_addr": "module.aci.module.aci_storm_control_policy.var.broadcast_rate",
      "status": "pass",
      "objects": null
    },
    {
      "object_kind": "var",
      "config_addr": "module.aci.module.aci_ldap.var.ldap_providers",
      "status": "pass",
      "objects": [
        {
          "object_addr": "module.aci.module.aci_ldap.var.ldap_providers",
          "status": "pass"
        }
      ]
    },
    {
      "object_kind": "var",
      "config_addr": "module.aci.module.aci_maintenance_group.var.node_ids",
      "status": "pass",
      "objects": null
    },
    {
      "object_kind": "var",
      "config_addr": "module.aci.module.aci_l4l7_device.var.name",
      "status": "pass",
      "objects": null
    },
    {
      "object_kind": "var",
      "config_addr": "module.aci.module.aci_date_time_policy.var.ntp_servers",
      "status": "pass",
      "objects": null
    },
    {
      "object_kind": "var",
      "config_addr": "module.aci.module.aci_access_spine_interface_selector_auto.var.name",
      "status": "pass",
      "objects": null
    },
    {
      "object_kind": "var",
      "config_addr": "module.aci.module.aci_bfd_ipv6_policy.var.startup_timer_interval",
      "status": "pass",
      "objects": null
    },
    {
      "object_kind": "var",
      "config_addr": "module.aci.module.aci_device_selection_policy.var.provider_bridge_domain_tenant",
      "status": "pass",
      "objects": null
    },
    {
      "object_kind": "var",
      "config_addr": "module.aci.module.aci_access_leaf_interface_selector_manual.var.port_blocks",
      "status": "pass",
      "objects": null
    },
    {
      "object_kind": "var",
      "config_addr": "module.aci.module.aci_access_fex_interface_selector_auto.var.port_blocks",
      "status": "pass",
      "objects": null
    },
    {
      "object_kind": "var",
      "config_addr": "module.aci.module.aci_access_leaf_interface_selector_sub_auto.var.description",
      "status": "pass",
      "objects": null
    },
    {
      "object_kind": "var",
      "config_addr": "module.aci.module.aci_vmware_vmm_domain.var.uplinks",
      "status": "pass",
      "objects": null
    },
    {
      "object_kind": "var",
      "config_addr": "module.aci.module.aci_syslog_policy.var.description",
      "status": "pass",
      "objects": null
    },
    {
      "object_kind": "var",
      "config_addr": "module.aci.module.aci_l4l7_device.var.alias",
      "status": "pass",
      "objects": null
    },
    {
      "object_kind": "var",
      "config_addr": "module.aci.module.aci_fabric_leaf_switch_configuration.var.access_policy_group",
      "status": "pass",
      "objects": null
    },
    {
      "object_kind": "var",
      "config_addr": "module.aci.module.aci_access_span_source_group.var.sources",
      "status": "pass",
      "objects": null
    },
    {
      "object_kind": "var",
      "config_addr": "module.aci.module.aci_external_connectivity_policy.var.name",
      "status": "pass",
      "objects": null
    },
    {
      "object_kind": "var",
      "config_addr": "module.aci.module.aci_device_selection_policy.var.copy_logical_interface",
      "status": "pass",
      "objects": null
    },
    {
      "object_kind": "var",
      "config_addr": "module.aci.module.aci_sr_mpls_l3out.var.vrf",
      "status": "pass",
      "objects": null
    },
    {
      "object_kind": "var",
      "config_addr": "module.aci.module.aci_bfd_ipv4_policy.var.echo_rx_interval",
      "status": "pass",
      "objects": null
    },
    {
      "object_kind": "var",
      "config_addr": "module.aci.module.aci_route_control_route_map.var.type",
      "status": "pass",
      "objects": null
    },
    {
      "object_kind": "var",
      "config_addr": "module.aci.module.aci_remote_location.var.protocol",
      "status": "pass",
      "objects": null
    },
    {
      "object_kind": "var",
      "config_addr": "module.aci.module.aci_node_control_policy.var.name",
      "status": "pass",
      "objects": null
    },
    {
      "object_kind": "var",
      "config_addr": "module.aci.module.aci_route_control_route_map.var.name",
      "status": "pass",
      "objects": null
    },
    {
      "object_kind": "var",
      "config_addr": "module.aci.module.aci_date_time_format.var.display_format",
      "status": "pass",
      "objects": null
    },
    {
      "object_kind": "var",
      "config_addr": "module.aci.module.aci_set_rule.var.external_endpoint_group",
      "status": "pass",
      "objects": null
    },
    {
      "object_kind": "var",
      "config_addr": "module.aci.module.aci_access_fex_interface_selector_auto.var.interface_profile",
      "status": "pass",
      "objects": null
    },
    {
      "object_kind": "var",
      "config_addr": "module.aci.module.aci_access_leaf_switch_configuration.var.fabric_policy_group",
      "status": "pass",
      "objects": null
    },
    {
      "object_kind": "var",
      "config_addr": "module.aci.module.aci_igmp_interface_policy.var.last_member_response_time",
      "status": "pass",
      "objects": null
    },
    {
      "object_kind": "var",
      "config_addr": "module.aci.module.aci_access_leaf_interface_selector_sub_auto.var.interface_profile",
      "status": "pass",
      "objects": null
    },
    {
      "object_kind": "var",
      "config_addr": "module.aci.module.aci_system_performance.var.response_threshold",
      "status": "pass",
      "objects": null
    },
    {
      "object_kind": "var",
      "config_addr": "module.aci.module.aci_aaa.var.web_session_idle_timeout",
      "status": "pass",
      "objects": null
    },
    {
      "object_kind": "var",
      "config_addr": "module.aci.module.aci_sr_mpls_l3out_node_profile_manual.var.bgp_as_path_policy",
      "status": "pass",
      "objects": null
    },
    {
      "object_kind": "var",
      "config_addr": "module.aci.module.aci_l3out_node_profile_manual.var.bgp_as_path_policy",
      "status": "pass",
      "objects": null
    },
    {
      "object_kind": "var",
      "config_addr": "module.aci.module.aci_bgp_peer_prefix_policy.var.max_prefixes",
      "status": "pass",
      "objects": null
    },
    {
      "object_kind": "var",
      "config_addr": "module.aci.module.aci_device_selection_policy.var.sgt_device_name",
      "status": "pass",
      "objects": null
    },
    {
      "object_kind": "var",
      "config_addr": "module.aci.module.aci_access_spine_switch_configuration.var.access_policy_group",
      "status": "pass",
      "objects": null
    },
    {
      "object_kind": "var",
      "config_addr": "module.aci.module.aci_remote_location.var.auth_type",
      "status": "pass",
      "objects": null
    },
    {
      "object_kind": "var",
      "config_addr": "module.aci.module.aci_endpoint_loop_protection.var.detection_interval",
      "status": "pass",
      "objects": null
    },
    {
      "object_kind": "var",
      "config_addr": "module.aci.module.aci_oob_contract.var.subjects",
      "status": "pass",
      "objects": null
    },
    {
      "object_kind": "var",
      "config_addr": "module.aci.module.aci_sr_mpls_external_endpoint_group.var.l3out",
      "status": "pass",
      "objects": null
    },
    {
      "object_kind": "var",
      "config_addr": "module.aci.module.aci_infra_dhcp_relay_policy.var.description",
      "status": "pass",
      "objects": null
    },
    {
      "object_kind": "var",
      "config_addr": "module.aci.module.aci_fabric_span_destination_group.var.endpoint_group",
      "status": "pass",
      "objects": null
    },
    {
      "object_kind": "var",
      "config_addr": "module.aci.module.aci_access_fex_interface_selector_manual.var.port_blocks",
      "status": "pass",
      "objects": null
    },
    {
      "object_kind": "var",
      "config_addr": "module.aci.module.aci_port_tracking.var.min_links",
      "status": "pass",
      "objects": null
    },
    {
      "object_kind": "var",
      "config_addr": "module.aci.module.aci_keyring.var.ca_certificate",
      "status": "pass",
      "objects": null
    },
    {
      "object_kind": "var",
      "config_addr": "module.aci.module.aci_endpoint_group.var.annotation",
      "status": "pass",
      "objects": null
    },
    {
      "object_kind": "var",
      "config_addr": "module.aci.module.aci_bridge_domain.var.unknown_ipv6_multicast",
      "status": "pass",
      "objects": null
    },
    {
      "object_kind": "var",
      "config_addr": "module.aci.module.aci_fabric_spine_interface_profile_manual.var.name",
      "status": "pass",
      "objects": null
    },
    {
      "object_kind": "var",
      "config_addr": "module.aci.module.aci_bgp_timer_policy.var.maximum_as_limit",
      "status": "pass",
      "objects": null
    },
    {
      "object_kind": "var",
      "config_addr": "module.aci.module.aci_endpoint_group.var.static_leafs",
      "status": "pass",
      "objects": null
    },
    {
      "object_kind": "var",
      "config_addr": "module.aci.module.aci_user.var.last_name",
      "status": "pass",
      "objects": null
    },
    {
      "object_kind": "var",
      "config_addr": "module.aci.module.aci_vrf.var.transit_route_tag_policy",
      "status": "pass",
      "objects": null
    },
    {
      "object_kind": "var",
      "config_addr": "module.aci.module.aci_bgp_address_family_context_policy.var.ibgp_max_ecmp",
      "status": "pass",
      "objects": null
    },
    {
      "object_kind": "var",
      "config_addr": "module.aci.module.aci_login_domain.var.realm",
      "status": "pass",
      "objects": null
    },
    {
      "object_kind": "var",
      "config_addr": "module.aci.module.aci_access_span_source_group.var.name",
      "status": "pass",
      "objects": null
    },
    {
      "object_kind": "var",
      "config_addr": "module.aci.module.aci_vmware_vmm_domain.var.delimiter",
      "status": "pass",
      "objects": null
    },
    {
      "object_kind": "var",
      "config_addr": "module.aci.module.aci_l3out_node_profile_manual.var.bfd_multihop_node_policy",
      "status": "pass",
      "objects": null
    },
    {
      "object_kind": "var",
      "config_addr": "module.aci.module.aci_management_access_policy.var.https_port",
      "status": "pass",
      "objects": null
    },
    {
      "object_kind": "var",
      "config_addr": "module.aci.module.aci_firmware_group.var.node_ids",
      "status": "pass",
      "objects": null
    },
    {
      "object_kind": "var",
      "config_addr": "module.aci.module.aci_bgp_peer_prefix_policy.var.restart_time",
      "status": "pass",
      "objects": null
    },
    {
      "object_kind": "var",
      "config_addr": "module.aci.module.aci_vrf.var.description",
      "status": "pass",
      "objects": null
    },
    {
      "object_kind": "var",
      "config_addr": "module.aci.module.aci_storm_control_policy.var.multicast_burst_rate",
      "status": "pass",
      "objects": null
    },
    {
      "object_kind": "var",
      "config_addr": "module.aci.module.aci_service_graph_template.var.annotation",
      "status": "pass",
      "objects": null
    },
    {
      "object_kind": "var",
      "config_addr": "module.aci.module.aci_access_spine_switch_configuration.var.role",
      "status": "pass",
      "objects": null
    },
    {
      "object_kind": "var",
      "config_addr": "module.aci.module.aci_sr_mpls_l3out.var.alias",
      "status": "pass",
      "objects": null
    },
    {
      "object_kind": "var",
      "config_addr": "module.aci.module.aci_device_selection_policy.var.provider_redirect_policy_tenant",
      "status": "pass",
      "objects": null
    },
    {
      "object_kind": "var",
      "config_addr": "module.aci.module.aci_l3out_interface_profile_auto.var.description",
      "status": "pass",
      "objects": null
    },
    {
      "object_kind": "var",
      "config_addr": "module.aci.module.aci_sr_mpls_l3out.var.redistribution_route_maps",
      "status": "pass",
      "objects": null
    },
    {
      "object_kind": "var",
      "config_addr": "module.aci.module.aci_l3out.var.dampening_ipv4_route_map",
      "status": "pass",
      "objects": null
    },
    {
      "object_kind": "var",
      "config_addr": "module.aci.module.aci_config_export.var.remote_location",
      "status": "pass",
      "objects": null
    },
    {
      "object_kind": "var",
      "config_addr": "module.aci.module.aci_sr_mpls_l3out.var.routed_domain",
      "status": "pass",
      "objects": null
    },
    {
      "object_kind": "var",
      "config_addr": "module.aci.module.aci_redirect_policy.var.alias",
      "status": "pass",
      "objects": null
    },
    {
      "object_kind": "var",
      "config_addr": "module.aci.module.aci_mst_policy.var.name",
      "status": "pass",
      "objects": null
    },
    {
      "object_kind": "var",
      "config_addr": "module.aci.module.aci_l3out.var.eigrp_asn",
      "status": "pass",
      "objects": null
    },
    {
      "object_kind": "var",
      "config_addr": "module.aci.module.aci_contract.var.tenant",
      "status": "pass",
      "objects": null
    },
    {
      "object_kind": "var",
      "config_addr": "module.aci.module.aci_vmware_vmm_domain.var.access_mode",
      "status": "pass",
      "objects": null
    },
    {
      "object_kind": "var",
      "config_addr": "module.aci.module.aci_access_span_destination_group.var.name",
      "status": "pass",
      "objects": null
    },
    {
      "object_kind": "var",
      "config_addr": "module.aci.module.aci_sr_mpls_external_endpoint_group.var.qos_class",
      "status": "pass",
      "objects": null
    },
    {
      "object_kind": "var",
      "config_addr": "module.aci.module.aci_user.var.domains",
      "status": "pass",
      "objects": null
    },
    {
      "object_kind": "var",
      "config_addr": "module.aci.module.aci_vrf.var.leaked_external_prefixes",
      "status": "pass",
      "objects": null
    },
    {
      "object_kind": "var",
      "config_addr": "module.aci.module.aci_ospf_interface_policy.var.tenant",
      "status": "pass",
      "objects": null
    },
    {
      "object_kind": "var",
      "config_addr": "module.aci.module.aci_fabric_spine_switch_profile_manual.var.name",
      "status": "pass",
      "objects": null
    },
    {
      "object_kind": "var",
      "config_addr": "module.aci.module.aci_l3out_interface_profile_auto.var.dhcp_labels",
      "status": "pass",
      "objects": null
    },
    {
      "object_kind": "var",
      "config_addr": "module.aci.module.aci_l4l7_device.var.physical_domain",
      "status": "pass",
      "objects": null
    },
    {
      "object_kind": "var",
      "config_addr": "module.aci.module.aci_vrf.var.bgp_ipv4_address_family_context_policy",
      "status": "pass",
      "objects": null
    },
    {
      "object_kind": "var",
      "config_addr": "module.aci.module.aci_date_time_policy.var.ntp_keys",
      "status": "pass",
      "objects": null
    },
    {
      "object_kind": "var",
      "config_addr": "module.aci.module.aci_eigrp_interface_policy.var.delay",
      "status": "pass",
      "objects": null
    },
    {
      "object_kind": "var",
      "config_addr": "module.aci.module.aci_redirect_policy.var.ip_sla_policy",
      "status": "pass",
      "objects": null
    },
    {
      "object_kind": "var",
      "config_addr": "module.aci.module.aci_vrf.var.alias",
      "status": "pass",
      "objects": null
    },
    {
      "object_kind": "var",
      "config_addr": "module.aci.module.aci_access_leaf_interface_policy_group.var.storm_control_policy",
      "status": "pass",
      "objects": null
    },
    {
      "object_kind": "var",
      "config_addr": "module.aci.module.aci_endpoint_group.var.subnets",
      "status": "pass",
      "objects": null
    },
    {
      "object_kind": "var",
      "config_addr": "module.aci.module.aci_bridge_domain.var.mac",
      "status": "pass",
      "objects": null
    },
    {
      "object_kind": "var",
      "config_addr": "module.aci.module.aci_tacacs.var.hostname_ip",
      "status": "pass",
      "objects": null
    },
    {
      "object_kind": "var",
      "config_addr": "module.aci.module.aci_endpoint_group.var.trust_control_policy",
      "status": "pass",
      "objects": null
    },
    {
      "object_kind": "var",
      "config_addr": "module.aci.module.aci_device_selection_policy.var.consumer_logical_interface",
      "status": "pass",
      "objects": null
    },
    {
      "object_kind": "var",
      "config_addr": "module.aci.module.aci_tenant_span_destination_group.var.destination_application_profile",
      "status": "pass",
      "objects": null
    },
    {
      "object_kind": "var",
      "config_addr": "module.aci.module.aci_l3out_node_profile_auto.var.bgp_peers",
      "status": "pass",
      "objects": null
    },
    {
      "object_kind": "var",
      "config_addr": "module.aci.module.aci_interface_type.var.port",
      "status": "pass",
      "objects": null
    },
    {
      "object_kind": "var",
      "config_addr": "module.aci.module.aci_useg_endpoint_group.var.bridge_domain",
      "status": "pass",
      "objects": null
    },
    {
      "object_kind": "var",
      "config_addr": "module.aci.module.aci_macsec_parameters_policy.var.name",
      "status": "pass",
      "objects": null
    },
    {
      "object_kind": "var",
      "config_addr": "module.aci.module.aci_l4l7_device.var.type",
      "status": "pass",
      "objects": null
    },
    {
      "object_kind": "var",
      "config_addr": "module.aci.module.aci_error_disabled_recovery.var.interval",
      "status": "pass",
      "objects": null
    },
    {
      "object_kind": "var",
      "config_addr": "module.aci.module.aci_aaa.var.security_domains",
      "status": "pass",
      "objects": null
    },
    {
      "object_kind": "var",
      "config_addr": "module.aci.module.aci_dhcp_relay_policy.var.tenant",
      "status": "pass",
      "objects": null
    },
    {
      "object_kind": "var",
      "config_addr": "module.aci.module.aci_management_access_policy.var.http_allow_origins",
      "status": "pass",
      "objects": null
    },
    {
      "object_kind": "var",
      "config_addr": "module.aci.module.aci_trust_control_policy.var.tenant",
      "status": "pass",
      "objects": null
    },
    {
      "object_kind": "var",
      "config_addr": "module.aci.module.aci_netflow_vmm_exporter.var.destination_port",
      "status": "pass",
      "objects": null
    },
    {
      "object_kind": "var",
      "config_addr": "module.aci.module.aci_access_span_destination_group.var.description",
      "status": "pass",
      "objects": null
    },
    {
      "object_kind": "var",
      "config_addr": "module.aci.module.aci_l3out_interface_profile_manual.var.node_profile",
      "status": "pass",
      "objects": null
    },
    {
      "object_kind": "var",
      "config_addr": "module.aci.module.aci_l4l7_device.var.concrete_devices",
      "status": "pass",
      "objects": null
    },
    {
      "object_kind": "var",
      "config_addr": "module.aci.module.aci_access_span_destination_group.var.mtu",
      "status": "pass",
      "objects": null
    },
    {
      "object_kind": "var",
      "config_addr": "module.aci.module.aci_redirect_backup_policy.var.description",
      "status": "pass",
      "objects": null
    },
    {
      "object_kind": "var",
      "config_addr": "module.aci.module.aci_login_domain.var.description",
      "status": "pass",
      "objects": null
    },
    {
      "object_kind": "var",
      "config_addr": "module.aci.module.aci_bfd_ipv4_policy.var.slow_timer_interval",
      "status": "pass",
      "objects": null
    },
    {
      "object_kind": "var",
      "config_addr": "module.aci.module.aci_aaa.var.max_password_length",
      "status": "pass",
      "objects": null
    },
    {
      "object_kind": "var",
      "config_addr": "module.aci.module.aci_smart_licensing.var.proxy_hostname_ip",
      "status": "pass",
      "objects": null
    },
    {
      "object_kind": "var",
      "config_addr": "module.aci.module.aci_macsec_keychain_policies.var.key_policies",
      "status": "pass",
      "objects": null
    },
    {
      "object_kind": "var",
      "config_addr": "module.aci.module.aci_redirect_policy.var.type",
      "status": "pass",
      "objects": null
    },
    {
      "object_kind": "var",
      "config_addr": "module.aci.module.aci_mpls_custom_qos_policy.var.egress_rules",
      "status": "pass",
      "objects": null
    },
    {
      "object_kind": "var",
      "config_addr": "module.aci.module.aci_access_leaf_interface_selector_manual.var.sub_port_blocks",
      "status": "pass",
      "objects": null
    },
    {
      "object_kind": "var",
      "config_addr": "module.aci.module.aci_l3out.var.import_route_map_name",
      "status": "pass",
      "objects": null
    },
    {
      "object_kind": "var",
      "config_addr": "module.aci.module.aci_tenant_span_source_group.var.tenant",
      "status": "pass",
      "objects": null
    },
    {
      "object_kind": "var",
      "config_addr": "module.aci.module.aci_spine_fabric_interface_configuration.var.description",
      "status": "pass",
      "objects": null
    },
    {
      "object_kind": "var",
      "config_addr": "module.aci.module.aci_external_endpoint_group.var.contract_providers",
      "status": "pass",
      "objects": null
    },
    {
      "object_kind": "var",
      "config_addr": "module.aci.module.aci_netflow_exporter.var.epg_type",
      "status": "pass",
      "objects": null
    },
    {
      "object_kind": "var",
      "config_addr": "module.aci.module.aci_igmp_snooping_policy.var.tenant",
      "status": "pass",
      "objects": null
    },
    {
      "object_kind": "var",
      "config_addr": "module.aci.module.aci_leaf_interface_configuration.var.fex_id",
      "status": "pass",
      "objects": null
    },
    {
      "object_kind": "var",
      "config_addr": "module.aci.module.aci_infra_dscp_translation_policy.var.level_4",
      "status": "pass",
      "objects": null
    },
    {
      "object_kind": "var",
      "config_addr": "module.aci.module.aci_l3out_node_profile_manual.var.l3out",
      "status": "pass",
      "objects": null
    },
    {
      "object_kind": "var",
      "config_addr": "module.aci.module.aci_leaf_interface_configuration.var.role",
      "status": "pass",
      "objects": null
    },
    {
      "object_kind": "var",
      "config_addr": "module.aci.module.aci_l3out_interface_profile_manual.var.ospf_interface_policy",
      "status": "pass",
      "objects": null
    },
    {
      "object_kind": "var",
      "config_addr": "module.aci.module.aci_access_leaf_interface_selector_manual.var.name",
      "status": "pass",
      "objects": null
    },
    {
      "object_kind": "var",
      "config_addr": "module.aci.module.aci_redirect_policy.var.min_threshold",
      "status": "pass",
      "objects": null
    },
    {
      "object_kind": "var",
      "config_addr": "module.aci.module.aci_access_leaf_interface_policy_group.var.link_level_policy",
      "status": "pass",
      "objects": null
    },
    {
      "object_kind": "var",
      "config_addr": "module.aci.module.aci_device_selection_policy.var.consumer_external_endpoint_group_tenant",
      "status": "pass",
      "objects": null
    },
    {
      "object_kind": "var",
      "config_addr": "module.aci.module.aci_leaf_interface_configuration_sub.var.module",
      "status": "pass",
      "objects": null
    },
    {
      "object_kind": "var",
      "config_addr": "module.aci.module.aci_service_epg_policy.var.description",
      "status": "pass",
      "objects": null
    },
    {
      "object_kind": "var",
      "config_addr": "module.aci.module.aci_redirect_health_group.var.tenant",
      "status": "pass",
      "objects": null
    },
    {
      "object_kind": "var",
      "config_addr": "module.aci.module.aci_vrf.var.ospf_timer_policy",
      "status": "pass",
      "objects": null
    },
    {
      "object_kind": "var",
      "config_addr": "module.aci.module.aci_l3out.var.ospf_area",
      "status": "pass",
      "objects": null
    },
    {
      "object_kind": "var",
      "config_addr": "module.aci.module.aci_vmware_vmm_domain.var.credential_policies",
      "status": "pass",
      "objects": null
    },
    {
      "object_kind": "var",
      "config_addr": "module.aci.module.aci_sr_mpls_external_endpoint_group.var.route_control_profiles",
      "status": "pass",
      "objects": null
    },
    {
      "object_kind": "var",
      "config_addr": "module.aci.module.aci_imported_l4l7_device.var.description",
      "status": "pass",
      "objects": null
    },
    {
      "object_kind": "var",
      "config_addr": "module.aci.module.aci_leaf_fabric_interface_configuration_sub.var.sub_port",
      "status": "pass",
      "objects": null
    },
    {
      "object_kind": "var",
      "config_addr": "module.aci.module.aci_sr_mpls_l3out_interface_profile_manual.var.eigrp_interface_policy",
      "status": "pass",
      "objects": null
    },
    {
      "object_kind": "var",
      "config_addr": "module.aci.module.aci_redirect_policy.var.redirect_backup_policy",
      "status": "pass",
      "objects": null
    },
    {
      "object_kind": "var",
      "config_addr": "module.aci.module.aci_bfd_interface_policy.var.min_rx_interval",
      "status": "pass",
      "objects": null
    },
    {
      "object_kind": "var",
      "config_addr": "module.aci.module.aci_l3out.var.alias",
      "status": "pass",
      "objects": null
    },
    {
      "object_kind": "var",
      "config_addr": "module.aci.module.aci_storm_control_policy.var.broadcast_burst_rate",
      "status": "pass",
      "objects": null
    },
    {
      "object_kind": "var",
      "config_addr": "module.aci.module.aci_sr_mpls_l3out_interface_profile_manual.var.ospf_authentication_type",
      "status": "pass",
      "objects": null
    },
    {
      "object_kind": "var",
      "config_addr": "module.aci.module.aci_device_selection_policy.var.copy_custom_qos_policy",
      "status": "pass",
      "objects": null
    },
    {
      "object_kind": "var",
      "config_addr": "module.aci.module.aci_eigrp_interface_policy.var.tenant",
      "status": "pass",
      "objects": null
    },
    {
      "object_kind": "var",
      "config_addr": "module.aci.module.aci_l3out_node_profile_manual.var.bgp_infra_peers",
      "status": "pass",
      "objects": null
    },
    {
      "object_kind": "var",
      "config_addr": "module.aci.module.aci_leaf_fabric_interface_configuration.var.port",
      "status": "pass",
      "objects": null
    },
    {
      "object_kind": "var",
      "config_addr": "module.aci.module.aci_spine_interface_configuration.var.sub_port",
      "status": "pass",
      "objects": null
    },
    {
      "object_kind": "var",
      "config_addr": "module.aci.module.aci_radius.var.timeout",
      "status": "pass",
      "objects": null
    },
    {
      "object_kind": "var",
      "config_addr": "module.aci.module.aci_sr_mpls_l3out_interface_profile_manual.var.node_profile",
      "status": "pass",
      "objects": null
    },
    {
      "object_kind": "var",
      "config_addr": "module.aci.module.aci_interface_type.var.module",
      "status": "pass",
      "objects": null
    },
    {
      "object_kind": "var",
      "config_addr": "module.aci.module.aci_endpoint_group.var.contract_imported_consumers",
      "status": "pass",
      "objects": null
    },
    {
      "object_kind": "var",
      "config_addr": "module.aci.module.aci_oob_external_management_instance.var.name",
      "status": "pass",
      "objects": null
    },
    {
      "object_kind": "var",
      "config_addr": "module.aci.module.aci_ospf_timer_policy.var.description",
      "status": "pass",
      "objects": null
    },
    {
      "object_kind": "var",
      "config_addr": "module.aci.module.aci_sr_mpls_external_endpoint_group.var.tenant",
      "status": "pass",
      "objects": null
    },
    {
      "object_kind": "var",
      "config_addr": "module.aci.module.aci_fabric_pod_policy_group.var.management_access_policy",
      "status": "pass",
      "objects": null
    },
    {
      "object_kind": "var",
      "config_addr": "module.aci.module.aci_routed_domain.var.name",
      "status": "pass",
      "objects": null
    },
    {
      "object_kind": "var",
      "config_addr": "module.aci.module.aci_leaf_interface_configuration_sub.var.breakout",
      "status": "pass",
      "objects": null
    },
    {
      "object_kind": "var",
      "config_addr": "module.aci.module.aci_access_leaf_interface_selector_sub_auto.var.fex_interface_profile",
      "status": "pass",
      "objects": null
    },
    {
      "object_kind": "var",
      "config_addr": "module.aci.module.aci_port_channel_policy.var.mode",
      "status": "pass",
      "objects": null
    },
    {
      "object_kind": "var",
      "config_addr": "module.aci.module.aci_device_selection_policy.var.copy_service_epg_policy",
      "status": "pass",
      "objects": null
    },
    {
      "object_kind": "var",
      "config_addr": "module.aci.module.aci_sr_mpls_l3out_interface_profile_manual.var.tenant",
      "status": "pass",
      "objects": null
    },
    {
      "object_kind": "var",
      "config_addr": "module.aci.module.aci_vspan_session.var.name",
      "status": "pass",
      "objects": null
    },
    {
      "object_kind": "var",
      "config_addr": "module.aci.module.aci_config_export.var.name",
      "status": "pass",
      "objects": null
    },
    {
      "object_kind": "var",
      "config_addr": "module.aci.module.aci_aaep.var.routed_domains",
      "status": "pass",
      "objects": null
    },
    {
      "object_kind": "var",
      "config_addr": "module.aci.module.aci_sr_mpls_l3out_node_profile_manual.var.l3out",
      "status": "pass",
      "objects": null
    },
    {
      "object_kind": "var",
      "config_addr": "module.aci.module.aci_vrf.var.enforcement_direction",
      "status": "pass",
      "objects": null
    },
    {
      "object_kind": "var",
      "config_addr": "module.aci.module.aci_node_registration.var.name",
      "status": "pass",
      "objects": null
    },
    {
      "object_kind": "var",
      "config_addr": "module.aci.module.aci_login_domain.var.name",
      "status": "pass",
      "objects": null
    },
    {
      "object_kind": "var",
      "config_addr": "module.aci.module.aci_access_leaf_interface_policy_group.var.cdp_policy",
      "status": "pass",
      "objects": null
    },
    {
      "object_kind": "var",
      "config_addr": "module.aci.module.aci_vlan_pool.var.description",
      "status": "pass",
      "objects": null
    },
    {
      "object_kind": "var",
      "config_addr": "module.aci.module.aci_ospf_interface_policy.var.lsa_transmit_delay",
      "status": "pass",
      "objects": null
    },
    {
      "object_kind": "var",
      "config_addr": "module.aci.module.aci_lldp_policy.var.name",
      "status": "pass",
      "objects": null
    },
    {
      "object_kind": "var",
      "config_addr": "module.aci.module.aci_vspan_session.var.destination_description",
      "status": "pass",
      "objects": null
    },
    {
      "object_kind": "var",
      "config_addr": "module.aci.module.aci_bfd_ipv6_policy.var.min_tx_interval",
      "status": "pass",
      "objects": null
    },
    {
      "object_kind": "var",
      "config_addr": "module.aci.module.aci_access_spine_interface_selector_manual.var.name",
      "status": "pass",
      "objects": null
    },
    {
      "object_kind": "var",
      "config_addr": "module.aci.module.aci_access_leaf_interface_selector_manual.var.interface_profile",
      "status": "pass",
      "objects": null
    },
    {
      "object_kind": "var",
      "config_addr": "module.aci.module.aci_access_spine_switch_profile_auto.var.selectors",
      "status": "pass",
      "objects": null
    },
    {
      "object_kind": "var",
      "config_addr": "module.aci.module.aci_maintenance_group.var.target_version",
      "status": "pass",
      "objects": null
    },
    {
      "object_kind": "var",
      "config_addr": "module.aci.module.aci_access_spine_switch_configuration.var.fabric_policy_group",
      "status": "pass",
      "objects": null
    },
    {
      "object_kind": "var",
      "config_addr": "module.aci.module.aci_vspan_destination_group.var.description",
      "status": "pass",
      "objects": null
    },
    {
      "object_kind": "var",
      "config_addr": "module.aci.module.aci_access_leaf_interface_policy_group.var.netflow_monitor_policies",
      "status": "pass",
      "objects": null
    },
    {
      "object_kind": "var",
      "config_addr": "module.aci.module.aci_igmp_interface_policy.var.last_member_count",
      "status": "pass",
      "objects": null
    },
    {
      "object_kind": "var",
      "config_addr": "module.aci.module.aci_spine_fabric_interface_configuration.var.port",
      "status": "pass",
      "objects": null
    },
    {
      "object_kind": "var",
      "config_addr": "module.aci.module.aci_service_graph_template.var.device_node_name",
      "status": "pass",
      "objects": null
    },
    {
      "object_kind": "var",
      "config_addr": "module.aci.module.aci_bridge_domain.var.multi_destination_flooding",
      "status": "pass",
      "objects": null
    },
    {
      "object_kind": "var",
      "config_addr": "module.aci.module.aci_l3out_node_profile_manual.var.bgp_timer_policy",
      "status": "pass",
      "objects": null
    },
    {
      "object_kind": "var",
      "config_addr": "module.aci.module.aci_pim_policy.var.hello_interval",
      "status": "pass",
      "objects": null
    },
    {
      "object_kind": "var",
      "config_addr": "module.aci.module.aci_bgp_address_family_context_policy.var.description",
      "status": "pass",
      "objects": null
    },
    {
      "object_kind": "var",
      "config_addr": "module.aci.module.aci_external_endpoint_group.var.annotation",
      "status": "pass",
      "objects": null
    },
    {
      "object_kind": "var",
      "config_addr": "module.aci.module.aci_forwarding_scale_policy.var.profile",
      "status": "pass",
      "objects": null
    },
    {
      "object_kind": "var",
      "config_addr": "module.aci.module.aci_ospf_interface_policy.var.network_type",
      "status": "pass",
      "objects": null
    },
    {
      "object_kind": "var",
      "config_addr": "module.aci.module.aci_bfd_ipv6_policy.var.detection_multiplier",
      "status": "pass",
      "objects": null
    },
    {
      "object_kind": "var",
      "config_addr": "module.aci.module.aci_interface_configuration_fex.var.sub_port",
      "status": "pass",
      "objects": null
    },
    {
      "object_kind": "var",
      "config_addr": "module.aci.module.aci_set_rule.var.name",
      "status": "pass",
      "objects": null
    },
    {
      "object_kind": "var",
      "config_addr": "module.aci.module.aci_bgp_address_family_context_policy.var.local_max_ecmp",
      "status": "pass",
      "objects": null
    },
    {
      "object_kind": "var",
      "config_addr": "module.aci.module.aci_pim_policy.var.tenant",
      "status": "pass",
      "objects": null
    },
    {
      "object_kind": "var",
      "config_addr": "module.aci.module.aci_oob_endpoint_group.var.static_routes",
      "status": "pass",
      "objects": null
    },
    {
      "object_kind": "var",
      "config_addr": "module.aci.module.aci_endpoint_group.var.alias",
      "status": "pass",
      "objects": null
    },
    {
      "object_kind": "var",
      "config_addr": "module.aci.module.aci_infra_dscp_translation_policy.var.level_2",
      "status": "pass",
      "objects": null
    },
    {
      "object_kind": "var",
      "config_addr": "module.aci.module.aci_l3out.var.default_route_leak_policy_criteria",
      "status": "pass",
      "objects": null
    },
    {
      "object_kind": "var",
      "config_addr": "module.aci.module.aci_user.var.password",
      "status": "pass",
      "objects": null
    },
    {
      "object_kind": "var",
      "config_addr": "module.aci.module.aci_igmp_interface_policy.var.grp_timeout",
      "status": "pass",
      "objects": null
    },
    {
      "object_kind": "var",
      "config_addr": "module.aci.module.aci_fabric_spine_switch_policy_group.var.node_control_policy",
      "status": "pass",
      "objects": null
    },
    {
      "object_kind": "var",
      "config_addr": "module.aci.module.aci_port_channel_policy.var.hash_key",
      "status": "pass",
      "objects": null
    },
    {
      "object_kind": "var",
      "config_addr": "module.aci.module.aci_useg_endpoint_group.var.ip_statements",
      "status": "pass",
      "objects": null
    },
    {
      "object_kind": "var",
      "config_addr": "module.aci.module.aci_management_access_policy.var.https_keyring",
      "status": "pass",
      "objects": null
    },
    {
      "object_kind": "var",
      "config_addr": "module.aci.module.aci_snmp_policy.var.contact",
      "status": "pass",
      "objects": null
    },
    {
      "object_kind": "var",
      "config_addr": "module.aci.module.aci_endpoint_security_group.var.vrf",
      "status": "pass",
      "objects": null
    },
    {
      "object_kind": "var",
      "config_addr": "module.aci.module.aci_vmware_vmm_domain.var.name",
      "status": "pass",
      "objects": null
    },
    {
      "object_kind": "var",
      "config_addr": "module.aci.module.aci_access_spine_switch_policy_group.var.bfd_ipv4_policy",
      "status": "pass",
      "objects": null
    },
    {
      "object_kind": "var",
      "config_addr": "module.aci.module.aci_ldap.var.group_maps",
      "status": "pass",
      "objects": [
        {
          "object_addr": "module.aci.module.aci_ldap.var.group_maps",
          "status": "pass"
        }
      ]
    },
    {
      "object_kind": "var",
      "config_addr": "module.aci.module.aci_sr_mpls_l3out.var.export_route_map_description",
      "status": "pass",
      "objects": null
    },
    {
      "object_kind": "var",
      "config_addr": "module.aci.module.aci_syslog_policy.var.name",
      "status": "pass",
      "objects": null
    },
    {
      "object_kind": "var",
      "config_addr": "module.aci.module.aci_infra_dscp_translation_policy.var.traceroute",
      "status": "pass",
      "objects": null
    },
    {
      "object_kind": "var",
      "config_addr": "module.aci.module.aci_sr_mpls_global_configuration.var.sr_global_block_maximum",
      "status": "pass",
      "objects": null
    },
    {
      "object_kind": "var",
      "config_addr": "module.aci.module.aci_mpls_custom_qos_policy.var.description",
      "status": "pass",
      "objects": null
    },
    {
      "object_kind": "var",
      "config_addr": "module.aci.module.aci_sr_mpls_l3out_interface_profile_manual.var.name",
      "status": "pass",
      "objects": null
    },
    {
      "object_kind": "var",
      "config_addr": "module.aci.module.aci_endpoint_security_group.var.esg_contract_masters",
      "status": "pass",
      "objects": null
    },
    {
      "object_kind": "var",
      "config_addr": "module.aci.module.aci_fabric_span_destination_group.var.description",
      "status": "pass",
      "objects": null
    },
    {
      "object_kind": "resource",
      "config_addr": "module.aci.data.utils_yaml_merge.model",
      "status": "unknown",
      "objects": [
        {
          "object_addr": "module.aci.data.utils_yaml_merge.model",
          "status": "unknown"
        }
      ]
    },
    {
      "object_kind": "var",
      "config_addr": "module.aci.module.aci_access_spine_interface_policy_group.var.aaep",
      "status": "pass",
      "objects": null
    },
    {
      "object_kind": "var",
      "config_addr": "module.aci.module.aci_track_list.var.name",
      "status": "pass",
      "objects": null
    },
    {
      "object_kind": "var",
      "config_addr": "module.aci.module.aci_igmp_interface_policy.var.startup_query_interval",
      "status": "pass",
      "objects": null
    },
    {
      "object_kind": "var",
      "config_addr": "module.aci.module.aci_storm_control_policy.var.broadcast_burst_pps",
      "status": "pass",
      "objects": null
    },
    {
      "object_kind": "var",
      "config_addr": "module.aci.module.aci_spine_interface_configuration.var.port",
      "status": "pass",
      "objects": null
    },
    {
      "object_kind": "var",
      "config_addr": "module.aci.module.aci_leaf_interface_configuration.var.policy_group",
      "status": "pass",
      "objects": null
    },
    {
      "object_kind": "var",
      "config_addr": "module.aci.module.aci_routed_domain.var.vlan_pool_allocation",
      "status": "pass",
      "objects": null
    },
    {
      "object_kind": "var",
      "config_addr": "module.aci.module.aci_l3out_interface_profile_manual.var.pim_policy",
      "status": "pass",
      "objects": null
    },
    {
      "object_kind": "var",
      "config_addr": "module.aci.module.aci_l3out_node_profile_auto.var.l3out",
      "status": "pass",
      "objects": null
    },
    {
      "object_kind": "var",
      "config_addr": "module.aci.module.aci_bfd_interface_policy.var.description",
      "status": "pass",
      "objects": null
    },
    {
      "object_kind": "var",
      "config_addr": "module.aci.module.aci_contract.var.alias",
      "status": "pass",
      "objects": null
    },
    {
      "object_kind": "var",
      "config_addr": "module.aci.module.aci_bgp_peer_prefix_policy.var.threshold",
      "status": "pass",
      "objects": null
    },
    {
      "object_kind": "var",
      "config_addr": "module.aci.module.aci_set_rule.var.dampening_half_life",
      "status": "pass",
      "objects": null
    },
    {
      "object_kind": "var",
      "config_addr": "module.aci.module.aci_sr_mpls_l3out_interface_profile_manual.var.eigrp_keychain_policy",
      "status": "pass",
      "objects": null
    },
    {
      "object_kind": "var",
      "config_addr": "module.aci.module.aci_macsec_keychain_policies.var.description",
      "status": "pass",
      "objects": null
    },
    {
      "object_kind": "var",
      "config_addr": "module.aci.module.aci_macsec_interfaces_policy.var.description",
      "status": "pass",
      "objects": null
    },
    {
      "object_kind": "var",
      "config_addr": "module.aci.module.aci_tacacs.var.mgmt_epg_name",
      "status": "pass",
      "objects": null
    },
    {
      "object_kind": "var",
      "config_addr": "module.aci.module.aci_sr_mpls_l3out.var.tenant",
      "status": "pass",
      "objects": null
    },
    {
      "object_kind": "var",
      "config_addr": "module.aci.module.aci_application_profile.var.name",
      "status": "pass",
      "objects": null
    },
    {
      "object_kind": "var",
      "config_addr": "module.aci.module.aci_ip_sla_policy.var.frequency",
      "status": "pass",
      "objects": null
    },
    {
      "object_kind": "var",
      "config_addr": "module.aci.module.aci_useg_endpoint_group.var.application_profile",
      "status": "pass",
      "objects": null
    },
    {
      "object_kind": "var",
      "config_addr": "module.aci.module.aci_macsec_interfaces_policy.var.name",
      "status": "pass",
      "objects": null
    },
    {
      "object_kind": "var",
      "config_addr": "module.aci.module.aci_user.var.phone",
      "status": "pass",
      "objects": null
    },
    {
      "object_kind": "var",
      "config_addr": "module.aci.module.aci_vspan_session.var.sources",
      "status": "pass",
      "objects": null
    },
    {
      "object_kind": "var",
      "config_addr": "module.aci.module.aci_l3out_interface_profile_manual.var.name",
      "status": "pass",
      "objects": null
    },
    {
      "object_kind": "var",
      "config_addr": "module.aci.module.aci_vrf.var.pim_fabric_rps",
      "status": "pass",
      "objects": null
    },
    {
      "object_kind": "var",
      "config_addr": "module.aci.module.aci_vpc_policy.var.peer_dead_interval",
      "status": "pass",
      "objects": null
    },
    {
      "object_kind": "var",
      "config_addr": "module.aci.module.aci_inband_node_address.var.endpoint_group",
      "status": "pass",
      "objects": null
    },
    {
      "object_kind": "var",
      "config_addr": "module.aci.module.aci_redirect_policy.var.l1l2_destinations",
      "status": "pass",
      "objects": null
    },
    {
      "object_kind": "var",
      "config_addr": "module.aci.module.aci_port_channel_policy.var.name",
      "status": "pass",
      "objects": null
    },
    {
      "object_kind": "var",
      "config_addr": "module.aci.module.aci_config_export.var.scheduler",
      "status": "pass",
      "objects": null
    },
    {
      "object_kind": "var",
      "config_addr": "module.aci.module.aci_dhcp_relay_policy.var.description",
      "status": "pass",
      "objects": null
    },
    {
      "object_kind": "var",
      "config_addr": "module.aci.module.aci_l3out_interface_profile_auto.var.bfd_policy",
      "status": "pass",
      "objects": null
    },
    {
      "object_kind": "var",
      "config_addr": "module.aci.module.aci_fabric_leaf_switch_policy_group.var.node_control_policy",
      "status": "pass",
      "objects": null
    },
    {
      "object_kind": "var",
      "config_addr": "module.aci.module.aci_bgp_address_family_context_policy.var.tenant",
      "status": "pass",
      "objects": null
    },
    {
      "object_kind": "var",
      "config_addr": "module.aci.module.aci_leaf_interface_configuration.var.module",
      "status": "pass",
      "objects": null
    },
    {
      "object_kind": "var",
      "config_addr": "module.aci.module.aci_netflow_monitor.var.flow_exporters",
      "status": "pass",
      "objects": null
    },
    {
      "object_kind": "var",
      "config_addr": "module.aci.module.aci_fabric_leaf_switch_profile_auto.var.name",
      "status": "pass",
      "objects": null
    },
    {
      "object_kind": "var",
      "config_addr": "module.aci.module.aci_interface_configuration_fex.var.policy_group_type",
      "status": "pass",
      "objects": null
    },
    {
      "object_kind": "var",
      "config_addr": "module.aci.module.aci_l3out_node_profile_manual.var.name",
      "status": "pass",
      "objects": null
    },
    {
      "object_kind": "var",
      "config_addr": "module.aci.module.aci_physical_domain.var.vlan_pool",
      "status": "pass",
      "objects": null
    },
    {
      "object_kind": "var",
      "config_addr": "module.aci.module.aci_ca_certificate.var.description",
      "status": "pass",
      "objects": null
    },
    {
      "object_kind": "var",
      "config_addr": "module.aci.module.aci_sr_mpls_l3out_interface_profile_manual.var.transport_data_plane",
      "status": "pass",
      "objects": null
    },
    {
      "object_kind": "var",
      "config_addr": "module.aci.module.aci_match_rule.var.prefixes",
      "status": "pass",
      "objects": null
    },
    {
      "object_kind": "var",
      "config_addr": "module.aci.module.aci_nd_interface_policy.var.retransmit_retry_count",
      "status": "pass",
      "objects": null
    },
    {
      "object_kind": "var",
      "config_addr": "module.aci.module.aci_login_domain.var.ldap_providers",
      "status": "pass",
      "objects": null
    },
    {
      "object_kind": "var",
      "config_addr": "module.aci.module.aci_device_selection_policy.var.consumer_service_epg_policy",
      "status": "pass",
      "objects": null
    },
    {
      "object_kind": "var",
      "config_addr": "module.aci.module.aci_bfd_multihop_node_policy.var.description",
      "status": "pass",
      "objects": null
    },
    {
      "object_kind": "var",
      "config_addr": "module.aci.module.aci_match_rule.var.community_terms",
      "status": "pass",
      "objects": null
    },
    {
      "object_kind": "var",
      "config_addr": "module.aci.module.aci_bfd_ipv6_policy.var.name",
      "status": "pass",
      "objects": null
    },
    {
      "object_kind": "var",
      "config_addr": "module.aci.module.aci_netflow_record.var.match_parameters",
      "status": "pass",
      "objects": null
    },
    {
      "object_kind": "var",
      "config_addr": "module.aci.module.aci_fabric_span_destination_group.var.span_version",
      "status": "pass",
      "objects": null
    },
    {
      "object_kind": "var",
      "config_addr": "module.aci.module.aci_redirect_policy.var.description",
      "status": "pass",
      "objects": null
    },
    {
      "object_kind": "var",
      "config_addr": "module.aci.module.aci_fabric_pod_policy_group.var.snmp_policy",
      "status": "pass",
      "objects": null
    },
    {
      "object_kind": "var",
      "config_addr": "module.aci.module.aci_fabric_spine_switch_configuration.var.role",
      "status": "pass",
      "objects": null
    },
    {
      "object_kind": "var",
      "config_addr": "module.aci.module.aci_l3out_interface_profile_auto.var.igmp_interface_policy",
      "status": "pass",
      "objects": null
    },
    {
      "object_kind": "var",
      "config_addr": "module.aci.module.aci_tenant_span_destination_group.var.mtu",
      "status": "pass",
      "objects": null
    },
    {
      "object_kind": "var",
      "config_addr": "module.aci.module.aci_l3out_interface_profile_manual.var.custom_qos_policy",
      "status": "pass",
      "objects": null
    },
    {
      "object_kind": "var",
      "config_addr": "module.aci.module.aci_device_selection_policy.var.consumer_external_endpoint_group_l3out",
      "status": "pass",
      "objects": null
    },
    {
      "object_kind": "var",
      "config_addr": "module.aci.module.aci_l3out_interface_profile_auto.var.interfaces",
      "status": "pass",
      "objects": null
    },
    {
      "object_kind": "var",
      "config_addr": "module.aci.module.aci_radius.var.mgmt_epg_type",
      "status": "pass",
      "objects": null
    },
    {
      "object_kind": "var",
      "config_addr": "module.aci.module.aci_nd_interface_policy.var.controller_state",
      "status": "pass",
      "objects": null
    },
    {
      "object_kind": "var",
      "config_addr": "module.aci.module.aci_ptp_profile.var.priority",
      "status": "pass",
      "objects": null
    },
    {
      "object_kind": "var",
      "config_addr": "module.aci.module.aci_external_endpoint_group.var.subnets",
      "status": "pass",
      "objects": null
    },
    {
      "object_kind": "var",
      "config_addr": "module.aci.module.aci_fabric_pod_profile_auto.var.name",
      "status": "pass",
      "objects": null
    },
    {
      "object_kind": "var",
      "config_addr": "module.aci.module.aci_port_channel_member_policy.var.rate",
      "status": "pass",
      "objects": null
    },
    {
      "object_kind": "var",
      "config_addr": "module.aci.module.aci_access_leaf_interface_selector_sub_auto.var.policy_group",
      "status": "pass",
      "objects": null
    },
    {
      "object_kind": "var",
      "config_addr": "module.aci.module.aci_vspan_destination_group.var.name",
      "status": "pass",
      "objects": null
    },
    {
      "object_kind": "var",
      "config_addr": "module.aci.module.aci_bfd_ipv4_policy.var.min_tx_interval",
      "status": "pass",
      "objects": null
    },
    {
      "object_kind": "var",
      "config_addr": "module.aci.module.aci_device_selection_policy.var.provider_redirect_policy",
      "status": "pass",
      "objects": null
    },
    {
      "object_kind": "var",
      "config_addr": "module.aci.module.aci_vrf.var.route_summarization_policies",
      "status": "pass",
      "objects": null
    },
    {
      "object_kind": "var",
      "config_addr": "module.aci.module.aci_igmp_interface_policy.var.report_policy_multicast_route_map",
      "status": "pass",
      "objects": null
    },
    {
      "object_kind": "var",
      "config_addr": "module.aci.module.aci_device_selection_policy.var.provider_logical_interface",
      "status": "pass",
      "objects": null
    },
    {
      "object_kind": "var",
      "config_addr": "module.aci.module.aci_useg_endpoint_group.var.contract_consumers",
      "status": "pass",
      "objects": null
    },
    {
      "object_kind": "var",
      "config_addr": "module.aci.module.aci_oob_contract.var.alias",
      "status": "pass",
      "objects": null
    },
    {
      "object_kind": "var",
      "config_addr": "module.aci.module.aci_fabric_spine_switch_configuration.var.access_policy_group",
      "status": "pass",
      "objects": null
    },
    {
      "object_kind": "var",
      "config_addr": "module.aci.module.aci_leaf_fabric_interface_configuration_sub.var.port",
      "status": "pass",
      "objects": null
    },
    {
      "object_kind": "var",
      "config_addr": "module.aci.module.aci_device_selection_policy.var.consumer_redirect_policy",
      "status": "pass",
      "objects": null
    },
    {
      "object_kind": "var",
      "config_addr": "module.aci.module.aci_external_endpoint_group.var.alias",
      "status": "pass",
      "objects": null
    },
    {
      "object_kind": "var",
      "config_addr": "module.aci.module.aci_tacacs.var.monitoring_username",
      "status": "pass",
      "objects": null
    },
    {
      "object_kind": "var",
      "config_addr": "module.aci.module.aci_access_leaf_interface_profile_manual.var.name",
      "status": "pass",
      "objects": null
    },
    {
      "object_kind": "var",
      "config_addr": "module.aci.module.aci_vrf.var.pim_inter_vrf_policies",
      "status": "pass",
      "objects": null
    },
    {
      "object_kind": "var",
      "config_addr": "module.aci.module.aci_igmp_interface_policy.var.description",
      "status": "pass",
      "objects": null
    },
    {
      "object_kind": "var",
      "config_addr": "module.aci.module.aci_l3out_interface_profile_manual.var.eigrp_interface_policy",
      "status": "pass",
      "objects": null
    },
    {
      "object_kind": "var",
      "config_addr": "module.aci.module.aci_snmp_trap_policy.var.description",
      "status": "pass",
      "objects": null
    },
    {
      "object_kind": "var",
      "config_addr": "module.aci.module.aci_aaep.var.description",
      "status": "pass",
      "objects": null
    },
    {
      "object_kind": "var",
      "config_addr": "module.aci.module.aci_l3out_interface_profile_manual.var.ospf_interface_profile_name",
      "status": "pass",
      "objects": null
    },
    {
      "object_kind": "var",
      "config_addr": "module.aci.module.aci_bgp_address_family_context_policy.var.local_distance",
      "status": "pass",
      "objects": null
    },
    {
      "object_kind": "var",
      "config_addr": "module.aci.module.aci_l3out.var.export_route_map_description",
      "status": "pass",
      "objects": null
    },
    {
      "object_kind": "var",
      "config_addr": "module.aci.module.aci_storm_control_policy.var.multicast_rate",
      "status": "pass",
      "objects": null
    },
    {
      "object_kind": "var",
      "config_addr": "module.aci.module.aci_ospf_timer_policy.var.lsa_arrival_interval",
      "status": "pass",
      "objects": null
    },
    {
      "object_kind": "var",
      "config_addr": "module.aci.module.aci_access_span_destination_group.var.pod_id",
      "status": "pass",
      "objects": null
    },
    {
      "object_kind": "var",
      "config_addr": "module.aci.module.aci_bfd_ipv6_policy.var.type",
      "status": "pass",
      "objects": null
    },
    {
      "object_kind": "var",
      "config_addr": "module.aci.module.aci_useg_endpoint_group.var.contract_masters",
      "status": "pass",
      "objects": null
    },
    {
      "object_kind": "var",
      "config_addr": "module.aci.module.aci_bridge_domain.var.dhcp_labels",
      "status": "pass",
      "objects": null
    },
    {
      "object_kind": "var",
      "config_addr": "module.aci.module.aci_spine_interface_configuration.var.role",
      "status": "pass",
      "objects": null
    },
    {
      "object_kind": "var",
      "config_addr": "module.aci.module.aci_endpoint_security_group.var.contract_providers",
      "status": "pass",
      "objects": null
    },
    {
      "object_kind": "var",
      "config_addr": "module.aci.module.aci_set_rule.var.dampening_max_suppress_time",
      "status": "pass",
      "objects": null
    },
    {
      "object_kind": "var",
      "config_addr": "module.aci.module.aci_ospf_interface_policy.var.cost",
      "status": "pass",
      "objects": null
    },
    {
      "object_kind": "var",
      "config_addr": "module.aci.module.aci_node_registration.var.remote_pool_id",
      "status": "pass",
      "objects": null
    },
    {
      "object_kind": "var",
      "config_addr": "module.aci.module.aci_bfd_ipv4_policy.var.type",
      "status": "pass",
      "objects": null
    },
    {
      "object_kind": "var",
      "config_addr": "module.aci.module.aci_sr_mpls_l3out.var.annotation",
      "status": "pass",
      "objects": null
    },
    {
      "object_kind": "var",
      "config_addr": "module.aci.module.aci_l3out_interface_profile_auto.var.ospf_interface_policy",
      "status": "pass",
      "objects": null
    },
    {
      "object_kind": "var",
      "config_addr": "module.aci.module.aci_spanning_tree_policy.var.name",
      "status": "pass",
      "objects": null
    },
    {
      "object_kind": "var",
      "config_addr": "module.aci.module.aci_access_leaf_interface_policy_group.var.port_channel_member_policy",
      "status": "pass",
      "objects": null
    },
    {
      "object_kind": "var",
      "config_addr": "module.aci.module.aci_bgp_timer_policy.var.description",
      "status": "pass",
      "objects": null
    },
    {
      "object_kind": "var",
      "config_addr": "module.aci.module.aci_storm_control_policy.var.multicast_pps",
      "status": "pass",
      "objects": null
    },
    {
      "object_kind": "var",
      "config_addr": "module.aci.module.aci_igmp_interface_policy.var.querier_timeout",
      "status": "pass",
      "objects": null
    },
    {
      "object_kind": "var",
      "config_addr": "module.aci.module.aci_l3out.var.import_route_map_contexts",
      "status": "pass",
      "objects": null
    },
    {
      "object_kind": "var",
      "config_addr": "module.aci.module.aci_fabric_span_destination_group.var.mtu",
      "status": "pass",
      "objects": null
    },
    {
      "object_kind": "var",
      "config_addr": "module.aci.module.aci_service_epg_policy.var.name",
      "status": "pass",
      "objects": null
    },
    {
      "object_kind": "var",
      "config_addr": "module.aci.module.aci_login_domain.var.tacacs_providers",
      "status": "pass",
      "objects": null
    },
    {
      "object_kind": "var",
      "config_addr": "module.aci.module.aci_fabric_isis_policy.var.redistribute_metric",
      "status": "pass",
      "objects": null
    },
    {
      "object_kind": "var",
      "config_addr": "module.aci.module.aci_infra_dhcp_relay_policy.var.name",
      "status": "pass",
      "objects": null
    },
    {
      "object_kind": "var",
      "config_addr": "module.aci.module.aci_sr_mpls_l3out_interface_profile_manual.var.custom_qos_policy",
      "status": "pass",
      "objects": null
    },
    {
      "object_kind": "var",
      "config_addr": "module.aci.module.aci_vmware_vmm_domain.var.vswitch_lldp_policy",
      "status": "pass",
      "objects": null
    },
    {
      "object_kind": "var",
      "config_addr": "module.aci.module.aci_tenant_span_destination_group.var.dscp",
      "status": "pass",
      "objects": null
    },
    {
      "object_kind": "var",
      "config_addr": "module.aci.module.aci_system_performance.var.calculation_window",
      "status": "pass",
      "objects": null
    },
    {
      "object_kind": "var",
      "config_addr": "module.aci.module.aci_service_graph_template.var.name",
      "status": "pass",
      "objects": null
    },
    {
      "object_kind": "var",
      "config_addr": "module.aci.module.aci_storm_control_policy.var.rate_pps",
      "status": "pass",
      "objects": null
    },
    {
      "object_kind": "var",
      "config_addr": "module.aci.module.aci_access_leaf_interface_policy_group.var.type",
      "status": "pass",
      "objects": null
    },
    {
      "object_kind": "var",
      "config_addr": "module.aci.module.aci_radius.var.retries",
      "status": "pass",
      "objects": null
    },
    {
      "object_kind": "var",
      "config_addr": "module.aci.module.aci_macsec_parameters_policy.var.key_expiry_time",
      "status": "pass",
      "objects": null
    },
    {
      "object_kind": "var",
      "config_addr": "module.aci.module.aci_radius.var.mgmt_epg_name",
      "status": "pass",
      "objects": null
    },
    {
      "object_kind": "var",
      "config_addr": "module.aci.module.aci_access_fex_interface_profile_auto.var.name",
      "status": "pass",
      "objects": null
    },
    {
      "object_kind": "var",
      "config_addr": "module.aci.module.aci_remote_location.var.description",
      "status": "pass",
      "objects": null
    },
    {
      "object_kind": "var",
      "config_addr": "module.aci.module.aci_redirect_health_group.var.description",
      "status": "pass",
      "objects": null
    },
    {
      "object_kind": "var",
      "config_addr": "module.aci.module.aci_l3out_interface_profile_manual.var.ospf_authentication_key_id",
      "status": "pass",
      "objects": null
    },
    {
      "object_kind": "var",
      "config_addr": "module.aci.module.aci_snmp_policy.var.clients",
      "status": "pass",
      "objects": null
    },
    {
      "object_kind": "var",
      "config_addr": "module.aci.module.aci_l3out.var.tenant",
      "status": "pass",
      "objects": null
    },
    {
      "object_kind": "var",
      "config_addr": "module.aci.module.aci_fabric_span_destination_group.var.name",
      "status": "pass",
      "objects": null
    },
    {
      "object_kind": "var",
      "config_addr": "module.aci.module.aci_interface_configuration_fex.var.description",
      "status": "pass",
      "objects": null
    },
    {
      "object_kind": "var",
      "config_addr": "module.aci.module.aci_qos_policy.var.dscp_priority_maps",
      "status": "pass",
      "objects": null
    },
    {
      "object_kind": "var",
      "config_addr": "module.aci.module.aci_tenant_span_destination_group.var.tenant",
      "status": "pass",
      "objects": null
    },
    {
      "object_kind": "var",
      "config_addr": "module.aci.module.aci_syslog_policy.var.local_severity",
      "status": "pass",
      "objects": null
    },
    {
      "object_kind": "var",
      "config_addr": "module.aci.module.aci_mpls_custom_qos_policy.var.name",
      "status": "pass",
      "objects": null
    },
    {
      "object_kind": "var",
      "config_addr": "module.aci.module.aci_tenant.var.description",
      "status": "pass",
      "objects": null
    },
    {
      "object_kind": "var",
      "config_addr": "module.aci.module.aci_access_spine_interface_profile_auto.var.name",
      "status": "pass",
      "objects": null
    },
    {
      "object_kind": "var",
      "config_addr": "module.aci.module.aci_route_control_route_map.var.contexts",
      "status": "pass",
      "objects": null
    },
    {
      "object_kind": "var",
      "config_addr": "module.aci.module.aci_bridge_domain.var.subnets",
      "status": "pass",
      "objects": null
    },
    {
      "object_kind": "var",
      "config_addr": "module.aci.module.aci_useg_endpoint_group.var.tags",
      "status": "pass",
      "objects": null
    },
    {
      "object_kind": "var",
      "config_addr": "module.aci.module.aci_bfd_interface_policy.var.detection_multiplier",
      "status": "pass",
      "objects": null
    },
    {
      "object_kind": "var",
      "config_addr": "module.aci.module.aci_interface_configuration_fex.var.port",
      "status": "pass",
      "objects": null
    },
    {
      "object_kind": "var",
      "config_addr": "module.aci.module.aci_vmware_vmm_domain.var.vswitch_netflow_policy",
      "status": "pass",
      "objects": null
    },
    {
      "object_kind": "var",
      "config_addr": "module.aci.module.aci_l3out_interface_profile_auto.var.eigrp_keychain_policy",
      "status": "pass",
      "objects": null
    },
    {
      "object_kind": "var",
      "config_addr": "module.aci.module.aci_access_leaf_interface_selector_sub_auto.var.port_blocks",
      "status": "pass",
      "objects": null
    },
    {
      "object_kind": "var",
      "config_addr": "module.aci.module.aci_config_export.var.format",
      "status": "pass",
      "objects": null
    },
    {
      "object_kind": "var",
      "config_addr": "module.aci.module.aci_user.var.first_name",
      "status": "pass",
      "objects": null
    },
    {
      "object_kind": "var",
      "config_addr": "module.aci.module.aci_igmp_interface_policy.var.max_mcast_entries",
      "status": "pass",
      "objects": null
    },
    {
      "object_kind": "var",
      "config_addr": "module.aci.module.aci_ospf_interface_policy.var.hello_interval",
      "status": "pass",
      "objects": null
    },
    {
      "object_kind": "var",
      "config_addr": "module.aci.module.aci_spine_interface_configuration.var.policy_group_type",
      "status": "pass",
      "objects": null
    },
    {
      "object_kind": "var",
      "config_addr": "module.aci.module.aci_access_leaf_interface_policy_group.var.description",
      "status": "pass",
      "objects": null
    },
    {
      "object_kind": "var",
      "config_addr": "module.aci.module.aci_inband_endpoint_group.var.name",
      "status": "pass",
      "objects": null
    },
    {
      "object_kind": "var",
      "config_addr": "module.aci.module.aci_nd_interface_policy.var.nud_retransmit_interval",
      "status": "pass",
      "objects": null
    },
    {
      "object_kind": "var",
      "config_addr": "module.aci.module.aci_bfd_interface_policy.var.min_tx_interval",
      "status": "pass",
      "objects": null
    },
    {
      "object_kind": "var",
      "config_addr": "module.aci.module.aci_leaf_interface_configuration_sub.var.description",
      "status": "pass",
      "objects": null
    },
    {
      "object_kind": "var",
      "config_addr": "module.aci.module.aci_ospf_timer_policy.var.lsa_group_pacing_interval",
      "status": "pass",
      "objects": null
    },
    {
      "object_kind": "var",
      "config_addr": "module.aci.module.aci_access_span_destination_group.var.span_version",
      "status": "pass",
      "objects": null
    },
    {
      "object_kind": "var",
      "config_addr": "module.aci.module.aci_l3out_interface_profile_auto.var.custom_qos_policy",
      "status": "pass",
      "objects": null
    },
    {
      "object_kind": "var",
      "config_addr": "module.aci.module.aci_routed_domain.var.vlan_pool",
      "status": "pass",
      "objects": null
    },
    {
      "object_kind": "var",
      "config_addr": "module.aci.module.aci_snmp_policy.var.location",
      "status": "pass",
      "objects": null
    },
    {
      "object_kind": "var",
      "config_addr": "module.aci.module.aci_fabric_spine_switch_profile_auto.var.interface_profiles",
      "status": "pass",
      "objects": null
    },
    {
      "object_kind": "var",
      "config_addr": "module.aci.module.aci_redirect_backup_policy.var.l3_destinations",
      "status": "pass",
      "objects": null
    },
    {
      "object_kind": "var",
      "config_addr": "module.aci.module.aci_device_selection_policy.var.node_name",
      "status": "pass",
      "objects": null
    },
    {
      "object_kind": "var",
      "config_addr": "module.aci.module.aci_ptp.var.announce_timeout",
      "status": "pass",
      "objects": null
    },
    {
      "object_kind": "var",
      "config_addr": "module.aci.module.aci_fabric_spine_switch_configuration.var.fabric_policy_group",
      "status": "pass",
      "objects": null
    },
    {
      "object_kind": "var",
      "config_addr": "module.aci.module.aci_external_endpoint_group.var.target_dscp",
      "status": "pass",
      "objects": null
    },
    {
      "object_kind": "var",
      "config_addr": "module.aci.module.aci_ip_sla_policy.var.multiplier",
      "status": "pass",
      "objects": null
    },
    {
      "object_kind": "var",
      "config_addr": "module.aci.module.aci_access_spine_interface_selector_manual.var.policy_group",
      "status": "pass",
      "objects": null
    },
    {
      "object_kind": "var",
      "config_addr": "module.aci.module.aci_l3out_node_profile_auto.var.bgp_infra_peers",
      "status": "pass",
      "objects": null
    },
    {
      "object_kind": "var",
      "config_addr": "module.aci.module.aci_oob_node_address.var.endpoint_group",
      "status": "pass",
      "objects": null
    },
    {
      "object_kind": "var",
      "config_addr": "module.aci.module.aci_vrf.var.pim_asm_shared_range_multicast_route_map",
      "status": "pass",
      "objects": null
    },
    {
      "object_kind": "var",
      "config_addr": "module.aci.module.aci_oob_contract.var.scope",
      "status": "pass",
      "objects": null
    },
    {
      "object_kind": "var",
      "config_addr": "module.aci.module.aci_sr_mpls_l3out_node_profile_manual.var.tenant",
      "status": "pass",
      "objects": null
    },
    {
      "object_kind": "var",
      "config_addr": "module.aci.module.aci_sr_mpls_l3out.var.import_route_map_description",
      "status": "pass",
      "objects": null
    },
    {
      "object_kind": "var",
      "config_addr": "module.aci.module.aci_external_connectivity_policy.var.peering_type",
      "status": "pass",
      "objects": null
    },
    {
      "object_kind": "var",
      "config_addr": "module.aci.module.aci_netflow_monitor.var.description",
      "status": "pass",
      "objects": null
    },
    {
      "object_kind": "var",
      "config_addr": "module.aci.module.aci_access_fex_interface_selector_auto.var.description",
      "status": "pass",
      "objects": null
    },
    {
      "object_kind": "var",
      "config_addr": "module.aci.module.aci_access_spine_interface_selector_manual.var.port_blocks",
      "status": "pass",
      "objects": null
    },
    {
      "object_kind": "var",
      "config_addr": "module.aci.module.aci_eigrp_interface_policy.var.description",
      "status": "pass",
      "objects": null
    },
    {
      "object_kind": "var",
      "config_addr": "module.aci.module.aci_access_leaf_interface_selector_auto.var.fex_id",
      "status": "pass",
      "objects": null
    },
    {
      "object_kind": "var",
      "config_addr": "module.aci.module.aci_sr_mpls_external_endpoint_group.var.subnets",
      "status": "pass",
      "objects": null
    },
    {
      "object_kind": "var",
      "config_addr": "module.aci.module.aci_sr_mpls_l3out_interface_profile_manual.var.dhcp_labels",
      "status": "pass",
      "objects": null
    },
    {
      "object_kind": "var",
      "config_addr": "module.aci.module.aci_storm_control_policy.var.burst_pps",
      "status": "pass",
      "objects": null
    },
    {
      "object_kind": "var",
      "config_addr": "module.aci.module.aci_bfd_interface_policy.var.tenant",
      "status": "pass",
      "objects": null
    },
    {
      "object_kind": "var",
      "config_addr": "module.aci.module.aci_ospf_timer_policy.var.spf_hold_interval",
      "status": "pass",
      "objects": null
    },
    {
      "object_kind": "var",
      "config_addr": "module.aci.module.aci_pim_policy.var.designated_router_priority",
      "status": "pass",
      "objects": null
    },
    {
      "object_kind": "var",
      "config_addr": "module.aci.module.aci_bgp_address_family_context_policy.var.ebgp_max_ecmp",
      "status": "pass",
      "objects": null
    },
    {
      "object_kind": "var",
      "config_addr": "module.aci.module.aci_port_channel_policy.var.min_links",
      "status": "pass",
      "objects": null
    },
    {
      "object_kind": "var",
      "config_addr": "module.aci.module.aci_aaa.var.default_realm",
      "status": "pass",
      "objects": null
    },
    {
      "object_kind": "var",
      "config_addr": "module.aci.module.aci_smart_licensing.var.mode",
      "status": "pass",
      "objects": null
    },
    {
      "object_kind": "var",
      "config_addr": "module.aci.module.aci_contract.var.name",
      "status": "pass",
      "objects": null
    },
    {
      "object_kind": "var",
      "config_addr": "module.aci.module.aci_sr_mpls_l3out.var.ospf_area_type",
      "status": "pass",
      "objects": null
    },
    {
      "object_kind": "var",
      "config_addr": "module.aci.module.aci_leaf_fabric_interface_configuration.var.node_id",
      "status": "pass",
      "objects": null
    },
    {
      "object_kind": "var",
      "config_addr": "module.aci.module.aci_igmp_snooping_policy.var.query_response_interval",
      "status": "pass",
      "objects": null
    },
    {
      "object_kind": "var",
      "config_addr": "module.aci.module.aci_bfd_multihop_node_policy.var.tenant",
      "status": "pass",
      "objects": null
    },
    {
      "object_kind": "var",
      "config_addr": "module.aci.module.aci_access_span_destination_group.var.dscp",
      "status": "pass",
      "objects": null
    },
    {
      "object_kind": "var",
      "config_addr": "module.aci.module.aci_l4l7_device.var.tenant",
      "status": "pass",
      "objects": null
    },
    {
      "object_kind": "var",
      "config_addr": "module.aci.module.aci_access_span_destination_group.var.channel",
      "status": "pass",
      "objects": null
    },
    {
      "object_kind": "var",
      "config_addr": "module.aci.module.aci_l3out_interface_profile_manual.var.eigrp_interface_profile_name",
      "status": "pass",
      "objects": null
    },
    {
      "object_kind": "var",
      "config_addr": "module.aci.module.aci_access_leaf_interface_policy_group.var.lldp_policy",
      "status": "pass",
      "objects": null
    },
    {
      "object_kind": "var",
      "config_addr": "module.aci.module.aci_radius.var.monitoring_username",
      "status": "pass",
      "objects": null
    },
    {
      "object_kind": "var",
      "config_addr": "module.aci.module.aci_l3out_interface_profile_manual.var.eigrp_keychain_policy",
      "status": "pass",
      "objects": null
    },
    {
      "object_kind": "var",
      "config_addr": "module.aci.module.aci_routed_domain.var.security_domains",
      "status": "pass",
      "objects": null
    },
    {
      "object_kind": "var",
      "config_addr": "module.aci.module.aci_device_selection_policy.var.consumer_custom_qos_policy",
      "status": "pass",
      "objects": null
    },
    {
      "object_kind": "var",
      "config_addr": "module.aci.module.aci_nd_interface_policy.var.reachable_time",
      "status": "pass",
      "objects": null
    },
    {
      "object_kind": "var",
      "config_addr": "module.aci.module.aci_netflow_exporter.var.dscp",
      "status": "pass",
      "objects": null
    },
    {
      "object_kind": "var",
      "config_addr": "module.aci.module.aci_macsec_parameters_policy.var.window_size",
      "status": "pass",
      "objects": null
    },
    {
      "object_kind": "var",
      "config_addr": "module.aci.module.aci_aaa.var.default_login_domain",
      "status": "pass",
      "objects": null
    },
    {
      "object_kind": "var",
      "config_addr": "module.aci.module.aci_multicast_route_map.var.tenant",
      "status": "pass",
      "objects": null
    },
    {
      "object_kind": "var",
      "config_addr": "module.aci.module.aci_remote_location.var.mgmt_epg_type",
      "status": "pass",
      "objects": null
    },
    {
      "object_kind": "var",
      "config_addr": "module.aci.module.aci_redirect_policy.var.tenant",
      "status": "pass",
      "objects": null
    },
    {
      "object_kind": "var",
      "config_addr": "module.aci.module.aci_l2_mtu_policy.var.port_mtu_size",
      "status": "pass",
      "objects": null
    },
    {
      "object_kind": "var",
      "config_addr": "module.aci.module.aci_aaa.var.login_max_failed_attempts_window",
      "status": "pass",
      "objects": null
    },
    {
      "object_kind": "var",
      "config_addr": "module.aci.module.aci_fabric_leaf_switch_profile_manual.var.name",
      "status": "pass",
      "objects": null
    },
    {
      "object_kind": "var",
      "config_addr": "module.aci.module.aci_remote_location.var.name",
      "status": "pass",
      "objects": null
    },
    {
      "object_kind": "var",
      "config_addr": "module.aci.module.aci_bfd_ipv4_policy.var.name",
      "status": "pass",
      "objects": null
    },
    {
      "object_kind": "var",
      "config_addr": "module.aci.module.aci_device_selection_policy.var.consumer_redirect_policy_tenant",
      "status": "pass",
      "objects": null
    },
    {
      "object_kind": "var",
      "config_addr": "module.aci.module.aci_access_span_filter_group.var.name",
      "status": "pass",
      "objects": null
    },
    {
      "object_kind": "var",
      "config_addr": "module.aci.module.aci_fabric_span_source_group.var.destination_name",
      "status": "pass",
      "objects": null
    },
    {
      "object_kind": "var",
      "config_addr": "module.aci.module.aci_igmp_interface_policy.var.name",
      "status": "pass",
      "objects": null
    },
    {
      "object_kind": "var",
      "config_addr": "module.aci.module.aci_fabric_spine_switch_profile_manual.var.interface_profiles",
      "status": "pass",
      "objects": null
    },
    {
      "object_kind": "var",
      "config_addr": "module.aci.module.aci_useg_endpoint_group.var.contract_intra_epgs",
      "status": "pass",
      "objects": null
    },
    {
      "object_kind": "var",
      "config_addr": "module.aci.module.aci_access_spine_switch_profile_auto.var.name",
      "status": "pass",
      "objects": null
    },
    {
      "object_kind": "var",
      "config_addr": "module.aci.module.aci_bgp_peer_prefix_policy.var.name",
      "status": "pass",
      "objects": null
    },
    {
      "object_kind": "var",
      "config_addr": "module.aci.module.aci_vmware_vmm_domain.var.security_domains",
      "status": "pass",
      "objects": null
    },
    {
      "object_kind": "var",
      "config_addr": "module.aci.module.aci_sr_mpls_external_endpoint_group.var.description",
      "status": "pass",
      "objects": null
    },
    {
      "object_kind": "var",
      "config_addr": "module.aci.module.aci_interface_type.var.pod_id",
      "status": "pass",
      "objects": null
    },
    {
      "object_kind": "var",
      "config_addr": "module.aci.module.aci_sr_mpls_l3out.var.export_route_map_contexts",
      "status": "pass",
      "objects": null
    },
    {
      "object_kind": "var",
      "config_addr": "module.aci.module.aci_endpoint_group.var.physical_domains",
      "status": "pass",
      "objects": null
    },
    {
      "object_kind": "var",
      "config_addr": "module.aci.module.aci_endpoint_group.var.contract_consumers",
      "status": "pass",
      "objects": null
    },
    {
      "object_kind": "var",
      "config_addr": "module.aci.module.aci_sr_mpls_l3out_interface_profile_manual.var.pim_policy",
      "status": "pass",
      "objects": null
    },
    {
      "object_kind": "var",
      "config_addr": "module.aci.module.aci_bgp_address_family_context_policy.var.name",
      "status": "pass",
      "objects": null
    },
    {
      "object_kind": "var",
      "config_addr": "module.aci.module.aci_bfd_ipv6_policy.var.min_rx_interval",
      "status": "pass",
      "objects": null
    },
    {
      "object_kind": "var",
      "config_addr": "module.aci.module.aci_pim_policy.var.designated_router_delay",
      "status": "pass",
      "objects": null
    },
    {
      "object_kind": "var",
      "config_addr": "module.aci.module.aci_link_level_policy.var.name",
      "status": "pass",
      "objects": null
    },
    {
      "object_kind": "var",
      "config_addr": "module.aci.module.aci_imported_l4l7_device.var.tenant",
      "status": "pass",
      "objects": null
    },
    {
      "object_kind": "var",
      "config_addr": "module.aci.module.aci_filter.var.entries",
      "status": "pass",
      "objects": null
    },
    {
      "object_kind": "var",
      "config_addr": "module.aci.module.aci_management_access_policy.var.http_port",
      "status": "pass",
      "objects": null
    },
    {
      "object_kind": "var",
      "config_addr": "module.aci.module.aci_track_list.var.description",
      "status": "pass",
      "objects": null
    },
    {
      "object_kind": "var",
      "config_addr": "module.aci.module.aci_inband_endpoint_group.var.contract_imported_consumers",
      "status": "pass",
      "objects": null
    },
    {
      "object_kind": "var",
      "config_addr": "module.aci.module.aci_vpc_group.var.mode",
      "status": "pass",
      "objects": [
        {
          "object_addr": "module.aci.module.aci_vpc_group[0].var.mode",
          "status": "pass"
        }
      ]
    },
    {
      "object_kind": "var",
      "config_addr": "module.aci.module.aci_access_span_destination_group.var.sub_port",
      "status": "pass",
      "objects": null
    },
    {
      "object_kind": "var",
      "config_addr": "module.aci.module.aci_l2_policy.var.qinq",
      "status": "pass",
      "objects": null
    },
    {
      "object_kind": "var",
      "config_addr": "module.aci.module.aci_sr_mpls_l3out.var.eigrp_asn",
      "status": "pass",
      "objects": null
    },
    {
      "object_kind": "var",
      "config_addr": "module.aci.module.aci_track_member.var.tenant",
      "status": "pass",
      "objects": null
    },
    {
      "object_kind": "var",
      "config_addr": "module.aci.module.aci_access_spine_switch_policy_group.var.lldp_policy",
      "status": "pass",
      "objects": null
    },
    {
      "object_kind": "var",
      "config_addr": "module.aci.module.aci_endpoint_group.var.name",
      "status": "pass",
      "objects": null
    },
    {
      "object_kind": "var",
      "config_addr": "module.aci.module.aci_access_leaf_interface_selector_sub_auto.var.fex_id",
      "status": "pass",
      "objects": null
    },
    {
      "object_kind": "var",
      "config_addr": "module.aci.module.aci_access_leaf_interface_selector_auto.var.policy_group_type",
      "status": "pass",
      "objects": null
    },
    {
      "object_kind": "var",
      "config_addr": "module.aci.module.aci_nd_ra_prefix_policy.var.tenant",
      "status": "pass",
      "objects": null
    },
    {
      "object_kind": "var",
      "config_addr": "module.aci.module.aci_igmp_interface_policy.var.state_limit_multicast_route_map",
      "status": "pass",
      "objects": null
    },
    {
      "object_kind": "var",
      "config_addr": "module.aci.module.aci_fabric_scheduler.var.recurring_windows",
      "status": "pass",
      "objects": null
    },
    {
      "object_kind": "var",
      "config_addr": "module.aci.module.aci_endpoint_group.var.qos_class",
      "status": "pass",
      "objects": null
    },
    {
      "object_kind": "var",
      "config_addr": "module.aci.module.aci_inband_endpoint_group.var.vlan",
      "status": "pass",
      "objects": null
    },
    {
      "object_kind": "var",
      "config_addr": "module.aci.module.aci_device_selection_policy.var.provider_custom_qos_policy",
      "status": "pass",
      "objects": null
    },
    {
      "object_kind": "var",
      "config_addr": "module.aci.module.aci_access_leaf_switch_policy_group.var.forwarding_scale_policy",
      "status": "pass",
      "objects": null
    },
    {
      "object_kind": "var",
      "config_addr": "module.aci.module.aci_nd_ra_prefix_policy.var.valid_lifetime",
      "status": "pass",
      "objects": null
    },
    {
      "object_kind": "var",
      "config_addr": "module.aci.module.aci_fabric_leaf_switch_profile_auto.var.interface_profiles",
      "status": "pass",
      "objects": null
    },
    {
      "object_kind": "var",
      "config_addr": "module.aci.module.aci_route_tag_policy.var.description",
      "status": "pass",
      "objects": null
    },
    {
      "object_kind": "var",
      "config_addr": "module.aci.module.aci_bgp_policy.var.fabric_bgp_rr",
      "status": "pass",
      "objects": null
    },
    {
      "object_kind": "var",
      "config_addr": "module.aci.module.aci_ip_sla_policy.var.tenant",
      "status": "pass",
      "objects": null
    },
    {
      "object_kind": "var",
      "config_addr": "module.aci.module.aci_nd_ra_prefix_policy.var.name",
      "status": "pass",
      "objects": null
    },
    {
      "object_kind": "var",
      "config_addr": "module.aci.module.aci_device_selection_policy.var.provider_service_epg_policy_tenant",
      "status": "pass",
      "objects": null
    },
    {
      "object_kind": "var",
      "config_addr": "module.aci.module.aci_pim_policy.var.neighbor_filter_policy",
      "status": "pass",
      "objects": null
    },
    {
      "object_kind": "var",
      "config_addr": "module.aci.module.aci_snmp_policy.var.trap_forwarders",
      "status": "pass",
      "objects": null
    },
    {
      "object_kind": "var",
      "config_addr": "module.aci.module.aci_inband_node_address.var.node_id",
      "status": "pass",
      "objects": null
    },
    {
      "object_kind": "var",
      "config_addr": "module.aci.module.aci_sr_mpls_external_endpoint_group.var.contract_providers",
      "status": "pass",
      "objects": null
    },
    {
      "object_kind": "var",
      "config_addr": "module.aci.module.aci_infra_dhcp_relay_policy.var.providers_",
      "status": "pass",
      "objects": null
    },
    {
      "object_kind": "var",
      "config_addr": "module.aci.module.aci_date_time_policy.var.name",
      "status": "pass",
      "objects": null
    },
    {
      "object_kind": "var",
      "config_addr": "module.aci.module.aci_vmware_vmm_domain.var.vcenters",
      "status": "pass",
      "objects": null
    },
    {
      "object_kind": "var",
      "config_addr": "module.aci.module.aci_l3out_interface_profile_auto.var.ospf_authentication_type",
      "status": "pass",
      "objects": null
    },
    {
      "object_kind": "var",
      "config_addr": "module.aci.module.aci_l3out.var.name",
      "status": "pass",
      "objects": null
    },
    {
      "object_kind": "var",
      "config_addr": "module.aci.module.aci_fabric_span_destination_group.var.tenant",
      "status": "pass",
      "objects": null
    },
    {
      "object_kind": "var",
      "config_addr": "module.aci.module.aci_bgp_policy.var.fabric_bgp_as",
      "status": "pass",
      "objects": null
    },
    {
      "object_kind": "var",
      "config_addr": "module.aci.module.aci_aaa.var.web_token_max_validity",
      "status": "pass",
      "objects": null
    },
    {
      "object_kind": "var",
      "config_addr": "module.aci.module.aci_access_fex_interface_selector_manual.var.policy_group_type",
      "status": "pass",
      "objects": null
    },
    {
      "object_kind": "var",
      "config_addr": "module.aci.module.aci_tenant_span_source_group.var.sources",
      "status": "pass",
      "objects": null
    },
    {
      "object_kind": "var",
      "config_addr": "module.aci.module.aci_access_leaf_interface_selector_manual.var.policy_group",
      "status": "pass",
      "objects": null
    },
    {
      "object_kind": "var",
      "config_addr": "module.aci.module.aci_access_spine_switch_policy_group.var.name",
      "status": "pass",
      "objects": null
    },
    {
      "object_kind": "var",
      "config_addr": "module.aci.module.aci_useg_endpoint_group.var.contract_providers",
      "status": "pass",
      "objects": null
    },
    {
      "object_kind": "var",
      "config_addr": "module.aci.module.aci_access_leaf_interface_policy_group.var.l2_policy",
      "status": "pass",
      "objects": null
    },
    {
      "object_kind": "var",
      "config_addr": "module.aci.module.aci_l3out_node_profile_auto.var.nodes",
      "status": "pass",
      "objects": null
    },
    {
      "object_kind": "var",
      "config_addr": "module.aci.module.aci_imported_contract.var.source_tenant",
      "status": "pass",
      "objects": null
    },
    {
      "object_kind": "var",
      "config_addr": "module.aci.module.aci_access_leaf_interface_selector_auto.var.interface_profile",
      "status": "pass",
      "objects": null
    },
    {
      "object_kind": "var",
      "config_addr": "module.aci.module.aci_bfd_ipv6_policy.var.description",
      "status": "pass",
      "objects": null
    },
    {
      "object_kind": "var",
      "config_addr": "module.aci.module.aci_l3out_interface_profile_manual.var.dhcp_labels",
      "status": "pass",
      "objects": null
    },
    {
      "object_kind": "var",
      "config_addr": "module.aci.module.aci_leaf_fabric_interface_configuration.var.policy_group",
      "status": "pass",
      "objects": null
    },
    {
      "object_kind": "var",
      "config_addr": "module.aci.module.aci_redirect_backup_policy.var.name",
      "status": "pass",
      "objects": null
    },
    {
      "object_kind": "var",
      "config_addr": "module.aci.module.aci_set_rule.var.external_endpoint_group_tenant",
      "status": "pass",
      "objects": null
    },
    {
      "object_kind": "var",
      "config_addr": "module.aci.module.aci_ospf_timer_policy.var.max_ecmp",
      "status": "pass",
      "objects": null
    },
    {
      "object_kind": "var",
      "config_addr": "module.aci.module.aci_access_spine_interface_policy_group.var.name",
      "status": "pass",
      "objects": null
    },
    {
      "object_kind": "var",
      "config_addr": "module.aci.module.aci_sr_mpls_l3out.var.default_route_leak_policy_criteria",
      "status": "pass",
      "objects": null
    },
    {
      "object_kind": "var",
      "config_addr": "module.aci.module.aci_spine_fabric_interface_configuration.var.sub_port",
      "status": "pass",
      "objects": null
    },
    {
      "object_kind": "var",
      "config_addr": "module.aci.module.aci_access_leaf_interface_policy_group.var.aaep",
      "status": "pass",
      "objects": null
    },
    {
      "object_kind": "var",
      "config_addr": "module.aci.module.aci_qos_policy.var.description",
      "status": "pass",
      "objects": null
    },
    {
      "object_kind": "var",
      "config_addr": "module.aci.module.aci_access_spine_interface_selector_auto.var.port_blocks",
      "status": "pass",
      "objects": null
    },
    {
      "object_kind": "var",
      "config_addr": "module.aci.module.aci_infra_dhcp_relay_policy.var.tenant",
      "status": "pass",
      "objects": null
    },
    {
      "object_kind": "var",
      "config_addr": "module.aci.module.aci_netflow_exporter.var.endpoint_group",
      "status": "pass",
      "objects": null
    },
    {
      "object_kind": "var",
      "config_addr": "module.aci.module.aci_endpoint_loop_protection.var.detection_multiplier",
      "status": "pass",
      "objects": null
    },
    {
      "object_kind": "var",
      "config_addr": "module.aci.module.aci_access_spine_interface_policy_group.var.link_level_policy",
      "status": "pass",
      "objects": null
    },
    {
      "object_kind": "var",
      "config_addr": "module.aci.module.aci_leaf_interface_configuration.var.node_id",
      "status": "pass",
      "objects": null
    },
    {
      "object_kind": "var",
      "config_addr": "module.aci.module.aci_bgp_timer_policy.var.keepalive_interval",
      "status": "pass",
      "objects": null
    },
    {
      "object_kind": "var",
      "config_addr": "module.aci.module.aci_ca_certificate.var.certificate_chain",
      "status": "pass",
      "objects": null
    },
    {
      "object_kind": "var",
      "config_addr": "module.aci.module.aci_redirect_policy.var.l3_destinations",
      "status": "pass",
      "objects": null
    },
    {
      "object_kind": "var",
      "config_addr": "module.aci.module.aci_access_leaf_interface_selector_auto.var.name",
      "status": "pass",
      "objects": null
    },
    {
      "object_kind": "var",
      "config_addr": "module.aci.module.aci_physical_domain.var.security_domains",
      "status": "pass",
      "objects": null
    },
    {
      "object_kind": "var",
      "config_addr": "module.aci.module.aci_vspan_destination_group.var.destinations",
      "status": "pass",
      "objects": null
    },
    {
      "object_kind": "var",
      "config_addr": "module.aci.module.aci_access_spine_interface_selector_auto.var.policy_group",
      "status": "pass",
      "objects": null
    },
    {
      "object_kind": "var",
      "config_addr": "module.aci.module.aci_tenant.var.name",
      "status": "pass",
      "objects": null
    },
    {
      "object_kind": "var",
      "config_addr": "module.aci.module.aci_ospf_interface_policy.var.name",
      "status": "pass",
      "objects": null
    },
    {
      "object_kind": "var",
      "config_addr": "module.aci.module.aci_access_leaf_switch_profile_auto.var.interface_profiles",
      "status": "pass",
      "objects": null
    },
    {
      "object_kind": "var",
      "config_addr": "module.aci.module.aci_tenant_span_destination_group.var.description",
      "status": "pass",
      "objects": null
    },
    {
      "object_kind": "var",
      "config_addr": "module.aci.module.aci_storm_control_policy.var.unknown_unicast_burst_pps",
      "status": "pass",
      "objects": null
    },
    {
      "object_kind": "var",
      "config_addr": "module.aci.module.aci_access_spine_switch_policy_group.var.bfd_ipv6_policy",
      "status": "pass",
      "objects": null
    },
    {
      "object_kind": "var",
      "config_addr": "module.aci.module.aci_sr_mpls_external_endpoint_group.var.contract_imported_consumers",
      "status": "pass",
      "objects": null
    },
    {
      "object_kind": "var",
      "config_addr": "module.aci.module.aci_external_connectivity_policy.var.fabric_id",
      "status": "pass",
      "objects": null
    },
    {
      "object_kind": "var",
      "config_addr": "module.aci.module.aci_inband_endpoint_group.var.static_routes",
      "status": "pass",
      "objects": null
    },
    {
      "object_kind": "var",
      "config_addr": "module.aci.module.aci_system_performance.var.top_slowest_requests",
      "status": "pass",
      "objects": null
    },
    {
      "object_kind": "var",
      "config_addr": "module.aci.module.aci_vmware_vmm_domain.var.vswitch_cdp_policy",
      "status": "pass",
      "objects": null
    },
    {
      "object_kind": "var",
      "config_addr": "module.aci.module.aci_l3out.var.routed_domain",
      "status": "pass",
      "objects": null
    },
    {
      "object_kind": "var",
      "config_addr": "module.aci.module.aci_endpoint_group.var.static_endpoints",
      "status": "pass",
      "objects": null
    },
    {
      "object_kind": "var",
      "config_addr": "module.aci.module.aci_netflow_monitor.var.flow_record",
      "status": "pass",
      "objects": null
    },
    {
      "object_kind": "var",
      "config_addr": "module.aci.module.aci_radius.var.description",
      "status": "pass",
      "objects": null
    },
    {
      "object_kind": "var",
      "config_addr": "module.aci.module.aci_fabric_leaf_interface_profile_manual.var.name",
      "status": "pass",
      "objects": null
    },
    {
      "object_kind": "var",
      "config_addr": "module.aci.module.aci_netflow_exporter.var.tenant",
      "status": "pass",
      "objects": null
    },
    {
      "object_kind": "var",
      "config_addr": "module.aci.module.aci_l3out_interface_profile_auto.var.eigrp_interface_profile_name",
      "status": "pass",
      "objects": null
    },
    {
      "object_kind": "var",
      "config_addr": "module.aci.module.aci_useg_endpoint_group.var.subnets",
      "status": "pass",
      "objects": null
    },
    {
      "object_kind": "var",
      "config_addr": "module.aci.module.aci_remote_location.var.username",
      "status": "pass",
      "objects": null
    },
    {
      "object_kind": "var",
      "config_addr": "module.aci.module.aci_vrf.var.ospf_ipv4_address_family_context_policy",
      "status": "pass",
      "objects": null
    },
    {
      "object_kind": "var",
      "config_addr": "module.aci.module.aci_snmp_policy.var.name",
      "status": "pass",
      "objects": null
    },
    {
      "object_kind": "var",
      "config_addr": "module.aci.module.aci_service_graph_template.var.tenant",
      "status": "pass",
      "objects": null
    },
    {
      "object_kind": "var",
      "config_addr": "module.aci.module.aci_redirect_health_group.var.name",
      "status": "pass",
      "objects": null
    },
    {
      "object_kind": "var",
      "config_addr": "module.aci.module.aci_nd_interface_policy.var.route_advertise_interval",
      "status": "pass",
      "objects": null
    },
    {
      "object_kind": "var",
      "config_addr": "module.aci.module.aci_fabric_leaf_switch_policy_group.var.psu_policy",
      "status": "pass",
      "objects": null
    },
    {
      "object_kind": "var",
      "config_addr": "module.aci.module.aci_match_rule.var.description",
      "status": "pass",
      "objects": null
    },
    {
      "object_kind": "var",
      "config_addr": "module.aci.module.aci_leaf_interface_configuration_sub.var.port_channel_member_policy",
      "status": "pass",
      "objects": null
    },
    {
      "object_kind": "var",
      "config_addr": "module.aci.module.aci_macsec_interfaces_policy.var.macsec_parameters_policy",
      "status": "pass",
      "objects": null
    },
    {
      "object_kind": "var",
      "config_addr": "module.aci.module.aci_aaa.var.password_history_count",
      "status": "pass",
      "objects": null
    },
    {
      "object_kind": "var",
      "config_addr": "module.aci.module.aci_access_fex_interface_selector_auto.var.policy_group",
      "status": "pass",
      "objects": null
    },
    {
      "object_kind": "var",
      "config_addr": "module.aci.module.aci_user.var.email",
      "status": "pass",
      "objects": null
    },
    {
      "object_kind": "var",
      "config_addr": "module.aci.module.aci_device_selection_policy.var.consumer_external_endpoint_group",
      "status": "pass",
      "objects": null
    },
    {
      "object_kind": "var",
      "config_addr": "module.aci.module.aci_igmp_snooping_policy.var.name",
      "status": "pass",
      "objects": null
    },
    {
      "object_kind": "var",
      "config_addr": "module.aci.module.aci_geolocation.var.name",
      "status": "pass",
      "objects": null
    },
    {
      "object_kind": "var",
      "config_addr": "module.aci.module.aci_node_registration.var.role",
      "status": "pass",
      "objects": null
    },
    {
      "object_kind": "var",
      "config_addr": "module.aci.module.aci_set_rule.var.tag",
      "status": "pass",
      "objects": null
    },
    {
      "object_kind": "var",
      "config_addr": "module.aci.module.aci_leaf_fabric_interface_configuration_sub.var.node_id",
      "status": "pass",
      "objects": null
    },
    {
      "object_kind": "var",
      "config_addr": "module.aci.module.aci_ospf_timer_policy.var.lsa_max_interval",
      "status": "pass",
      "objects": null
    },
    {
      "object_kind": "var",
      "config_addr": "module.aci.module.aci_contract.var.target_dscp",
      "status": "pass",
      "objects": null
    }
  ]
}
